
Microsoft Visual Studio Solution File, Format Version 12.00
# Visual Studio 2013
VisualStudioVersion = 12.0.21005.1
MinimumVisualStudioVersion = 10.0.40219.1
Project("{FAE04EC0-301F-11D3-BF4B-00C04F79EFBC}") = "Spring.Mvc3QuickStart", "src\Spring.Mvc3QuickStart\Spring.Mvc3QuickStart.csproj", "{3A6A11EA-2924-41B7-9C3F-5045485D1346}"
EndProject
Global
	GlobalSection(SolutionConfigurationPlatforms) = preSolution
		Debug|Any CPU = Debug|Any CPU
		Release|Any CPU = Release|Any CPU
	EndGlobalSection
	GlobalSection(ProjectConfigurationPlatforms) = postSolution
		{3A6A11EA-2924-41B7-9C3F-5045485D1346}.Debug|Any CPU.ActiveCfg = Debug|Any CPU
		{3A6A11EA-2924-41B7-9C3F-5045485D1346}.Debug|Any CPU.Build.0 = Debug|Any CPU
		{3A6A11EA-2924-41B7-9C3F-5045485D1346}.Release|Any CPU.ActiveCfg = Release|Any CPU
		{3A6A11EA-2924-41B7-9C3F-5045485D1346}.Release|Any CPU.Build.0 = Release|Any CPU
	EndGlobalSection
	GlobalSection(SolutionProperties) = preSolution
		HideSolutionNode = FALSE
	EndGlobalSection
EndGlobal
