Microsoft Visual Studio Solution File, Format Version 11.00
# Visual Studio 2010
Project("{FAE04EC0-301F-11D3-BF4B-00C04F79EFBC}") = "Spring.IocQuickStart.EventRegistry.2010", "src\Spring.IocQuickStart.EventRegistry.csproj", "{0D35F19E-308E-4A0B-88B1-7E7C2D665053}"
EndProject
Global
	GlobalSection(SolutionConfigurationPlatforms) = preSolution
		Debug|Any CPU = Debug|Any CPU
		Release|Any CPU = Release|Any CPU
	EndGlobalSection
	GlobalSection(ProjectConfigurationPlatforms) = postSolution
		{0D35F19E-308E-4A0B-88B1-7E7C2D665053}.Debug|Any CPU.ActiveCfg = Debug|Any CPU
		{0D35F19E-308E-4A0B-88B1-7E7C2D665053}.Debug|Any CPU.Build.0 = Debug|Any CPU
		{0D35F19E-308E-4A0B-88B1-7E7C2D665053}.Release|Any CPU.ActiveCfg = Release|Any CPU
		{0D35F19E-308E-4A0B-88B1-7E7C2D665053}.Release|Any CPU.Build.0 = Release|Any CPU
	EndGlobalSection
	GlobalSection(SolutionProperties) = preSolution
		HideSolutionNode = FALSE
	EndGlobalSection
EndGlobal
