Microsoft Visual Studio Solution File, Format Version 8.00
Project("{FAE04EC0-301F-11D3-BF4B-00C04F79EFBC}") = "Spring.Core.2003", "src\Spring\Spring.Core\Spring.Core.2003.csproj", "{710961A3-0DF4-49E4-A26E-F5B9C044AC84}"
	ProjectSection(ProjectDependencies) = postProject
	EndProjectSection
EndProject
Project("{FAE04EC0-301F-11D3-BF4B-00C04F79EFBC}") = "Spring.Core.Tests.2003", "test\Spring\Spring.Core.Tests\Spring.Core.Tests.2003.csproj", "{44B16BAA-6DF8-447C-9D7F-3AD3D854D904}"
	ProjectSection(ProjectDependencies) = postProject
	EndProjectSection
EndProject
Project("{FAE04EC0-301F-11D3-BF4B-00C04F79EFBC}") = "Spring.Aop.2003", "src\Spring\Spring.Aop\Spring.Aop.2003.csproj", "{3A3A4E65-45A6-4B20-B460-0BEDC302C02C}"
	ProjectSection(ProjectDependencies) = postProject
	EndProjectSection
EndProject
Project("{FAE04EC0-301F-11D3-BF4B-00C04F79EFBC}") = "Spring.Aop.Tests.2003", "test\Spring\Spring.Aop.Tests\Spring.Aop.Tests.2003.csproj", "{2111596A-0327-4C9D-8919-294FBD988A23}"
	ProjectSection(ProjectDependencies) = postProject
	EndProjectSection
EndProject
Project("{FAE04EC0-301F-11D3-BF4B-00C04F79EFBC}") = "Spring.Web.2003", "src\Spring\Spring.Web\Spring.Web.2003.csproj", "{BA4789EB-281A-48EA-8763-28B9F0596A18}"
	ProjectSection(ProjectDependencies) = postProject
	EndProjectSection
EndProject
Project("{FAE04EC0-301F-11D3-BF4B-00C04F79EFBC}") = "Spring.Web.Tests.2003", "test\Spring\Spring.Web.Tests\Spring.Web.Tests.2003.csproj", "{EB2587B7-8B26-4FBC-852A-4128D5CACAFC}"
	ProjectSection(ProjectDependencies) = postProject
	EndProjectSection
EndProject
Project("{FAE04EC0-301F-11D3-BF4B-00C04F79EFBC}") = "Spring.Services.2003", "src\Spring\Spring.Services\Spring.Services.2003.csproj", "{B58E34CF-6E70-481D-AC87-1BC2D13C21FB}"
	ProjectSection(ProjectDependencies) = postProject
	EndProjectSection
EndProject
Project("{FAE04EC0-301F-11D3-BF4B-00C04F79EFBC}") = "Spring.Services.Tests.2003", "test\Spring\Spring.Services.Tests\Spring.Services.Tests.2003.csproj", "{EB2687B7-8B26-4FBC-852A-4128D5CACAFC}"
	ProjectSection(ProjectDependencies) = postProject
	EndProjectSection
EndProject
Project("{FAE04EC0-301F-11D3-BF4B-00C04F79EFBC}") = "Spring.Data.2003", "src\Spring\Spring.Data\Spring.Data.2003.csproj", "{E10A3BED-795F-41CB-A4A8-8C4B342ACDDF}"
	ProjectSection(ProjectDependencies) = postProject
	EndProjectSection
EndProject
Project("{FAE04EC0-301F-11D3-BF4B-00C04F79EFBC}") = "Spring.Data.Tests.2003", "test\Spring\Spring.Data.Tests\Spring.Data.Tests.2003.csproj", "{C5585365-561C-4EC4-8956-87FFBD9AB1CD}"
	ProjectSection(ProjectDependencies) = postProject
	EndProjectSection
EndProject
Project("{FAE04EC0-301F-11D3-BF4B-00C04F79EFBC}") = "Spring.Data.Integration.Tests.2003", "test\Spring\Spring.Data.Integration.Tests\Spring.Data.Integration.Tests.2003.csproj", "{A9D3732A-D40B-4C35-80CE-9C4A53D2DEAD}"
	ProjectSection(ProjectDependencies) = postProject
	EndProjectSection
EndProject
Project("{FAE04EC0-301F-11D3-BF4B-00C04F79EFBC}") = "Spring.Testing.NUnit.2003", "src\Spring\Spring.Testing.NUnit\Spring.Testing.NUnit.2003.csproj", "{6B8639E3-88BB-4F7B-9F23-699E84C30D58}"
	ProjectSection(ProjectDependencies) = postProject
	EndProjectSection
EndProject
Project("{FAE04EC0-301F-11D3-BF4B-00C04F79EFBC}") = "Spring.Data.NHibernate.Tests.2003", "test\Spring\Spring.Data.NHibernate.Tests\Spring.Data.NHibernate.Tests.2003.csproj", "{8755D942-7828-4971-835B-37A5992C06C9}"
	ProjectSection(ProjectDependencies) = postProject
	EndProjectSection
EndProject
Project("{FAE04EC0-301F-11D3-BF4B-00C04F79EFBC}") = "Spring.Testing.NUnit.Tests.2003", "test\Spring\Spring.Testing.NUnit.Tests\Spring.Testing.NUnit.Tests.2003.csproj", "{E2689B4A-A951-420E-A274-BE5EBCD5F8D8}"
	ProjectSection(ProjectDependencies) = postProject
	EndProjectSection
EndProject
Project("{FAE04EC0-301F-11D3-BF4B-00C04F79EFBC}") = "Spring.Data.NHibernate12.2003", "src\Spring\Spring.Data.NHibernate12\Spring.Data.NHibernate12.2003.csproj", "{2E12AE3E-5690-46A5-9F89-80F1D3004ADB}"
	ProjectSection(ProjectDependencies) = postProject
	EndProjectSection
EndProject
Project("{FAE04EC0-301F-11D3-BF4B-00C04F79EFBC}") = "Spring.Scheduling.Quartz.2003", "src\Spring\Spring.Scheduling.Quartz\Spring.Scheduling.Quartz.2003.csproj", "{0C0D8C65-90DE-4914-9940-4C684C54971B}"
	ProjectSection(ProjectDependencies) = postProject
	EndProjectSection
EndProject
Global
	GlobalSection(VisualSVN) = preSolution
	EndGlobalSection
	GlobalSection(SolutionConfiguration) = preSolution
		Debug-1.1 = Debug-1.1
		Release-1.1 = Release-1.1
	EndGlobalSection
	GlobalSection(ProjectDependencies) = postSolution
	EndGlobalSection
	GlobalSection(ProjectConfiguration) = postSolution
		{710961A3-0DF4-49E4-A26E-F5B9C044AC84}.Debug-1.1.ActiveCfg = Debug-1.1|.NET
		{710961A3-0DF4-49E4-A26E-F5B9C044AC84}.Debug-1.1.Build.0 = Debug-1.1|.NET
		{710961A3-0DF4-49E4-A26E-F5B9C044AC84}.Release-1.1.ActiveCfg = Release-1.1|.NET
		{710961A3-0DF4-49E4-A26E-F5B9C044AC84}.Release-1.1.Build.0 = Release-1.1|.NET
		{44B16BAA-6DF8-447C-9D7F-3AD3D854D904}.Debug-1.1.ActiveCfg = Debug-1.1|.NET
		{44B16BAA-6DF8-447C-9D7F-3AD3D854D904}.Debug-1.1.Build.0 = Debug-1.1|.NET
		{44B16BAA-6DF8-447C-9D7F-3AD3D854D904}.Release-1.1.ActiveCfg = Release-1.1|.NET
		{44B16BAA-6DF8-447C-9D7F-3AD3D854D904}.Release-1.1.Build.0 = Release-1.1|.NET
		{3A3A4E65-45A6-4B20-B460-0BEDC302C02C}.Debug-1.1.ActiveCfg = Debug-1.1|.NET
		{3A3A4E65-45A6-4B20-B460-0BEDC302C02C}.Debug-1.1.Build.0 = Debug-1.1|.NET
		{3A3A4E65-45A6-4B20-B460-0BEDC302C02C}.Release-1.1.ActiveCfg = Release-1.1|.NET
		{3A3A4E65-45A6-4B20-B460-0BEDC302C02C}.Release-1.1.Build.0 = Release-1.1|.NET
		{2111596A-0327-4C9D-8919-294FBD988A23}.Debug-1.1.ActiveCfg = Debug-1.1|.NET
		{2111596A-0327-4C9D-8919-294FBD988A23}.Debug-1.1.Build.0 = Debug-1.1|.NET
		{2111596A-0327-4C9D-8919-294FBD988A23}.Release-1.1.ActiveCfg = Release-1.1|.NET
		{2111596A-0327-4C9D-8919-294FBD988A23}.Release-1.1.Build.0 = Release-1.1|.NET
		{BA4789EB-281A-48EA-8763-28B9F0596A18}.Debug-1.1.ActiveCfg = Debug-1.1|.NET
		{BA4789EB-281A-48EA-8763-28B9F0596A18}.Debug-1.1.Build.0 = Debug-1.1|.NET
		{BA4789EB-281A-48EA-8763-28B9F0596A18}.Release-1.1.ActiveCfg = Release-1.1|.NET
		{BA4789EB-281A-48EA-8763-28B9F0596A18}.Release-1.1.Build.0 = Release-1.1|.NET
		{EB2587B7-8B26-4FBC-852A-4128D5CACAFC}.Debug-1.1.ActiveCfg = Debug-1.1|.NET
		{EB2587B7-8B26-4FBC-852A-4128D5CACAFC}.Debug-1.1.Build.0 = Debug-1.1|.NET
		{EB2587B7-8B26-4FBC-852A-4128D5CACAFC}.Release-1.1.ActiveCfg = Release-1.1|.NET
		{EB2587B7-8B26-4FBC-852A-4128D5CACAFC}.Release-1.1.Build.0 = Release-1.1|.NET
		{B58E34CF-6E70-481D-AC87-1BC2D13C21FB}.Debug-1.1.ActiveCfg = Debug-1.1|.NET
		{B58E34CF-6E70-481D-AC87-1BC2D13C21FB}.Debug-1.1.Build.0 = Debug-1.1|.NET
		{B58E34CF-6E70-481D-AC87-1BC2D13C21FB}.Release-1.1.ActiveCfg = Release-1.1|.NET
		{B58E34CF-6E70-481D-AC87-1BC2D13C21FB}.Release-1.1.Build.0 = Release-1.1|.NET
		{EB2687B7-8B26-4FBC-852A-4128D5CACAFC}.Debug-1.1.ActiveCfg = Debug-1.1|.NET
		{EB2687B7-8B26-4FBC-852A-4128D5CACAFC}.Debug-1.1.Build.0 = Debug-1.1|.NET
		{EB2687B7-8B26-4FBC-852A-4128D5CACAFC}.Release-1.1.ActiveCfg = Release-1.1|.NET
		{EB2687B7-8B26-4FBC-852A-4128D5CACAFC}.Release-1.1.Build.0 = Release-1.1|.NET
		{E10A3BED-795F-41CB-A4A8-8C4B342ACDDF}.Debug-1.1.ActiveCfg = Debug-1.1|.NET
		{E10A3BED-795F-41CB-A4A8-8C4B342ACDDF}.Debug-1.1.Build.0 = Debug-1.1|.NET
		{E10A3BED-795F-41CB-A4A8-8C4B342ACDDF}.Release-1.1.ActiveCfg = Release-1.1|.NET
		{E10A3BED-795F-41CB-A4A8-8C4B342ACDDF}.Release-1.1.Build.0 = Release-1.1|.NET
		{C5585365-561C-4EC4-8956-87FFBD9AB1CD}.Debug-1.1.ActiveCfg = Debug-1.1|.NET
		{C5585365-561C-4EC4-8956-87FFBD9AB1CD}.Debug-1.1.Build.0 = Debug-1.1|.NET
		{C5585365-561C-4EC4-8956-87FFBD9AB1CD}.Release-1.1.ActiveCfg = Release-1.1|.NET
		{C5585365-561C-4EC4-8956-87FFBD9AB1CD}.Release-1.1.Build.0 = Release-1.1|.NET
		{A9D3732A-D40B-4C35-80CE-9C4A53D2DEAD}.Debug-1.1.ActiveCfg = Debug-1.1|.NET
		{A9D3732A-D40B-4C35-80CE-9C4A53D2DEAD}.Debug-1.1.Build.0 = Debug-1.1|.NET
		{A9D3732A-D40B-4C35-80CE-9C4A53D2DEAD}.Release-1.1.ActiveCfg = Release-1.1|.NET
		{A9D3732A-D40B-4C35-80CE-9C4A53D2DEAD}.Release-1.1.Build.0 = Release-1.1|.NET
		{6B8639E3-88BB-4F7B-9F23-699E84C30D58}.Debug-1.1.ActiveCfg = Debug-1.1|.NET
		{6B8639E3-88BB-4F7B-9F23-699E84C30D58}.Debug-1.1.Build.0 = Debug-1.1|.NET
		{6B8639E3-88BB-4F7B-9F23-699E84C30D58}.Release-1.1.ActiveCfg = Release-1.1|.NET
		{6B8639E3-88BB-4F7B-9F23-699E84C30D58}.Release-1.1.Build.0 = Release-1.1|.NET
		{8755D942-7828-4971-835B-37A5992C06C9}.Debug-1.1.ActiveCfg = Debug-1.1|.NET
		{8755D942-7828-4971-835B-37A5992C06C9}.Debug-1.1.Build.0 = Debug-1.1|.NET
		{8755D942-7828-4971-835B-37A5992C06C9}.Release-1.1.ActiveCfg = Release-1.1|.NET
		{8755D942-7828-4971-835B-37A5992C06C9}.Release-1.1.Build.0 = Release-1.1|.NET
		{E2689B4A-A951-420E-A274-BE5EBCD5F8D8}.Debug-1.1.ActiveCfg = Debug-1.1|.NET
		{E2689B4A-A951-420E-A274-BE5EBCD5F8D8}.Debug-1.1.Build.0 = Debug-1.1|.NET
		{E2689B4A-A951-420E-A274-BE5EBCD5F8D8}.Release-1.1.ActiveCfg = Release-1.1|.NET
		{E2689B4A-A951-420E-A274-BE5EBCD5F8D8}.Release-1.1.Build.0 = Release-1.1|.NET
		{2E12AE3E-5690-46A5-9F89-80F1D3004ADB}.Debug-1.1.ActiveCfg = Debug-1.1|.NET
		{2E12AE3E-5690-46A5-9F89-80F1D3004ADB}.Debug-1.1.Build.0 = Debug-1.1|.NET
		{2E12AE3E-5690-46A5-9F89-80F1D3004ADB}.Release-1.1.ActiveCfg = Release-1.1|.NET
		{2E12AE3E-5690-46A5-9F89-80F1D3004ADB}.Release-1.1.Build.0 = Release-1.1|.NET
		{0C0D8C65-90DE-4914-9940-4C684C54971B}.Debug-1.1.ActiveCfg = Debug-1.1|.NET
		{0C0D8C65-90DE-4914-9940-4C684C54971B}.Debug-1.1.Build.0 = Debug-1.1|.NET
		{0C0D8C65-90DE-4914-9940-4C684C54971B}.Release-1.1.ActiveCfg = Release-1.1|.NET
		{0C0D8C65-90DE-4914-9940-4C684C54971B}.Release-1.1.Build.0 = Release-1.1|.NET
	EndGlobalSection
	GlobalSection(SolutionItems) = postSolution
		common-project.include = common-project.include
		doc\NamespaceSummary.xml = doc\NamespaceSummary.xml
		Spring.build = Spring.build
		Spring.include = Spring.include
	EndGlobalSection
	GlobalSection(ExtensibilityGlobals) = postSolution
	EndGlobalSection
	GlobalSection(ExtensibilityAddIns) = postSolution
	EndGlobalSection
EndGlobal
