
Microsoft Visual Studio Solution File, Format Version 12.00
# Visual Studio 14
VisualStudioVersion = 14.0.25420.1
MinimumVisualStudioVersion = 10.0.40219.1
Project("{8BB2217D-0F2D-49D1-97BC-3654ED321F3B}") = "Spring.Core", "src\Spring\Spring.Core\Spring.Core.xproj", "{EF9A640E-4AB3-4902-A908-7F01D8817F06}"
EndProject
Project("{2150E333-8FDC-42A3-9474-1A3956D46DE8}") = "Solution Items", "Solution Items", "{B9B3B115-EB93-4317-8E6D-F3DA97E5AFE5}"
	ProjectSection(SolutionItems) = preProject
		src\Spring\CommonAssemblyInfo.cs = src\Spring\CommonAssemblyInfo.cs
		src\Spring\NetCorePolyfills.cs = src\Spring\NetCorePolyfills.cs
	EndProjectSection
EndProject
Project("{8BB2217D-0F2D-49D1-97BC-3654ED321F3B}") = "Spring.Core.Tests", "test\Spring\Spring.Core.Tests\Spring.Core.Tests.xproj", "{EF9A640E-4AB3-4902-A908-7F01D8817F04}"
EndProject
Global
	GlobalSection(SolutionConfigurationPlatforms) = preSolution
		Debug|Any CPU = Debug|Any CPU
		Release|Any CPU = Release|Any CPU
	EndGlobalSection
	GlobalSection(ProjectConfigurationPlatforms) = postSolution
		{EF9A640E-4AB3-4902-A908-7F01D8817F06}.Debug|Any CPU.ActiveCfg = Debug|Any CPU
		{EF9A640E-4AB3-4902-A908-7F01D8817F06}.Debug|Any CPU.Build.0 = Debug|Any CPU
		{EF9A640E-4AB3-4902-A908-7F01D8817F06}.Release|Any CPU.ActiveCfg = Release|Any CPU
		{EF9A640E-4AB3-4902-A908-7F01D8817F06}.Release|Any CPU.Build.0 = Release|Any CPU
		{EF9A640E-4AB3-4902-A908-7F01D8817F04}.Debug|Any CPU.ActiveCfg = Debug|Any CPU
		{EF9A640E-4AB3-4902-A908-7F01D8817F04}.Debug|Any CPU.Build.0 = Debug|Any CPU
		{EF9A640E-4AB3-4902-A908-7F01D8817F04}.Release|Any CPU.ActiveCfg = Release|Any CPU
		{EF9A640E-4AB3-4902-A908-7F01D8817F04}.Release|Any CPU.Build.0 = Release|Any CPU
	EndGlobalSection
	GlobalSection(SolutionProperties) = preSolution
		HideSolutionNode = FALSE
	EndGlobalSection
EndGlobal
