
Microsoft Visual Studio Solution File, Format Version 12.00
# Visual Studio 15
VisualStudioVersion = 15.0.27703.2000
MinimumVisualStudioVersion = 10.0.40219.1
Project("{9A19103F-16F7-4668-BE54-9A1E7A4F7556}") = "Spring.Core", "src\Spring\Spring.Core\Spring.Core.csproj", "{EF9A640E-4AB3-4902-A908-7F01D8817F06}"
EndProject
Project("{2150E333-8FDC-42A3-9474-1A3956D46DE8}") = "Solution Items", "Solution Items", "{B9B3B115-EB93-4317-8E6D-F3DA97E5AFE5}"
	ProjectSection(SolutionItems) = preProject
		src\Spring\CommonAssemblyInfo.cs = src\Spring\CommonAssemblyInfo.cs
		src\Spring\NetCorePolyfills.cs = src\Spring\NetCorePolyfills.cs
	EndProjectSection
EndProject
Global
	GlobalSection(SolutionConfigurationPlatforms) = preSolution
		Debug|Any CPU = Debug|Any CPU
		Release|Any CPU = Release|Any CPU
	EndGlobalSection
	GlobalSection(ProjectConfigurationPlatforms) = postSolution
		{EF9A640E-4AB3-4902-A908-7F01D8817F06}.Debug|Any CPU.ActiveCfg = Debug|Any CPU
		{EF9A640E-4AB3-4902-A908-7F01D8817F06}.Debug|Any CPU.Build.0 = Debug|Any CPU
		{EF9A640E-4AB3-4902-A908-7F01D8817F06}.Release|Any CPU.ActiveCfg = Release|Any CPU
		{EF9A640E-4AB3-4902-A908-7F01D8817F06}.Release|Any CPU.Build.0 = Release|Any CPU
	EndGlobalSection
	GlobalSection(SolutionProperties) = preSolution
		HideSolutionNode = FALSE
	EndGlobalSection
	GlobalSection(ExtensibilityGlobals) = postSolution
		SolutionGuid = {034B029B-05D0-4C2F-A5CD-9971E5EFC85C}
	EndGlobalSection
EndGlobal
