
Microsoft Visual Studio Solution File, Format Version 12.00
# Visual Studio Version 17
VisualStudioVersion = 17.0.31410.414
MinimumVisualStudioVersion = 10.0.40219.1
Project("{2150E333-8FDC-42A3-9474-1A3956D46DE8}") = "Solution Items", "Solution Items", "{F04753EF-7A1B-4837-AB63-8C0821E8155D}"
	ProjectSection(SolutionItems) = preProject
		BreakingChanges.txt = BreakingChanges.txt
		changelog.txt = changelog.txt
		common-project.include = common-project.include
		src\Directory.Build.props = src\Directory.Build.props
		Local.testsettings = Local.testsettings
		README.md = README.md
		Spring.build = Spring.build
		Spring.include = Spring.include
		global.json = global.json
	EndProjectSection
EndProject
Project("{2150E333-8FDC-42A3-9474-1A3956D46DE8}") = ".nuget", ".nuget", "{79F495DF-83D6-435E-A20E-47800F6F8FE7}"
	ProjectSection(SolutionItems) = preProject
		.nuget\packages.config = .nuget\packages.config
	EndProjectSection
EndProject
Project("{9A19103F-16F7-4668-BE54-9A1E7A4F7556}") = "Spring.Core", "src\Spring\Spring.Core\Spring.Core.csproj", "{710961A3-0DF4-49E4-A26E-F5B9C044AC84}"
EndProject
Project("{9A19103F-16F7-4668-BE54-9A1E7A4F7556}") = "Spring.Core.Tests", "test\Spring\Spring.Core.Tests\Spring.Core.Tests.csproj", "{44B16BAA-6DF8-447C-9D7F-3AD3D854D904}"
EndProject
Project("{9A19103F-16F7-4668-BE54-9A1E7A4F7556}") = "Spring.Aop", "src\Spring\Spring.Aop\Spring.Aop.csproj", "{3A3A4E65-45A6-4B20-B460-0BEDC302C02C}"
EndProject
Project("{9A19103F-16F7-4668-BE54-9A1E7A4F7556}") = "Spring.Aop.Tests", "test\Spring\Spring.Aop.Tests\Spring.Aop.Tests.csproj", "{2111596A-0327-4C9D-8919-294FBD988A23}"
EndProject
Project("{9A19103F-16F7-4668-BE54-9A1E7A4F7556}") = "Spring.Services", "src\Spring\Spring.Services\Spring.Services.csproj", "{FAE04EC0-301F-11D3-BF4B-00C04F79EFBC}"
EndProject
Project("{9A19103F-16F7-4668-BE54-9A1E7A4F7556}") = "Spring.Services.Tests", "test\Spring\Spring.Services.Tests\Spring.Services.Tests.csproj", "{4374F018-9738-46BF-A399-4594CEE75B21}"
EndProject
Project("{9A19103F-16F7-4668-BE54-9A1E7A4F7556}") = "Spring.Web", "src\Spring\Spring.Web\Spring.Web.csproj", "{BA4789EB-281A-48EA-8763-28B9F0596A18}"
EndProject
Project("{9A19103F-16F7-4668-BE54-9A1E7A4F7556}") = "Spring.Web.Tests", "test\Spring\Spring.Web.Tests\Spring.Web.Tests.csproj", "{C67E47AA-1ACD-41B4-A465-4D336A2319CA}"
EndProject
Project("{9A19103F-16F7-4668-BE54-9A1E7A4F7556}") = "Spring.Data", "src\Spring\Spring.Data\Spring.Data.csproj", "{AE00E5AB-C39A-436F-86D2-33BFE33E2E40}"
EndProject
Project("{9A19103F-16F7-4668-BE54-9A1E7A4F7556}") = "Spring.Data.Tests", "test\Spring\Spring.Data.Tests\Spring.Data.Tests.csproj", "{ACD39D47-1811-40FA-9E7E-5DEA5B9CE6C0}"
EndProject
Project("{9A19103F-16F7-4668-BE54-9A1E7A4F7556}") = "Spring.Data.Integration.Tests", "test\Spring\Spring.Data.Integration.Tests\Spring.Data.Integration.Tests.csproj", "{91766D21-C568-459F-9BEA-759B011F23CF}"
EndProject
Project("{9A19103F-16F7-4668-BE54-9A1E7A4F7556}") = "Spring.Web.Extensions", "src\Spring\Spring.Web.Extensions\Spring.Web.Extensions.csproj", "{E5E287D2-EE2C-4C99-87CA-EB27B35ABF7B}"
EndProject
Project("{9A19103F-16F7-4668-BE54-9A1E7A4F7556}") = "Spring.Testing.NUnit", "src\Spring\Spring.Testing.NUnit\Spring.Testing.NUnit.csproj", "{ED204A7B-832F-44C7-BFE3-504AEBE1BCC8}"
EndProject
Project("{9A19103F-16F7-4668-BE54-9A1E7A4F7556}") = "Spring.Testing.NUnit.Tests", "test\Spring\Spring.Testing.NUnit.Tests\Spring.Testing.NUnit.Tests.csproj", "{4D6D616B-7643-4D6B-8E5E-14ECFDB9AF82}"
EndProject
Project("{9A19103F-16F7-4668-BE54-9A1E7A4F7556}") = "Spring.Messaging.Nms", "src\Spring\Spring.Messaging.Nms\Spring.Messaging.Nms.csproj", "{AEB1578C-9018-4D49-B440-789F38DD2F29}"
EndProject
Project("{9A19103F-16F7-4668-BE54-9A1E7A4F7556}") = "Spring.Messaging.Nms.Tests", "test\Spring\Spring.Messaging.Nms.Tests\Spring.Messaging.Nms.Tests.csproj", "{FA7A6931-7DBE-4A32-A312-51FAD2E80332}"
EndProject
Project("{9A19103F-16F7-4668-BE54-9A1E7A4F7556}") = "Spring.Messaging", "src\Spring\Spring.Messaging\Spring.Messaging.csproj", "{0E23AE41-D8D8-41C2-84A2-D35564049F0D}"
EndProject
Project("{9A19103F-16F7-4668-BE54-9A1E7A4F7556}") = "Spring.Messaging.Tests", "test\Spring\Spring.Messaging.Tests\Spring.Messaging.Tests.csproj", "{41BC3AEA-7EB3-48BF-B1EC-84119376AC98}"
EndProject
Project("{9A19103F-16F7-4668-BE54-9A1E7A4F7556}") = "Spring.Template.Velocity", "src\Spring\Spring.Template.Velocity\Spring.Template.Velocity.csproj", "{BF3AB954-8375-407C-9E98-4C51D8072784}"
EndProject
Project("{9A19103F-16F7-4668-BE54-9A1E7A4F7556}") = "Spring.Template.Velocity.Tests", "test\Spring\Spring.Template.Velocity.Tests\Spring.Template.Velocity.Tests.csproj", "{10405837-CB67-40D8-9326-84C9383983E2}"
EndProject
Project("{9A19103F-16F7-4668-BE54-9A1E7A4F7556}") = "Spring.Testing.Microsoft", "src\Spring\Spring.Testing.Microsoft\Spring.Testing.Microsoft.csproj", "{2E10A8D3-B8FF-4699-90B8-E621659C58DD}"
EndProject
Project("{9A19103F-16F7-4668-BE54-9A1E7A4F7556}") = "Spring.Testing.Microsoft.Tests", "test\Spring\Spring.Testing.Microsoft.Tests\Spring.Testing.Microsoft.Tests.csproj", "{7321149A-47C6-4FBA-9D1A-26FD6815381B}"
EndProject
Project("{9A19103F-16F7-4668-BE54-9A1E7A4F7556}") = "Spring.Messaging.Ems", "src\Spring\Spring.Messaging.Ems\Spring.Messaging.Ems.csproj", "{900E3839-301E-48B1-BAEB-B6645620ACFF}"
EndProject
Project("{9A19103F-16F7-4668-BE54-9A1E7A4F7556}") = "Spring.Scheduling.Quartz3", "src\Spring\Spring.Scheduling.Quartz3\Spring.Scheduling.Quartz3.csproj", "{E823D54C-CE82-4868-929F-5F95A999F123}"
EndProject
Project("{9A19103F-16F7-4668-BE54-9A1E7A4F7556}") = "Spring.Scheduling.Quartz3.Integration.Tests", "test\Spring\Spring.Scheduling.Quartz3.Integration.Tests\Spring.Scheduling.Quartz3.Integration.Tests.csproj", "{8CF0F34A-CC93-4D87-AE14-A2DEEF072F26}"
EndProject
Project("{9A19103F-16F7-4668-BE54-9A1E7A4F7556}") = "Spring.Scheduling.Quartz3.Tests", "test\Spring\Spring.Scheduling.Quartz3.Tests\Spring.Scheduling.Quartz3.Tests.csproj", "{247787CF-ECE1-4675-8B42-7DF4329A4891}"
EndProject
Project("{9A19103F-16F7-4668-BE54-9A1E7A4F7556}") = "Spring.Messaging.Ems.Integration.Tests", "test\Spring\Spring.Messaging.Ems.Integration.Tests\Spring.Messaging.Ems.Integration.Tests.csproj", "{FA934E92-C8C2-428A-BE2A-26818F17A787}"
EndProject
Project("{9A19103F-16F7-4668-BE54-9A1E7A4F7556}") = "Spring.Messaging.Nms.Integration.Tests", "test\Spring\Spring.Messaging.Nms.Integration.Tests\Spring.Messaging.Nms.Integration.Tests.csproj", "{E5323AC8-137E-4EF7-BC62-3BD6FC0576CD}"
EndProject
Project("{9A19103F-16F7-4668-BE54-9A1E7A4F7556}") = "Spring.Web.Conversation.NHibernate5", "src\Spring\Spring.Web.Conversation.NHibernate5\Spring.Web.Conversation.NHibernate5.csproj", "{CF375928-B6D5-485C-B04D-2BC41D9DBF1E}"
EndProject
Project("{9A19103F-16F7-4668-BE54-9A1E7A4F7556}") = "Spring.Web.Conversation.NHibernate5.Tests", "test\Spring\Spring.Web.Conversation.NHibernate5.Tests\Spring.Web.Conversation.NHibernate5.Tests.csproj", "{C57B05EA-FD1A-40EC-BB60-D2E45AB1A86A}"
EndProject
Project("{9A19103F-16F7-4668-BE54-9A1E7A4F7556}") = "Spring.Web.Mvc5", "src\Spring\Spring.Web.Mvc5\Spring.Web.Mvc5.csproj", "{39AAD7EA-2ED0-4E50-8D4D-C666EA9CBFE4}"
EndProject
Project("{9A19103F-16F7-4668-BE54-9A1E7A4F7556}") = "Spring.Web.Mvc5.Tests", "test\Spring\Spring.Web.Mvc5.Tests\Spring.Web.Mvc5.Tests.csproj", "{B9590252-6D58-4587-950C-475AB61FDBCF}"
EndProject
Project("{9A19103F-16F7-4668-BE54-9A1E7A4F7556}") = "Spring.Template.Velocity.Castle", "src\Spring\Spring.Template.Velocity.Castle\Spring.Template.Velocity.Castle.csproj", "{250601C0-A4AC-41FE-B484-51A9B0D5473D}"
EndProject
Project("{9A19103F-16F7-4668-BE54-9A1E7A4F7556}") = "Spring.Template.Velocity.Castle.Tests", "test\Spring\Spring.Template.Velocity.Castle.Tests\Spring.Template.Velocity.Castle.Tests.csproj", "{8D6ED392-8A1F-41C0-A765-22CF384EDEA1}"
EndProject
Project("{9A19103F-16F7-4668-BE54-9A1E7A4F7556}") = "Spring.Data.NHibernate5", "src\Spring\Spring.Data.NHibernate5\Spring.Data.NHibernate5.csproj", "{26604974-B6B8-45BA-A72A-66574ADC498B}"
EndProject
Project("{9A19103F-16F7-4668-BE54-9A1E7A4F7556}") = "Spring.Data.NHibernate5.Integration.Tests", "test\Spring\Spring.Data.NHibernate5.Integration.Tests\Spring.Data.NHibernate5.Integration.Tests.csproj", "{740CDA28-39BC-455A-86C3-5323D14F5B2E}"
EndProject
Project("{9A19103F-16F7-4668-BE54-9A1E7A4F7556}") = "Spring.Data.NHibernate5.NestedTxSuspension.Integration.Tests", "test\Spring\Spring.Data.NHibernate5.NestedTxSuspension.Integration.Tests\Spring.Data.NHibernate5.NestedTxSuspension.Integration.Tests.csproj", "{DE276F7C-4564-49EC-AABC-B964EC3D1626}"
EndProject
Project("{9A19103F-16F7-4668-BE54-9A1E7A4F7556}") = "Spring.Data.NHibernate5.Tests", "test\Spring\Spring.Data.NHibernate5.Tests\Spring.Data.NHibernate5.Tests.csproj", "{BEEBC49B-4519-4C77-AE93-11E68F4CA7E3}"
EndProject
Project("{9A19103F-16F7-4668-BE54-9A1E7A4F7556}") = "Spring.Benchmark", "test\Spring\Spring.Benchmark\Spring.Benchmark.csproj", "{504F1D7B-C6AC-4128-9411-D680B3086662}"
EndProject
Project("{2150E333-8FDC-42A3-9474-1A3956D46DE8}") = "Tools", "Tools", "{9537C677-ADE5-4503-AFD7-3E0C3B0960EB}"
EndProject
Project("{9A19103F-16F7-4668-BE54-9A1E7A4F7556}") = "_build", "build-support\nuke-build\_build.csproj", "{0D135B50-2B59-44C1-941A-32B5EC798C88}"
EndProject
Project("{2150E333-8FDC-42A3-9474-1A3956D46DE8}") = ".github", ".github", "{C0BAC5A1-AC38-4D36-BE28-F5A74BD9FECD}"
EndProject
Project("{2150E333-8FDC-42A3-9474-1A3956D46DE8}") = "workflows", "workflows", "{76CA894B-7F4F-4F5B-8EFD-FF5253C6FCCE}"
ProjectSection(SolutionItems) = preProject
	.github\workflows\ci.yml = .github\workflows\ci.yml
	.github\workflows\publish.yml = .github\workflows\publish.yml
EndProjectSection
EndProject
Global
	GlobalSection(SolutionConfigurationPlatforms) = preSolution
		Debug|Any CPU = Debug|Any CPU
		Release|Any CPU = Release|Any CPU
	EndGlobalSection
	GlobalSection(ProjectConfigurationPlatforms) = postSolution
		{710961A3-0DF4-49E4-A26E-F5B9C044AC84}.Debug|Any CPU.ActiveCfg = Debug|Any CPU
		{710961A3-0DF4-49E4-A26E-F5B9C044AC84}.Debug|Any CPU.Build.0 = Debug|Any CPU
		{710961A3-0DF4-49E4-A26E-F5B9C044AC84}.Release|Any CPU.ActiveCfg = Release|Any CPU
		{710961A3-0DF4-49E4-A26E-F5B9C044AC84}.Release|Any CPU.Build.0 = Release|Any CPU
		{44B16BAA-6DF8-447C-9D7F-3AD3D854D904}.Debug|Any CPU.ActiveCfg = Debug|Any CPU
		{44B16BAA-6DF8-447C-9D7F-3AD3D854D904}.Debug|Any CPU.Build.0 = Debug|Any CPU
		{44B16BAA-6DF8-447C-9D7F-3AD3D854D904}.Release|Any CPU.ActiveCfg = Release|Any CPU
		{44B16BAA-6DF8-447C-9D7F-3AD3D854D904}.Release|Any CPU.Build.0 = Release|Any CPU
		{3A3A4E65-45A6-4B20-B460-0BEDC302C02C}.Debug|Any CPU.ActiveCfg = Debug|Any CPU
		{3A3A4E65-45A6-4B20-B460-0BEDC302C02C}.Debug|Any CPU.Build.0 = Debug|Any CPU
		{3A3A4E65-45A6-4B20-B460-0BEDC302C02C}.Release|Any CPU.ActiveCfg = Release|Any CPU
		{3A3A4E65-45A6-4B20-B460-0BEDC302C02C}.Release|Any CPU.Build.0 = Release|Any CPU
		{2111596A-0327-4C9D-8919-294FBD988A23}.Debug|Any CPU.ActiveCfg = Debug|Any CPU
		{2111596A-0327-4C9D-8919-294FBD988A23}.Debug|Any CPU.Build.0 = Debug|Any CPU
		{2111596A-0327-4C9D-8919-294FBD988A23}.Release|Any CPU.ActiveCfg = Release|Any CPU
		{2111596A-0327-4C9D-8919-294FBD988A23}.Release|Any CPU.Build.0 = Release|Any CPU
		{FAE04EC0-301F-11D3-BF4B-00C04F79EFBC}.Debug|Any CPU.ActiveCfg = Debug|Any CPU
		{FAE04EC0-301F-11D3-BF4B-00C04F79EFBC}.Debug|Any CPU.Build.0 = Debug|Any CPU
		{FAE04EC0-301F-11D3-BF4B-00C04F79EFBC}.Release|Any CPU.ActiveCfg = Release|Any CPU
		{FAE04EC0-301F-11D3-BF4B-00C04F79EFBC}.Release|Any CPU.Build.0 = Release|Any CPU
		{4374F018-9738-46BF-A399-4594CEE75B21}.Debug|Any CPU.ActiveCfg = Debug|Any CPU
		{4374F018-9738-46BF-A399-4594CEE75B21}.Debug|Any CPU.Build.0 = Debug|Any CPU
		{4374F018-9738-46BF-A399-4594CEE75B21}.Release|Any CPU.ActiveCfg = Release|Any CPU
		{4374F018-9738-46BF-A399-4594CEE75B21}.Release|Any CPU.Build.0 = Release|Any CPU
		{BA4789EB-281A-48EA-8763-28B9F0596A18}.Debug|Any CPU.ActiveCfg = Debug|Any CPU
		{BA4789EB-281A-48EA-8763-28B9F0596A18}.Debug|Any CPU.Build.0 = Debug|Any CPU
		{BA4789EB-281A-48EA-8763-28B9F0596A18}.Release|Any CPU.ActiveCfg = Release|Any CPU
		{BA4789EB-281A-48EA-8763-28B9F0596A18}.Release|Any CPU.Build.0 = Release|Any CPU
		{C67E47AA-1ACD-41B4-A465-4D336A2319CA}.Debug|Any CPU.ActiveCfg = Debug|Any CPU
		{C67E47AA-1ACD-41B4-A465-4D336A2319CA}.Debug|Any CPU.Build.0 = Debug|Any CPU
		{C67E47AA-1ACD-41B4-A465-4D336A2319CA}.Release|Any CPU.ActiveCfg = Release|Any CPU
		{C67E47AA-1ACD-41B4-A465-4D336A2319CA}.Release|Any CPU.Build.0 = Release|Any CPU
		{AE00E5AB-C39A-436F-86D2-33BFE33E2E40}.Debug|Any CPU.ActiveCfg = Debug|Any CPU
		{AE00E5AB-C39A-436F-86D2-33BFE33E2E40}.Debug|Any CPU.Build.0 = Debug|Any CPU
		{AE00E5AB-C39A-436F-86D2-33BFE33E2E40}.Release|Any CPU.ActiveCfg = Release|Any CPU
		{AE00E5AB-C39A-436F-86D2-33BFE33E2E40}.Release|Any CPU.Build.0 = Release|Any CPU
		{ACD39D47-1811-40FA-9E7E-5DEA5B9CE6C0}.Debug|Any CPU.ActiveCfg = Debug|Any CPU
		{ACD39D47-1811-40FA-9E7E-5DEA5B9CE6C0}.Debug|Any CPU.Build.0 = Debug|Any CPU
		{ACD39D47-1811-40FA-9E7E-5DEA5B9CE6C0}.Release|Any CPU.ActiveCfg = Release|Any CPU
		{ACD39D47-1811-40FA-9E7E-5DEA5B9CE6C0}.Release|Any CPU.Build.0 = Release|Any CPU
		{91766D21-C568-459F-9BEA-759B011F23CF}.Debug|Any CPU.ActiveCfg = Debug|Any CPU
		{91766D21-C568-459F-9BEA-759B011F23CF}.Debug|Any CPU.Build.0 = Debug|Any CPU
		{91766D21-C568-459F-9BEA-759B011F23CF}.Release|Any CPU.ActiveCfg = Release|Any CPU
		{91766D21-C568-459F-9BEA-759B011F23CF}.Release|Any CPU.Build.0 = Release|Any CPU
		{E5E287D2-EE2C-4C99-87CA-EB27B35ABF7B}.Debug|Any CPU.ActiveCfg = Debug|Any CPU
		{E5E287D2-EE2C-4C99-87CA-EB27B35ABF7B}.Debug|Any CPU.Build.0 = Debug|Any CPU
		{E5E287D2-EE2C-4C99-87CA-EB27B35ABF7B}.Release|Any CPU.ActiveCfg = Release|Any CPU
		{E5E287D2-EE2C-4C99-87CA-EB27B35ABF7B}.Release|Any CPU.Build.0 = Release|Any CPU
		{ED204A7B-832F-44C7-BFE3-504AEBE1BCC8}.Debug|Any CPU.ActiveCfg = Debug|Any CPU
		{ED204A7B-832F-44C7-BFE3-504AEBE1BCC8}.Debug|Any CPU.Build.0 = Debug|Any CPU
		{ED204A7B-832F-44C7-BFE3-504AEBE1BCC8}.Release|Any CPU.ActiveCfg = Release|Any CPU
		{ED204A7B-832F-44C7-BFE3-504AEBE1BCC8}.Release|Any CPU.Build.0 = Release|Any CPU
		{4D6D616B-7643-4D6B-8E5E-14ECFDB9AF82}.Debug|Any CPU.ActiveCfg = Debug|Any CPU
		{4D6D616B-7643-4D6B-8E5E-14ECFDB9AF82}.Debug|Any CPU.Build.0 = Debug|Any CPU
		{4D6D616B-7643-4D6B-8E5E-14ECFDB9AF82}.Release|Any CPU.ActiveCfg = Release|Any CPU
		{4D6D616B-7643-4D6B-8E5E-14ECFDB9AF82}.Release|Any CPU.Build.0 = Release|Any CPU
		{AEB1578C-9018-4D49-B440-789F38DD2F29}.Debug|Any CPU.ActiveCfg = Debug|Any CPU
		{AEB1578C-9018-4D49-B440-789F38DD2F29}.Debug|Any CPU.Build.0 = Debug|Any CPU
		{AEB1578C-9018-4D49-B440-789F38DD2F29}.Release|Any CPU.ActiveCfg = Release|Any CPU
		{AEB1578C-9018-4D49-B440-789F38DD2F29}.Release|Any CPU.Build.0 = Release|Any CPU
		{FA7A6931-7DBE-4A32-A312-51FAD2E80332}.Debug|Any CPU.ActiveCfg = Debug|Any CPU
		{FA7A6931-7DBE-4A32-A312-51FAD2E80332}.Debug|Any CPU.Build.0 = Debug|Any CPU
		{FA7A6931-7DBE-4A32-A312-51FAD2E80332}.Release|Any CPU.ActiveCfg = Release|Any CPU
		{FA7A6931-7DBE-4A32-A312-51FAD2E80332}.Release|Any CPU.Build.0 = Release|Any CPU
		{0E23AE41-D8D8-41C2-84A2-D35564049F0D}.Debug|Any CPU.ActiveCfg = Debug|Any CPU
		{0E23AE41-D8D8-41C2-84A2-D35564049F0D}.Debug|Any CPU.Build.0 = Debug|Any CPU
		{0E23AE41-D8D8-41C2-84A2-D35564049F0D}.Release|Any CPU.ActiveCfg = Release|Any CPU
		{0E23AE41-D8D8-41C2-84A2-D35564049F0D}.Release|Any CPU.Build.0 = Release|Any CPU
		{41BC3AEA-7EB3-48BF-B1EC-84119376AC98}.Debug|Any CPU.ActiveCfg = Debug|Any CPU
		{41BC3AEA-7EB3-48BF-B1EC-84119376AC98}.Debug|Any CPU.Build.0 = Debug|Any CPU
		{41BC3AEA-7EB3-48BF-B1EC-84119376AC98}.Release|Any CPU.ActiveCfg = Release|Any CPU
		{41BC3AEA-7EB3-48BF-B1EC-84119376AC98}.Release|Any CPU.Build.0 = Release|Any CPU
		{BF3AB954-8375-407C-9E98-4C51D8072784}.Debug|Any CPU.ActiveCfg = Debug|Any CPU
		{BF3AB954-8375-407C-9E98-4C51D8072784}.Debug|Any CPU.Build.0 = Debug|Any CPU
		{BF3AB954-8375-407C-9E98-4C51D8072784}.Release|Any CPU.ActiveCfg = Release|Any CPU
		{BF3AB954-8375-407C-9E98-4C51D8072784}.Release|Any CPU.Build.0 = Release|Any CPU
		{10405837-CB67-40D8-9326-84C9383983E2}.Debug|Any CPU.ActiveCfg = Debug|Any CPU
		{10405837-CB67-40D8-9326-84C9383983E2}.Debug|Any CPU.Build.0 = Debug|Any CPU
		{10405837-CB67-40D8-9326-84C9383983E2}.Release|Any CPU.ActiveCfg = Release|Any CPU
		{10405837-CB67-40D8-9326-84C9383983E2}.Release|Any CPU.Build.0 = Release|Any CPU
		{2E10A8D3-B8FF-4699-90B8-E621659C58DD}.Debug|Any CPU.ActiveCfg = Debug|Any CPU
		{2E10A8D3-B8FF-4699-90B8-E621659C58DD}.Debug|Any CPU.Build.0 = Debug|Any CPU
		{2E10A8D3-B8FF-4699-90B8-E621659C58DD}.Release|Any CPU.ActiveCfg = Release|Any CPU
		{2E10A8D3-B8FF-4699-90B8-E621659C58DD}.Release|Any CPU.Build.0 = Release|Any CPU
		{7321149A-47C6-4FBA-9D1A-26FD6815381B}.Debug|Any CPU.ActiveCfg = Debug|Any CPU
		{7321149A-47C6-4FBA-9D1A-26FD6815381B}.Debug|Any CPU.Build.0 = Debug|Any CPU
		{7321149A-47C6-4FBA-9D1A-26FD6815381B}.Release|Any CPU.ActiveCfg = Release|Any CPU
		{7321149A-47C6-4FBA-9D1A-26FD6815381B}.Release|Any CPU.Build.0 = Release|Any CPU
		{900E3839-301E-48B1-BAEB-B6645620ACFF}.Debug|Any CPU.ActiveCfg = Debug|Any CPU
		{900E3839-301E-48B1-BAEB-B6645620ACFF}.Release|Any CPU.ActiveCfg = Release|Any CPU
		{E823D54C-CE82-4868-929F-5F95A999F123}.Debug|Any CPU.ActiveCfg = Debug|Any CPU
		{E823D54C-CE82-4868-929F-5F95A999F123}.Debug|Any CPU.Build.0 = Debug|Any CPU
		{E823D54C-CE82-4868-929F-5F95A999F123}.Release|Any CPU.ActiveCfg = Release|Any CPU
		{E823D54C-CE82-4868-929F-5F95A999F123}.Release|Any CPU.Build.0 = Release|Any CPU
		{8CF0F34A-CC93-4D87-AE14-A2DEEF072F26}.Debug|Any CPU.ActiveCfg = Debug|Any CPU
		{8CF0F34A-CC93-4D87-AE14-A2DEEF072F26}.Debug|Any CPU.Build.0 = Debug|Any CPU
		{8CF0F34A-CC93-4D87-AE14-A2DEEF072F26}.Release|Any CPU.ActiveCfg = Release|Any CPU
		{8CF0F34A-CC93-4D87-AE14-A2DEEF072F26}.Release|Any CPU.Build.0 = Release|Any CPU
		{247787CF-ECE1-4675-8B42-7DF4329A4891}.Debug|Any CPU.ActiveCfg = Debug|Any CPU
		{247787CF-ECE1-4675-8B42-7DF4329A4891}.Debug|Any CPU.Build.0 = Debug|Any CPU
		{247787CF-ECE1-4675-8B42-7DF4329A4891}.Release|Any CPU.ActiveCfg = Release|Any CPU
		{247787CF-ECE1-4675-8B42-7DF4329A4891}.Release|Any CPU.Build.0 = Release|Any CPU
		{FA934E92-C8C2-428A-BE2A-26818F17A787}.Debug|Any CPU.ActiveCfg = Debug|Any CPU
		{FA934E92-C8C2-428A-BE2A-26818F17A787}.Release|Any CPU.ActiveCfg = Release|Any CPU
		{E5323AC8-137E-4EF7-BC62-3BD6FC0576CD}.Debug|Any CPU.ActiveCfg = Debug|Any CPU
		{E5323AC8-137E-4EF7-BC62-3BD6FC0576CD}.Debug|Any CPU.Build.0 = Debug|Any CPU
		{E5323AC8-137E-4EF7-BC62-3BD6FC0576CD}.Release|Any CPU.ActiveCfg = Release|Any CPU
		{E5323AC8-137E-4EF7-BC62-3BD6FC0576CD}.Release|Any CPU.Build.0 = Release|Any CPU
		{CF375928-B6D5-485C-B04D-2BC41D9DBF1E}.Debug|Any CPU.ActiveCfg = Debug|Any CPU
		{CF375928-B6D5-485C-B04D-2BC41D9DBF1E}.Debug|Any CPU.Build.0 = Debug|Any CPU
		{CF375928-B6D5-485C-B04D-2BC41D9DBF1E}.Release|Any CPU.ActiveCfg = Release|Any CPU
		{CF375928-B6D5-485C-B04D-2BC41D9DBF1E}.Release|Any CPU.Build.0 = Release|Any CPU
		{C57B05EA-FD1A-40EC-BB60-D2E45AB1A86A}.Debug|Any CPU.ActiveCfg = Debug|Any CPU
		{C57B05EA-FD1A-40EC-BB60-D2E45AB1A86A}.Debug|Any CPU.Build.0 = Debug|Any CPU
		{C57B05EA-FD1A-40EC-BB60-D2E45AB1A86A}.Release|Any CPU.ActiveCfg = Release|Any CPU
		{C57B05EA-FD1A-40EC-BB60-D2E45AB1A86A}.Release|Any CPU.Build.0 = Release|Any CPU
		{39AAD7EA-2ED0-4E50-8D4D-C666EA9CBFE4}.Debug|Any CPU.ActiveCfg = Debug|Any CPU
		{39AAD7EA-2ED0-4E50-8D4D-C666EA9CBFE4}.Debug|Any CPU.Build.0 = Debug|Any CPU
		{39AAD7EA-2ED0-4E50-8D4D-C666EA9CBFE4}.Release|Any CPU.ActiveCfg = Release|Any CPU
		{39AAD7EA-2ED0-4E50-8D4D-C666EA9CBFE4}.Release|Any CPU.Build.0 = Release|Any CPU
		{B9590252-6D58-4587-950C-475AB61FDBCF}.Debug|Any CPU.ActiveCfg = Debug|Any CPU
		{B9590252-6D58-4587-950C-475AB61FDBCF}.Debug|Any CPU.Build.0 = Debug|Any CPU
		{B9590252-6D58-4587-950C-475AB61FDBCF}.Release|Any CPU.ActiveCfg = Release|Any CPU
		{B9590252-6D58-4587-950C-475AB61FDBCF}.Release|Any CPU.Build.0 = Release|Any CPU
		{250601C0-A4AC-41FE-B484-51A9B0D5473D}.Debug|Any CPU.ActiveCfg = Debug|Any CPU
		{250601C0-A4AC-41FE-B484-51A9B0D5473D}.Debug|Any CPU.Build.0 = Debug|Any CPU
		{250601C0-A4AC-41FE-B484-51A9B0D5473D}.Release|Any CPU.ActiveCfg = Release|Any CPU
		{250601C0-A4AC-41FE-B484-51A9B0D5473D}.Release|Any CPU.Build.0 = Release|Any CPU
		{8D6ED392-8A1F-41C0-A765-22CF384EDEA1}.Debug|Any CPU.ActiveCfg = Debug|Any CPU
		{8D6ED392-8A1F-41C0-A765-22CF384EDEA1}.Debug|Any CPU.Build.0 = Debug|Any CPU
		{8D6ED392-8A1F-41C0-A765-22CF384EDEA1}.Release|Any CPU.ActiveCfg = Release|Any CPU
		{8D6ED392-8A1F-41C0-A765-22CF384EDEA1}.Release|Any CPU.Build.0 = Release|Any CPU
		{26604974-B6B8-45BA-A72A-66574ADC498B}.Debug|Any CPU.ActiveCfg = Debug|Any CPU
		{26604974-B6B8-45BA-A72A-66574ADC498B}.Debug|Any CPU.Build.0 = Debug|Any CPU
		{26604974-B6B8-45BA-A72A-66574ADC498B}.Release|Any CPU.ActiveCfg = Release|Any CPU
		{26604974-B6B8-45BA-A72A-66574ADC498B}.Release|Any CPU.Build.0 = Release|Any CPU
		{740CDA28-39BC-455A-86C3-5323D14F5B2E}.Debug|Any CPU.ActiveCfg = Debug|Any CPU
		{740CDA28-39BC-455A-86C3-5323D14F5B2E}.Debug|Any CPU.Build.0 = Debug|Any CPU
		{740CDA28-39BC-455A-86C3-5323D14F5B2E}.Release|Any CPU.ActiveCfg = Release|Any CPU
		{740CDA28-39BC-455A-86C3-5323D14F5B2E}.Release|Any CPU.Build.0 = Release|Any CPU
		{DE276F7C-4564-49EC-AABC-B964EC3D1626}.Debug|Any CPU.ActiveCfg = Debug|Any CPU
		{DE276F7C-4564-49EC-AABC-B964EC3D1626}.Debug|Any CPU.Build.0 = Debug|Any CPU
		{DE276F7C-4564-49EC-AABC-B964EC3D1626}.Release|Any CPU.ActiveCfg = Release|Any CPU
		{DE276F7C-4564-49EC-AABC-B964EC3D1626}.Release|Any CPU.Build.0 = Release|Any CPU
		{BEEBC49B-4519-4C77-AE93-11E68F4CA7E3}.Debug|Any CPU.ActiveCfg = Debug|Any CPU
		{BEEBC49B-4519-4C77-AE93-11E68F4CA7E3}.Debug|Any CPU.Build.0 = Debug|Any CPU
		{BEEBC49B-4519-4C77-AE93-11E68F4CA7E3}.Release|Any CPU.ActiveCfg = Release|Any CPU
		{BEEBC49B-4519-4C77-AE93-11E68F4CA7E3}.Release|Any CPU.Build.0 = Release|Any CPU
		{504F1D7B-C6AC-4128-9411-D680B3086662}.Debug|Any CPU.ActiveCfg = Debug|Any CPU
		{504F1D7B-C6AC-4128-9411-D680B3086662}.Debug|Any CPU.Build.0 = Debug|Any CPU
		{504F1D7B-C6AC-4128-9411-D680B3086662}.Release|Any CPU.ActiveCfg = Release|Any CPU
		{504F1D7B-C6AC-4128-9411-D680B3086662}.Release|Any CPU.Build.0 = Release|Any CPU
		{0D135B50-2B59-44C1-941A-32B5EC798C88}.Debug|Any CPU.ActiveCfg = Debug|Any CPU
		{0D135B50-2B59-44C1-941A-32B5EC798C88}.Release|Any CPU.ActiveCfg = Release|Any CPU
	EndGlobalSection
	GlobalSection(SolutionProperties) = preSolution
		HideSolutionNode = FALSE
	EndGlobalSection
	GlobalSection(NestedProjects) = preSolution
		{504F1D7B-C6AC-4128-9411-D680B3086662} = {9537C677-ADE5-4503-AFD7-3E0C3B0960EB}
		{C0BAC5A1-AC38-4D36-BE28-F5A74BD9FECD} = {F04753EF-7A1B-4837-AB63-8C0821E8155D}
		{76CA894B-7F4F-4F5B-8EFD-FF5253C6FCCE} = {C0BAC5A1-AC38-4D36-BE28-F5A74BD9FECD}
	EndGlobalSection
	GlobalSection(ExtensibilityGlobals) = postSolution
		NAntAddinLastFileName = Spring.build
		SolutionGuid = {803E6B42-7DEE-4DCC-83D0-51925047BCB0}
	EndGlobalSection
	GlobalSection(TestCaseManagementSettings) = postSolution
		CategoryFile = Spring.Net.vsmdi
	EndGlobalSection
EndGlobal
