Microsoft Visual Studio Solution File, Format Version 12.00
# Visual Studio 2013
VisualStudioVersion = 12.0.21005.1
MinimumVisualStudioVersion = 10.0.40219.1
Project("{2150E333-8FDC-42A3-9474-1A3956D46DE8}") = "Solution Items", "Solution Items", "{B1FF7E1F-9BF9-4EB3-B38C-39A0E3EA4D0A}"
	ProjectSection(SolutionItems) = preProject
		readme.txt = readme.txt
		SpringCalculator.snk = SpringCalculator.snk
	EndProjectSection
EndProject
Project("{FAE04EC0-301F-11D3-BF4B-00C04F79EFBC}") = "Spring.Calculator.Services.2010", "src\Spring.Calculator.Services\Spring.Calculator.Services.csproj", "{D9FB04E5-D636-4EC2-A3AB-FAB1C4F37827}"
EndProject
Project("{FAE04EC0-301F-11D3-BF4B-00C04F79EFBC}") = "Spring.Calculator.Contract.2010", "src\Spring.Calculator.Contract\Spring.Calculator.Contract.csproj", "{284C0873-BBB4-4399-B6F7-CB7EDBD001C7}"
EndProject
Project("{FAE04EC0-301F-11D3-BF4B-00C04F79EFBC}") = "Spring.Calculator.RemoteApp.2010", "src\Spring.Calculator.RemoteApp\Spring.Calculator.RemoteApp.csproj", "{78B542F5-0CE3-4EDD-ACF7-3B2C619ADFC1}"
EndProject
Project("{FAE04EC0-301F-11D3-BF4B-00C04F79EFBC}") = "Spring.Calculator.ClientApp.2010", "src\Spring.Calculator.ClientApp\Spring.Calculator.ClientApp.csproj", "{F202BB75-CEFD-400B-9CD3-0914F466EBF5}"
EndProject
Project("{FAE04EC0-301F-11D3-BF4B-00C04F79EFBC}") = "Spring.Aspects.2010", "src\Spring.Aspects\Spring.Aspects.csproj", "{6B34626E-8D2A-4387-BBB6-CB352D4DBDEC}"
EndProject
Project("{FAE04EC0-301F-11D3-BF4B-00C04F79EFBC}") = "Spring.Calculator.RegisterComponentServices.2010", "src\Spring.Calculator.RegisterComponentServices\Spring.Calculator.RegisterComponentServices.csproj", "{75E2042D-1FCF-42F1-8FB9-0C6C40AE4ACD}"
EndProject
Project("{FAE04EC0-301F-11D3-BF4B-00C04F79EFBC}") = "Spring.Calculator.Web.2010", "src\Spring.Calculator.Web\Spring.Calculator.Web.csproj", "{08E648D8-FD43-4459-B997-1095E50FFD24}"
EndProject
Global
	GlobalSection(SolutionConfigurationPlatforms) = preSolution
		Debug|.NET = Debug|.NET
		Debug|Any CPU = Debug|Any CPU
		Debug|Mixed Platforms = Debug|Mixed Platforms
		Release|.NET = Release|.NET
		Release|Any CPU = Release|Any CPU
		Release|Mixed Platforms = Release|Mixed Platforms
	EndGlobalSection
	GlobalSection(ProjectConfigurationPlatforms) = postSolution
		{D9FB04E5-D636-4EC2-A3AB-FAB1C4F37827}.Debug|.NET.ActiveCfg = Debug|Any CPU
		{D9FB04E5-D636-4EC2-A3AB-FAB1C4F37827}.Debug|Any CPU.ActiveCfg = Debug|Any CPU
		{D9FB04E5-D636-4EC2-A3AB-FAB1C4F37827}.Debug|Any CPU.Build.0 = Debug|Any CPU
		{D9FB04E5-D636-4EC2-A3AB-FAB1C4F37827}.Debug|Mixed Platforms.ActiveCfg = Debug|Any CPU
		{D9FB04E5-D636-4EC2-A3AB-FAB1C4F37827}.Debug|Mixed Platforms.Build.0 = Debug|Any CPU
		{D9FB04E5-D636-4EC2-A3AB-FAB1C4F37827}.Release|.NET.ActiveCfg = Release|Any CPU
		{D9FB04E5-D636-4EC2-A3AB-FAB1C4F37827}.Release|Any CPU.ActiveCfg = Release|Any CPU
		{D9FB04E5-D636-4EC2-A3AB-FAB1C4F37827}.Release|Any CPU.Build.0 = Release|Any CPU
		{D9FB04E5-D636-4EC2-A3AB-FAB1C4F37827}.Release|Mixed Platforms.ActiveCfg = Release|Any CPU
		{D9FB04E5-D636-4EC2-A3AB-FAB1C4F37827}.Release|Mixed Platforms.Build.0 = Release|Any CPU
		{284C0873-BBB4-4399-B6F7-CB7EDBD001C7}.Debug|.NET.ActiveCfg = Debug|Any CPU
		{284C0873-BBB4-4399-B6F7-CB7EDBD001C7}.Debug|Any CPU.ActiveCfg = Debug|Any CPU
		{284C0873-BBB4-4399-B6F7-CB7EDBD001C7}.Debug|Any CPU.Build.0 = Debug|Any CPU
		{284C0873-BBB4-4399-B6F7-CB7EDBD001C7}.Debug|Mixed Platforms.ActiveCfg = Debug|Any CPU
		{284C0873-BBB4-4399-B6F7-CB7EDBD001C7}.Debug|Mixed Platforms.Build.0 = Debug|Any CPU
		{284C0873-BBB4-4399-B6F7-CB7EDBD001C7}.Release|.NET.ActiveCfg = Release|Any CPU
		{284C0873-BBB4-4399-B6F7-CB7EDBD001C7}.Release|Any CPU.ActiveCfg = Release|Any CPU
		{284C0873-BBB4-4399-B6F7-CB7EDBD001C7}.Release|Any CPU.Build.0 = Release|Any CPU
		{284C0873-BBB4-4399-B6F7-CB7EDBD001C7}.Release|Mixed Platforms.ActiveCfg = Release|Any CPU
		{284C0873-BBB4-4399-B6F7-CB7EDBD001C7}.Release|Mixed Platforms.Build.0 = Release|Any CPU
		{78B542F5-0CE3-4EDD-ACF7-3B2C619ADFC1}.Debug|.NET.ActiveCfg = Debug|Any CPU
		{78B542F5-0CE3-4EDD-ACF7-3B2C619ADFC1}.Debug|Any CPU.ActiveCfg = Debug|Any CPU
		{78B542F5-0CE3-4EDD-ACF7-3B2C619ADFC1}.Debug|Any CPU.Build.0 = Debug|Any CPU
		{78B542F5-0CE3-4EDD-ACF7-3B2C619ADFC1}.Debug|Mixed Platforms.ActiveCfg = Debug|Any CPU
		{78B542F5-0CE3-4EDD-ACF7-3B2C619ADFC1}.Debug|Mixed Platforms.Build.0 = Debug|Any CPU
		{78B542F5-0CE3-4EDD-ACF7-3B2C619ADFC1}.Release|.NET.ActiveCfg = Release|Any CPU
		{78B542F5-0CE3-4EDD-ACF7-3B2C619ADFC1}.Release|Any CPU.ActiveCfg = Release|Any CPU
		{78B542F5-0CE3-4EDD-ACF7-3B2C619ADFC1}.Release|Any CPU.Build.0 = Release|Any CPU
		{78B542F5-0CE3-4EDD-ACF7-3B2C619ADFC1}.Release|Mixed Platforms.ActiveCfg = Release|Any CPU
		{78B542F5-0CE3-4EDD-ACF7-3B2C619ADFC1}.Release|Mixed Platforms.Build.0 = Release|Any CPU
		{F202BB75-CEFD-400B-9CD3-0914F466EBF5}.Debug|.NET.ActiveCfg = Debug|Any CPU
		{F202BB75-CEFD-400B-9CD3-0914F466EBF5}.Debug|Any CPU.ActiveCfg = Debug|Any CPU
		{F202BB75-CEFD-400B-9CD3-0914F466EBF5}.Debug|Any CPU.Build.0 = Debug|Any CPU
		{F202BB75-CEFD-400B-9CD3-0914F466EBF5}.Debug|Mixed Platforms.ActiveCfg = Debug|Any CPU
		{F202BB75-CEFD-400B-9CD3-0914F466EBF5}.Debug|Mixed Platforms.Build.0 = Debug|Any CPU
		{F202BB75-CEFD-400B-9CD3-0914F466EBF5}.Release|.NET.ActiveCfg = Release|Any CPU
		{F202BB75-CEFD-400B-9CD3-0914F466EBF5}.Release|Any CPU.ActiveCfg = Release|Any CPU
		{F202BB75-CEFD-400B-9CD3-0914F466EBF5}.Release|Any CPU.Build.0 = Release|Any CPU
		{F202BB75-CEFD-400B-9CD3-0914F466EBF5}.Release|Mixed Platforms.ActiveCfg = Release|Any CPU
		{F202BB75-CEFD-400B-9CD3-0914F466EBF5}.Release|Mixed Platforms.Build.0 = Release|Any CPU
		{6B34626E-8D2A-4387-BBB6-CB352D4DBDEC}.Debug|.NET.ActiveCfg = Debug|Any CPU
		{6B34626E-8D2A-4387-BBB6-CB352D4DBDEC}.Debug|Any CPU.ActiveCfg = Debug|Any CPU
		{6B34626E-8D2A-4387-BBB6-CB352D4DBDEC}.Debug|Any CPU.Build.0 = Debug|Any CPU
		{6B34626E-8D2A-4387-BBB6-CB352D4DBDEC}.Debug|Mixed Platforms.ActiveCfg = Debug|Any CPU
		{6B34626E-8D2A-4387-BBB6-CB352D4DBDEC}.Debug|Mixed Platforms.Build.0 = Debug|Any CPU
		{6B34626E-8D2A-4387-BBB6-CB352D4DBDEC}.Release|.NET.ActiveCfg = Release|Any CPU
		{6B34626E-8D2A-4387-BBB6-CB352D4DBDEC}.Release|Any CPU.ActiveCfg = Release|Any CPU
		{6B34626E-8D2A-4387-BBB6-CB352D4DBDEC}.Release|Any CPU.Build.0 = Release|Any CPU
		{6B34626E-8D2A-4387-BBB6-CB352D4DBDEC}.Release|Mixed Platforms.ActiveCfg = Release|Any CPU
		{6B34626E-8D2A-4387-BBB6-CB352D4DBDEC}.Release|Mixed Platforms.Build.0 = Release|Any CPU
		{75E2042D-1FCF-42F1-8FB9-0C6C40AE4ACD}.Debug|.NET.ActiveCfg = Debug|Any CPU
		{75E2042D-1FCF-42F1-8FB9-0C6C40AE4ACD}.Debug|Any CPU.ActiveCfg = Debug|Any CPU
		{75E2042D-1FCF-42F1-8FB9-0C6C40AE4ACD}.Debug|Any CPU.Build.0 = Debug|Any CPU
		{75E2042D-1FCF-42F1-8FB9-0C6C40AE4ACD}.Debug|Mixed Platforms.ActiveCfg = Debug|Any CPU
		{75E2042D-1FCF-42F1-8FB9-0C6C40AE4ACD}.Debug|Mixed Platforms.Build.0 = Debug|Any CPU
		{75E2042D-1FCF-42F1-8FB9-0C6C40AE4ACD}.Release|.NET.ActiveCfg = Release|Any CPU
		{75E2042D-1FCF-42F1-8FB9-0C6C40AE4ACD}.Release|Any CPU.ActiveCfg = Release|Any CPU
		{75E2042D-1FCF-42F1-8FB9-0C6C40AE4ACD}.Release|Any CPU.Build.0 = Release|Any CPU
		{75E2042D-1FCF-42F1-8FB9-0C6C40AE4ACD}.Release|Mixed Platforms.ActiveCfg = Release|Any CPU
		{75E2042D-1FCF-42F1-8FB9-0C6C40AE4ACD}.Release|Mixed Platforms.Build.0 = Release|Any CPU
		{08E648D8-FD43-4459-B997-1095E50FFD24}.Debug|.NET.ActiveCfg = Debug|Any CPU
		{08E648D8-FD43-4459-B997-1095E50FFD24}.Debug|Any CPU.ActiveCfg = Debug|Any CPU
		{08E648D8-FD43-4459-B997-1095E50FFD24}.Debug|Any CPU.Build.0 = Debug|Any CPU
		{08E648D8-FD43-4459-B997-1095E50FFD24}.Debug|Mixed Platforms.ActiveCfg = Debug|Any CPU
		{08E648D8-FD43-4459-B997-1095E50FFD24}.Debug|Mixed Platforms.Build.0 = Debug|Any CPU
		{08E648D8-FD43-4459-B997-1095E50FFD24}.Release|.NET.ActiveCfg = Release|Any CPU
		{08E648D8-FD43-4459-B997-1095E50FFD24}.Release|Any CPU.ActiveCfg = Release|Any CPU
		{08E648D8-FD43-4459-B997-1095E50FFD24}.Release|Any CPU.Build.0 = Release|Any CPU
		{08E648D8-FD43-4459-B997-1095E50FFD24}.Release|Mixed Platforms.ActiveCfg = Release|Any CPU
		{08E648D8-FD43-4459-B997-1095E50FFD24}.Release|Mixed Platforms.Build.0 = Release|Any CPU
	EndGlobalSection
	GlobalSection(SolutionProperties) = preSolution
		HideSolutionNode = FALSE
	EndGlobalSection
EndGlobal
