Microsoft Visual Studio Solution File, Format Version 8.00
Project("{FAE04EC0-301F-11D3-BF4B-00C04F79EFBC}") = "Spring.Calculator.Services.2003", "src\Spring.Calculator.Services\Spring.Calculator.Services.2003.csproj", "{D9FB04E5-D636-4EC2-A3AB-FAB1C4F37827}"
	ProjectSection(ProjectDependencies) = postProject
	EndProjectSection
EndProject
Project("{FAE04EC0-301F-11D3-BF4B-00C04F79EFBC}") = "Spring.Calculator.Contract.2003", "src\Spring.Calculator.Contract\Spring.Calculator.Contract.2003.csproj", "{284C0873-BBB4-4399-B6F7-CB7EDBD001C7}"
	ProjectSection(ProjectDependencies) = postProject
	EndProjectSection
EndProject
Project("{FAE04EC0-301F-11D3-BF4B-00C04F79EFBC}") = "Spring.Calculator.RemoteApp.2003", "src\Spring.Calculator.RemoteApp\Spring.Calculator.RemoteApp.2003.csproj", "{78B542F5-0CE3-4EDD-ACF7-3B2C619ADFC1}"
	ProjectSection(ProjectDependencies) = postProject
	EndProjectSection
EndProject
Project("{FAE04EC0-301F-11D3-BF4B-00C04F79EFBC}") = "Spring.Calculator.ClientApp.2003", "src\Spring.Calculator.ClientApp\Spring.Calculator.ClientApp.2003.csproj", "{F202BB75-CEFD-400B-9CD3-0914F466EBF5}"
	ProjectSection(ProjectDependencies) = postProject
	EndProjectSection
EndProject
Project("{FAE04EC0-301F-11D3-BF4B-00C04F79EFBC}") = "Spring.Calculator.Web.2003", "http://localhost/Spring.Calculator.2003/Spring.Calculator.Web.2003.csproj", "{1AA797F9-51F7-43FE-BDFE-6AC8C1CACC0B}"
	ProjectSection(ProjectDependencies) = postProject
	EndProjectSection
EndProject
Project("{FAE04EC0-301F-11D3-BF4B-00C04F79EFBC}") = "Spring.Aspects.2003", "src\Spring.Aspects\Spring.Aspects.2003.csproj", "{6B34626E-8D2A-4387-BBB6-CB352D4DBDEC}"
	ProjectSection(ProjectDependencies) = postProject
	EndProjectSection
EndProject
Project("{FAE04EC0-301F-11D3-BF4B-00C04F79EFBC}") = "Spring.Calculator.RegisterComponentServices.2003", "src\Spring.Calculator.RegisterComponentServices\Spring.Calculator.RegisterComponentServices.2003.csproj", "{75E2042D-1FCF-42F1-8FB9-0C6C40AE4ACD}"
	ProjectSection(ProjectDependencies) = postProject
	EndProjectSection
EndProject
Global
	GlobalSection(SolutionConfiguration) = preSolution
		Debug-1.1 = Debug-1.1
		Release-1.1 = Release-1.1
	EndGlobalSection
	GlobalSection(ProjectDependencies) = postSolution
	EndGlobalSection
	GlobalSection(ProjectConfiguration) = postSolution
		{D9FB04E5-D636-4EC2-A3AB-FAB1C4F37827}.Debug-1.1.ActiveCfg = Debug-1.1|.NET
		{D9FB04E5-D636-4EC2-A3AB-FAB1C4F37827}.Debug-1.1.Build.0 = Debug-1.1|.NET
		{D9FB04E5-D636-4EC2-A3AB-FAB1C4F37827}.Release-1.1.ActiveCfg = Release-1.1|.NET
		{D9FB04E5-D636-4EC2-A3AB-FAB1C4F37827}.Release-1.1.Build.0 = Release-1.1|.NET
		{284C0873-BBB4-4399-B6F7-CB7EDBD001C7}.Debug-1.1.ActiveCfg = Debug-1.1|.NET
		{284C0873-BBB4-4399-B6F7-CB7EDBD001C7}.Debug-1.1.Build.0 = Debug-1.1|.NET
		{284C0873-BBB4-4399-B6F7-CB7EDBD001C7}.Release-1.1.ActiveCfg = Release-1.1|.NET
		{284C0873-BBB4-4399-B6F7-CB7EDBD001C7}.Release-1.1.Build.0 = Release-1.1|.NET
		{78B542F5-0CE3-4EDD-ACF7-3B2C619ADFC1}.Debug-1.1.ActiveCfg = Debug-1.1|.NET
		{78B542F5-0CE3-4EDD-ACF7-3B2C619ADFC1}.Debug-1.1.Build.0 = Debug-1.1|.NET
		{78B542F5-0CE3-4EDD-ACF7-3B2C619ADFC1}.Release-1.1.ActiveCfg = Release-1.1|.NET
		{78B542F5-0CE3-4EDD-ACF7-3B2C619ADFC1}.Release-1.1.Build.0 = Release-1.1|.NET
		{F202BB75-CEFD-400B-9CD3-0914F466EBF5}.Debug-1.1.ActiveCfg = Debug-1.1|.NET
		{F202BB75-CEFD-400B-9CD3-0914F466EBF5}.Debug-1.1.Build.0 = Debug-1.1|.NET
		{F202BB75-CEFD-400B-9CD3-0914F466EBF5}.Release-1.1.ActiveCfg = Release-1.1|.NET
		{F202BB75-CEFD-400B-9CD3-0914F466EBF5}.Release-1.1.Build.0 = Release-1.1|.NET
		{1AA797F9-51F7-43FE-BDFE-6AC8C1CACC0B}.Debug-1.1.ActiveCfg = Debug|.NET
		{1AA797F9-51F7-43FE-BDFE-6AC8C1CACC0B}.Debug-1.1.Build.0 = Debug|.NET
		{1AA797F9-51F7-43FE-BDFE-6AC8C1CACC0B}.Release-1.1.ActiveCfg = Release|.NET
		{1AA797F9-51F7-43FE-BDFE-6AC8C1CACC0B}.Release-1.1.Build.0 = Release|.NET
		{6B34626E-8D2A-4387-BBB6-CB352D4DBDEC}.Debug-1.1.ActiveCfg = Debug-1.1|.NET
		{6B34626E-8D2A-4387-BBB6-CB352D4DBDEC}.Debug-1.1.Build.0 = Debug-1.1|.NET
		{6B34626E-8D2A-4387-BBB6-CB352D4DBDEC}.Release-1.1.ActiveCfg = Release-1.1|.NET
		{6B34626E-8D2A-4387-BBB6-CB352D4DBDEC}.Release-1.1.Build.0 = Release-1.1|.NET
		{75E2042D-1FCF-42F1-8FB9-0C6C40AE4ACD}.Debug-1.1.ActiveCfg = Debug-1.1|.NET
		{75E2042D-1FCF-42F1-8FB9-0C6C40AE4ACD}.Debug-1.1.Build.0 = Debug-1.1|.NET
		{75E2042D-1FCF-42F1-8FB9-0C6C40AE4ACD}.Release-1.1.ActiveCfg = Release-1.1|.NET
		{75E2042D-1FCF-42F1-8FB9-0C6C40AE4ACD}.Release-1.1.Build.0 = Release-1.1|.NET
	EndGlobalSection
	GlobalSection(SolutionItems) = postSolution
		readme.txt = readme.txt
		SpringCalculator.snk = SpringCalculator.snk
	EndGlobalSection
	GlobalSection(ExtensibilityGlobals) = postSolution
	EndGlobalSection
	GlobalSection(ExtensibilityAddIns) = postSolution
	EndGlobalSection
EndGlobal
