Microsoft Visual Studio Solution File, Format Version 8.00
Project("{FAE04EC0-301F-11D3-BF4B-00C04F79EFBC}") = "Spring.AopQuickStart.Common.2003", "src\Spring.AopQuickStart.Common\Spring.AopQuickStart.Common.2003.csproj", "{C707543A-8F0E-4483-AECC-BC6EE14C3A29}"
	ProjectSection(ProjectDependencies) = postProject
	EndProjectSection
EndProject
Project("{FAE04EC0-301F-11D3-BF4B-00C04F79EFBC}") = "Spring.AopQuickStart.Step1.2003", "src\Spring.AopQuickStart.Step1\Spring.AopQuickStart.Step1.2003.csproj", "{72D32026-23F5-4C62-8E6C-BFB30210BFD3}"
	ProjectSection(ProjectDependencies) = postProject
	EndProjectSection
EndProject
Project("{FAE04EC0-301F-11D3-BF4B-00C04F79EFBC}") = "Spring.AopQuickStart.Step2.2003", "src\Spring.AopQuickStart.Step2\Spring.AopQuickStart.Step2.2003.csproj", "{202672D3-F523-4C62-8E6C-BFB30210BFD3}"
	ProjectSection(ProjectDependencies) = postProject
	EndProjectSection
EndProject
Project("{FAE04EC0-301F-11D3-BF4B-00C04F79EFBC}") = "Spring.AopQuickStart.Step3.2003", "src\Spring.AopQuickStart.Step3\Spring.AopQuickStart.Step3.2003.csproj", "{BFB30210-4C62-F523-8E6C-202672D3BFD3}"
	ProjectSection(ProjectDependencies) = postProject
	EndProjectSection
EndProject
Project("{FAE04EC0-301F-11D3-BF4B-00C04F79EFBC}") = "Spring.AopQuickStart.Step4.2003", "src\Spring.AopQuickStart.Step4\Spring.AopQuickStart.Step4.2003.csproj", "{672D3BFD-4C62-F523-8E6C-20BFB3021023}"
	ProjectSection(ProjectDependencies) = postProject
	EndProjectSection
EndProject
Project("{FAE04EC0-301F-11D3-BF4B-00C04F79EFBC}") = "Spring.AopQuickStart.Step5.2003", "src\Spring.AopQuickStart.Step5\Spring.AopQuickStart.Step5.2003.csproj", "{F5233BFD-8E6C-FB30-4C62-20BFB3021023}"
	ProjectSection(ProjectDependencies) = postProject
	EndProjectSection
EndProject
Project("{FAE04EC0-301F-11D3-BF4B-00C04F79EFBC}") = "Spring.AopQuickStart.Step6.2003", "src\Spring.AopQuickStart.Step6\Spring.AopQuickStart.Step6.2003.csproj", "{8E620210-4D33-F523-BF6C-202672CBBFD3}"
	ProjectSection(ProjectDependencies) = postProject
	EndProjectSection
EndProject
Project("{FAE04EC0-301F-11D3-BF4B-00C04F79EFBC}") = "Spring.AopQuickStart.Step7.2003", "src\Spring.AopQuickStart.Step7\Spring.AopQuickStart.Step7.2003.csproj", "{FAE04EC0-301F-11D3-BF4B-00C04F79EFBC}"
	ProjectSection(ProjectDependencies) = postProject
	EndProjectSection
EndProject
Global
	GlobalSection(SolutionConfiguration) = preSolution
		Debug = Debug
		Release = Release
	EndGlobalSection
	GlobalSection(ProjectConfiguration) = postSolution
		{C707543A-8F0E-4483-AECC-BC6EE14C3A29}.Debug.ActiveCfg = Debug|.NET
		{C707543A-8F0E-4483-AECC-BC6EE14C3A29}.Debug.Build.0 = Debug|.NET
		{C707543A-8F0E-4483-AECC-BC6EE14C3A29}.Release.ActiveCfg = Release|.NET
		{C707543A-8F0E-4483-AECC-BC6EE14C3A29}.Release.Build.0 = Release|.NET
		{72D32026-23F5-4C62-8E6C-BFB30210BFD3}.Debug.ActiveCfg = Debug|.NET
		{72D32026-23F5-4C62-8E6C-BFB30210BFD3}.Debug.Build.0 = Debug|.NET
		{72D32026-23F5-4C62-8E6C-BFB30210BFD3}.Release.ActiveCfg = Release|.NET
		{72D32026-23F5-4C62-8E6C-BFB30210BFD3}.Release.Build.0 = Release|.NET
		{202672D3-F523-4C62-8E6C-BFB30210BFD3}.Debug.ActiveCfg = Debug|.NET
		{202672D3-F523-4C62-8E6C-BFB30210BFD3}.Debug.Build.0 = Debug|.NET
		{202672D3-F523-4C62-8E6C-BFB30210BFD3}.Release.ActiveCfg = Release|.NET
		{202672D3-F523-4C62-8E6C-BFB30210BFD3}.Release.Build.0 = Release|.NET
		{BFB30210-4C62-F523-8E6C-202672D3BFD3}.Debug.ActiveCfg = Debug|.NET
		{BFB30210-4C62-F523-8E6C-202672D3BFD3}.Debug.Build.0 = Debug|.NET
		{BFB30210-4C62-F523-8E6C-202672D3BFD3}.Release.ActiveCfg = Release|.NET
		{BFB30210-4C62-F523-8E6C-202672D3BFD3}.Release.Build.0 = Release|.NET
		{672D3BFD-4C62-F523-8E6C-20BFB3021023}.Debug.ActiveCfg = Debug|.NET
		{672D3BFD-4C62-F523-8E6C-20BFB3021023}.Debug.Build.0 = Debug|.NET
		{672D3BFD-4C62-F523-8E6C-20BFB3021023}.Release.ActiveCfg = Release|.NET
		{672D3BFD-4C62-F523-8E6C-20BFB3021023}.Release.Build.0 = Release|.NET
		{F5233BFD-8E6C-FB30-4C62-20BFB3021023}.Debug.ActiveCfg = Debug|.NET
		{F5233BFD-8E6C-FB30-4C62-20BFB3021023}.Debug.Build.0 = Debug|.NET
		{F5233BFD-8E6C-FB30-4C62-20BFB3021023}.Release.ActiveCfg = Release|.NET
		{F5233BFD-8E6C-FB30-4C62-20BFB3021023}.Release.Build.0 = Release|.NET
		{8E620210-4D33-F523-BF6C-202672CBBFD3}.Debug.ActiveCfg = Debug|.NET
		{8E620210-4D33-F523-BF6C-202672CBBFD3}.Debug.Build.0 = Debug|.NET
		{8E620210-4D33-F523-BF6C-202672CBBFD3}.Release.ActiveCfg = Release|.NET
		{8E620210-4D33-F523-BF6C-202672CBBFD3}.Release.Build.0 = Release|.NET
		{FAE04EC0-301F-11D3-BF4B-00C04F79EFBC}.Debug.ActiveCfg = Debug|.NET
		{FAE04EC0-301F-11D3-BF4B-00C04F79EFBC}.Debug.Build.0 = Debug|.NET
		{FAE04EC0-301F-11D3-BF4B-00C04F79EFBC}.Release.ActiveCfg = Release|.NET
		{FAE04EC0-301F-11D3-BF4B-00C04F79EFBC}.Release.Build.0 = Release|.NET
	EndGlobalSection
	GlobalSection(SolutionItems) = postSolution
		readme.txt = readme.txt
	EndGlobalSection
	GlobalSection(ExtensibilityGlobals) = postSolution
	EndGlobalSection
	GlobalSection(ExtensibilityAddIns) = postSolution
	EndGlobalSection
EndGlobal
