
Microsoft Visual Studio Solution File, Format Version 9.00
# Visual Studio 2005
Project("{E24C65DC-7377-472B-9ABA-BC803B73C61A}") = "L:\...\Spring.Web.Extensions.Example.2005\", "src\Spring.Web.Extensions.Example.2005\", "{DE2A587C-01A4-49E2-A3CD-664B293A8A6F}"
	ProjectSection(WebsiteProperties) = preProject
		ProjectReferences = ""
		Debug.AspNetCompiler.VirtualPath = "/Spring.Web.Extensions.Example.2005"
		Debug.AspNetCompiler.PhysicalPath = "src\Spring.Web.Extensions.Example.2005\"
		Debug.AspNetCompiler.TargetPath = "PrecompiledWeb\Spring.Web.Extensions.Example.2005\"
		Debug.AspNetCompiler.Updateable = "true"
		Debug.AspNetCompiler.ForceOverwrite = "true"
		Debug.AspNetCompiler.FixedNames = "false"
		Debug.AspNetCompiler.Debug = "True"
		Release.AspNetCompiler.VirtualPath = "/Spring.Web.Extensions.Example.2005"
		Release.AspNetCompiler.PhysicalPath = "src\Spring.Web.Extensions.Example.2005\"
		Release.AspNetCompiler.TargetPath = "PrecompiledWeb\Spring.Web.Extensions.Example.2005\"
		Release.AspNetCompiler.Updateable = "true"
		Release.AspNetCompiler.ForceOverwrite = "true"
		Release.AspNetCompiler.FixedNames = "false"
		Release.AspNetCompiler.Debug = "False"
		VWDPort = "3792"
	EndProjectSection
EndProject
Global
	GlobalSection(SolutionConfigurationPlatforms) = preSolution
		Debug|.NET = Debug|.NET
		Debug|Any CPU = Debug|Any CPU
		Debug|Mixed Platforms = Debug|Mixed Platforms
		Release|.NET = Release|.NET
		Release|Any CPU = Release|Any CPU
		Release|Mixed Platforms = Release|Mixed Platforms
	EndGlobalSection
	GlobalSection(ProjectConfigurationPlatforms) = postSolution
		{DE2A587C-01A4-49E2-A3CD-664B293A8A6F}.Debug|.NET.ActiveCfg = Debug|.NET
		{DE2A587C-01A4-49E2-A3CD-664B293A8A6F}.Debug|.NET.Build.0 = Debug|.NET
		{DE2A587C-01A4-49E2-A3CD-664B293A8A6F}.Debug|Any CPU.ActiveCfg = Debug|.NET
		{DE2A587C-01A4-49E2-A3CD-664B293A8A6F}.Debug|Mixed Platforms.ActiveCfg = Debug|.NET
		{DE2A587C-01A4-49E2-A3CD-664B293A8A6F}.Debug|Mixed Platforms.Build.0 = Debug|.NET
		{DE2A587C-01A4-49E2-A3CD-664B293A8A6F}.Release|.NET.ActiveCfg = Debug|.NET
		{DE2A587C-01A4-49E2-A3CD-664B293A8A6F}.Release|.NET.Build.0 = Debug|.NET
		{DE2A587C-01A4-49E2-A3CD-664B293A8A6F}.Release|Any CPU.ActiveCfg = Debug|.NET
		{DE2A587C-01A4-49E2-A3CD-664B293A8A6F}.Release|Mixed Platforms.ActiveCfg = Debug|.NET
		{DE2A587C-01A4-49E2-A3CD-664B293A8A6F}.Release|Mixed Platforms.Build.0 = Debug|.NET
	EndGlobalSection
	GlobalSection(SolutionProperties) = preSolution
		HideSolutionNode = FALSE
	EndGlobalSection
EndGlobal
