Microsoft Visual Studio Solution File, Format Version 8.00
Project("{FAE04EC0-301F-11D3-BF4B-00C04F79EFBC}") = "Spring.IocQuickStart.MovieFinder.2003", "src/Spring.IocQuickStart.MovieFinder.2003.csproj", "{C261D9ED-85C3-4B35-BE48-7156F5B17430}"
	ProjectSection(ProjectDependencies) = postProject
	EndProjectSection
EndProject
Global
	GlobalSection(SolutionConfiguration) = preSolution
		Debug = Debug
		Release = Release
	EndGlobalSection
	GlobalSection(ProjectConfiguration) = postSolution
		{C261D9ED-85C3-4B35-BE48-7156F5B17430}.Debug.ActiveCfg = Debug|.NET
		{C261D9ED-85C3-4B35-BE48-7156F5B17430}.Debug.Build.0 = Debug|.NET
		{C261D9ED-85C3-4B35-BE48-7156F5B17430}.Release.ActiveCfg = Release|.NET
		{C261D9ED-85C3-4B35-BE48-7156F5B17430}.Release.Build.0 = Release|.NET
	EndGlobalSection
	GlobalSection(ExtensibilityGlobals) = postSolution
	EndGlobalSection
	GlobalSection(ExtensibilityAddIns) = postSolution
	EndGlobalSection
EndGlobal
