Microsoft Visual Studio Solution File, Format Version 11.00
# Visual Studio 2010
Project("{FAE04EC0-301F-11D3-BF4B-00C04F79EFBC}") = "Spring.IocQuickStart.MovieFinder.2010", "src\Spring.IocQuickStart.MovieFinder.csproj", "{C261D9ED-85C3-4B35-BE48-7156F5B17430}"
EndProject
Global
	GlobalSection(SolutionConfigurationPlatforms) = preSolution
		Debug|Any CPU = Debug|Any CPU
		Release|Any CPU = Release|Any CPU
	EndGlobalSection
	GlobalSection(ProjectConfigurationPlatforms) = postSolution
		{C261D9ED-85C3-4B35-BE48-7156F5B17430}.Debug|Any CPU.ActiveCfg = Debug|Any CPU
		{C261D9ED-85C3-4B35-BE48-7156F5B17430}.Debug|Any CPU.Build.0 = Debug|Any CPU
		{C261D9ED-85C3-4B35-BE48-7156F5B17430}.Release|Any CPU.ActiveCfg = Release|Any CPU
		{C261D9ED-85C3-4B35-BE48-7156F5B17430}.Release|Any CPU.Build.0 = Release|Any CPU
	EndGlobalSection
	GlobalSection(SolutionProperties) = preSolution
		HideSolutionNode = FALSE
	EndGlobalSection
EndGlobal
