
Microsoft Visual Studio Solution File, Format Version 11.00
# Visual Studio 2010
Project("{FAE04EC0-301F-11D3-BF4B-00C04F79EFBC}") = "Spring.Mvc4QuickStart", "Spring.Mvc4QuickStart\Spring.Mvc4QuickStart.csproj", "{A283911F-826C-4722-BD37-D1B3D9350932}"
EndProject
Global
	GlobalSection(SolutionConfigurationPlatforms) = preSolution
		CodeCoverage|Any CPU = CodeCoverage|Any CPU
		Debug|Any CPU = Debug|Any CPU
		Release|Any CPU = Release|Any CPU
	EndGlobalSection
	GlobalSection(ProjectConfigurationPlatforms) = postSolution
		{A283911F-826C-4722-BD37-D1B3D9350932}.CodeCoverage|Any CPU.ActiveCfg = Release|Any CPU
		{A283911F-826C-4722-BD37-D1B3D9350932}.CodeCoverage|Any CPU.Build.0 = Release|Any CPU
		{A283911F-826C-4722-BD37-D1B3D9350932}.Debug|Any CPU.ActiveCfg = Debug|Any CPU
		{A283911F-826C-4722-BD37-D1B3D9350932}.Debug|Any CPU.Build.0 = Debug|Any CPU
		{A283911F-826C-4722-BD37-D1B3D9350932}.Release|Any CPU.ActiveCfg = Release|Any CPU
		{A283911F-826C-4722-BD37-D1B3D9350932}.Release|Any CPU.Build.0 = Release|Any CPU
	EndGlobalSection
	GlobalSection(SolutionProperties) = preSolution
		HideSolutionNode = FALSE
	EndGlobalSection
EndGlobal
