Microsoft Visual Studio Solution File, Format Version 10.00
# Visual Studio 2008
Project("{2150E333-8FDC-42A3-9474-1A3956D46DE8}") = "Solution Items", "Solution Items", "{F04753EF-7A1B-4837-AB63-8C0821E8155D}"
	ProjectSection(SolutionItems) = preProject
		Spring.build = Spring.build
	EndProjectSection
EndProject
Project("{2150E333-8FDC-42A3-9474-1A3956D46DE8}") = "Core", "Core", "{438FE108-6F55-4C8A-8BF4-C85D0906D134}"
EndProject
Project("{2150E333-8FDC-42A3-9474-1A3956D46DE8}") = "Tests", "Tests", "{5ECE7B2B-6975-4800-982E-618794909499}"
EndProject
Project("{FAE04EC0-301F-11D3-BF4B-00C04F79EFBC}") = "Spring.Core.2008", "..\..\src\Spring\Spring.Core\Spring.Core.2008.csproj", "{710961A3-0DF4-49E4-A26E-F5B9C044AC84}"
EndProject
Project("{FAE04EC0-301F-11D3-BF4B-00C04F79EFBC}") = "Spring.Aop.2008", "..\..\src\Spring\Spring.Aop\Spring.Aop.2008.csproj", "{3A3A4E65-45A6-4B20-B460-0BEDC302C02C}"
EndProject
Project("{FAE04EC0-301F-11D3-BF4B-00C04F79EFBC}") = "Spring.Data.2008", "..\..\src\Spring\Spring.Data\Spring.Data.2008.csproj", "{AE00E5AB-C39A-436F-86D2-33BFE33E2E40}"
EndProject
Project("{FAE04EC0-301F-11D3-BF4B-00C04F79EFBC}") = "Spring.Scheduling.Quartz.2008", "..\..\src\Spring\Spring.Scheduling.Quartz\Spring.Scheduling.Quartz.2008.csproj", "{E823D54C-CE82-4868-929F-5F95A999F61E}"
EndProject
Project("{FAE04EC0-301F-11D3-BF4B-00C04F79EFBC}") = "Spring.Scheduling.Quartz.Tests.2008", "..\..\test\Spring\Spring.Scheduling.Quartz.Tests\Spring.Scheduling.Quartz.Tests.2008.csproj", "{9FE720ED-2BD9-4FB9-89C8-FFFA4A491CB5}"
EndProject
Project("{FAE04EC0-301F-11D3-BF4B-00C04F79EFBC}") = "Spring.Scheduling.Quartz.Integration.Tests.2008", "..\..\test\Spring\Spring.Scheduling.Quartz.Integration.Tests\Spring.Scheduling.Quartz.Integration.Tests.2008.csproj", "{E4328F68-C3FC-43E2-9D63-30CEC55215B0}"
EndProject
Project("{FAE04EC0-301F-11D3-BF4B-00C04F79EFBC}") = "Spring.Core.Tests.2008", "..\..\test\Spring\Spring.Core.Tests\Spring.Core.Tests.2008.csproj", "{44B16BAA-6DF8-447C-9D7F-3AD3D854D904}"
EndProject
Global
	GlobalSection(SolutionConfigurationPlatforms) = preSolution
		Debug|.NET = Debug|.NET
		Debug|Any CPU = Debug|Any CPU
		Debug|Mixed Platforms = Debug|Mixed Platforms
		Release|.NET = Release|.NET
		Release|Any CPU = Release|Any CPU
		Release|Mixed Platforms = Release|Mixed Platforms
	EndGlobalSection
	GlobalSection(ProjectConfigurationPlatforms) = postSolution
		{710961A3-0DF4-49E4-A26E-F5B9C044AC84}.Debug|.NET.ActiveCfg = Debug|Any CPU
		{710961A3-0DF4-49E4-A26E-F5B9C044AC84}.Debug|.NET.Build.0 = Debug|Any CPU
		{710961A3-0DF4-49E4-A26E-F5B9C044AC84}.Debug|Any CPU.ActiveCfg = Debug|Any CPU
		{710961A3-0DF4-49E4-A26E-F5B9C044AC84}.Debug|Any CPU.Build.0 = Debug|Any CPU
		{710961A3-0DF4-49E4-A26E-F5B9C044AC84}.Debug|Mixed Platforms.ActiveCfg = Debug|Any CPU
		{710961A3-0DF4-49E4-A26E-F5B9C044AC84}.Debug|Mixed Platforms.Build.0 = Debug|Any CPU
		{710961A3-0DF4-49E4-A26E-F5B9C044AC84}.Release|.NET.ActiveCfg = Release|Any CPU
		{710961A3-0DF4-49E4-A26E-F5B9C044AC84}.Release|.NET.Build.0 = Release|Any CPU
		{710961A3-0DF4-49E4-A26E-F5B9C044AC84}.Release|Any CPU.ActiveCfg = Release|Any CPU
		{710961A3-0DF4-49E4-A26E-F5B9C044AC84}.Release|Any CPU.Build.0 = Release|Any CPU
		{710961A3-0DF4-49E4-A26E-F5B9C044AC84}.Release|Mixed Platforms.ActiveCfg = Release|Any CPU
		{710961A3-0DF4-49E4-A26E-F5B9C044AC84}.Release|Mixed Platforms.Build.0 = Release|Any CPU
		{3A3A4E65-45A6-4B20-B460-0BEDC302C02C}.Debug|.NET.ActiveCfg = Debug|Any CPU
		{3A3A4E65-45A6-4B20-B460-0BEDC302C02C}.Debug|.NET.Build.0 = Debug|Any CPU
		{3A3A4E65-45A6-4B20-B460-0BEDC302C02C}.Debug|Any CPU.ActiveCfg = Debug|Any CPU
		{3A3A4E65-45A6-4B20-B460-0BEDC302C02C}.Debug|Any CPU.Build.0 = Debug|Any CPU
		{3A3A4E65-45A6-4B20-B460-0BEDC302C02C}.Debug|Mixed Platforms.ActiveCfg = Debug|Any CPU
		{3A3A4E65-45A6-4B20-B460-0BEDC302C02C}.Debug|Mixed Platforms.Build.0 = Debug|Any CPU
		{3A3A4E65-45A6-4B20-B460-0BEDC302C02C}.Release|.NET.ActiveCfg = Release|Any CPU
		{3A3A4E65-45A6-4B20-B460-0BEDC302C02C}.Release|.NET.Build.0 = Release|Any CPU
		{3A3A4E65-45A6-4B20-B460-0BEDC302C02C}.Release|Any CPU.ActiveCfg = Release|Any CPU
		{3A3A4E65-45A6-4B20-B460-0BEDC302C02C}.Release|Any CPU.Build.0 = Release|Any CPU
		{3A3A4E65-45A6-4B20-B460-0BEDC302C02C}.Release|Mixed Platforms.ActiveCfg = Release|Any CPU
		{3A3A4E65-45A6-4B20-B460-0BEDC302C02C}.Release|Mixed Platforms.Build.0 = Release|Any CPU
		{AE00E5AB-C39A-436F-86D2-33BFE33E2E40}.Debug|.NET.ActiveCfg = Debug|Any CPU
		{AE00E5AB-C39A-436F-86D2-33BFE33E2E40}.Debug|.NET.Build.0 = Debug|Any CPU
		{AE00E5AB-C39A-436F-86D2-33BFE33E2E40}.Debug|Any CPU.ActiveCfg = Debug|Any CPU
		{AE00E5AB-C39A-436F-86D2-33BFE33E2E40}.Debug|Any CPU.Build.0 = Debug|Any CPU
		{AE00E5AB-C39A-436F-86D2-33BFE33E2E40}.Debug|Mixed Platforms.ActiveCfg = Debug|Any CPU
		{AE00E5AB-C39A-436F-86D2-33BFE33E2E40}.Debug|Mixed Platforms.Build.0 = Debug|Any CPU
		{AE00E5AB-C39A-436F-86D2-33BFE33E2E40}.Release|.NET.ActiveCfg = Release|Any CPU
		{AE00E5AB-C39A-436F-86D2-33BFE33E2E40}.Release|.NET.Build.0 = Release|Any CPU
		{AE00E5AB-C39A-436F-86D2-33BFE33E2E40}.Release|Any CPU.ActiveCfg = Release|Any CPU
		{AE00E5AB-C39A-436F-86D2-33BFE33E2E40}.Release|Any CPU.Build.0 = Release|Any CPU
		{AE00E5AB-C39A-436F-86D2-33BFE33E2E40}.Release|Mixed Platforms.ActiveCfg = Release|Any CPU
		{AE00E5AB-C39A-436F-86D2-33BFE33E2E40}.Release|Mixed Platforms.Build.0 = Release|Any CPU
		{E823D54C-CE82-4868-929F-5F95A999F61E}.Debug|.NET.ActiveCfg = Debug|Any CPU
		{E823D54C-CE82-4868-929F-5F95A999F61E}.Debug|Any CPU.ActiveCfg = Debug|Any CPU
		{E823D54C-CE82-4868-929F-5F95A999F61E}.Debug|Any CPU.Build.0 = Debug|Any CPU
		{E823D54C-CE82-4868-929F-5F95A999F61E}.Debug|Mixed Platforms.ActiveCfg = Debug|Any CPU
		{E823D54C-CE82-4868-929F-5F95A999F61E}.Debug|Mixed Platforms.Build.0 = Debug|Any CPU
		{E823D54C-CE82-4868-929F-5F95A999F61E}.Release|.NET.ActiveCfg = Release|Any CPU
		{E823D54C-CE82-4868-929F-5F95A999F61E}.Release|Any CPU.ActiveCfg = Release|Any CPU
		{E823D54C-CE82-4868-929F-5F95A999F61E}.Release|Any CPU.Build.0 = Release|Any CPU
		{E823D54C-CE82-4868-929F-5F95A999F61E}.Release|Mixed Platforms.ActiveCfg = Release|Any CPU
		{E823D54C-CE82-4868-929F-5F95A999F61E}.Release|Mixed Platforms.Build.0 = Release|Any CPU
		{9FE720ED-2BD9-4FB9-89C8-FFFA4A491CB5}.Debug|.NET.ActiveCfg = Debug|Any CPU
		{9FE720ED-2BD9-4FB9-89C8-FFFA4A491CB5}.Debug|Any CPU.ActiveCfg = Debug|Any CPU
		{9FE720ED-2BD9-4FB9-89C8-FFFA4A491CB5}.Debug|Any CPU.Build.0 = Debug|Any CPU
		{9FE720ED-2BD9-4FB9-89C8-FFFA4A491CB5}.Debug|Mixed Platforms.ActiveCfg = Debug|Any CPU
		{9FE720ED-2BD9-4FB9-89C8-FFFA4A491CB5}.Debug|Mixed Platforms.Build.0 = Debug|Any CPU
		{9FE720ED-2BD9-4FB9-89C8-FFFA4A491CB5}.Release|.NET.ActiveCfg = Release|Any CPU
		{9FE720ED-2BD9-4FB9-89C8-FFFA4A491CB5}.Release|Any CPU.ActiveCfg = Release|Any CPU
		{9FE720ED-2BD9-4FB9-89C8-FFFA4A491CB5}.Release|Any CPU.Build.0 = Release|Any CPU
		{9FE720ED-2BD9-4FB9-89C8-FFFA4A491CB5}.Release|Mixed Platforms.ActiveCfg = Release|Any CPU
		{9FE720ED-2BD9-4FB9-89C8-FFFA4A491CB5}.Release|Mixed Platforms.Build.0 = Release|Any CPU
		{E4328F68-C3FC-43E2-9D63-30CEC55215B0}.Debug|.NET.ActiveCfg = Debug|Any CPU
		{E4328F68-C3FC-43E2-9D63-30CEC55215B0}.Debug|Any CPU.ActiveCfg = Debug|Any CPU
		{E4328F68-C3FC-43E2-9D63-30CEC55215B0}.Debug|Any CPU.Build.0 = Debug|Any CPU
		{E4328F68-C3FC-43E2-9D63-30CEC55215B0}.Debug|Mixed Platforms.ActiveCfg = Debug|Any CPU
		{E4328F68-C3FC-43E2-9D63-30CEC55215B0}.Debug|Mixed Platforms.Build.0 = Debug|Any CPU
		{E4328F68-C3FC-43E2-9D63-30CEC55215B0}.Release|.NET.ActiveCfg = Release|Any CPU
		{E4328F68-C3FC-43E2-9D63-30CEC55215B0}.Release|Any CPU.ActiveCfg = Release|Any CPU
		{E4328F68-C3FC-43E2-9D63-30CEC55215B0}.Release|Any CPU.Build.0 = Release|Any CPU
		{E4328F68-C3FC-43E2-9D63-30CEC55215B0}.Release|Mixed Platforms.ActiveCfg = Release|Any CPU
		{E4328F68-C3FC-43E2-9D63-30CEC55215B0}.Release|Mixed Platforms.Build.0 = Release|Any CPU
		{44B16BAA-6DF8-447C-9D7F-3AD3D854D904}.Debug|.NET.ActiveCfg = Debug|Any CPU
		{44B16BAA-6DF8-447C-9D7F-3AD3D854D904}.Debug|Any CPU.ActiveCfg = Debug|Any CPU
		{44B16BAA-6DF8-447C-9D7F-3AD3D854D904}.Debug|Any CPU.Build.0 = Debug|Any CPU
		{44B16BAA-6DF8-447C-9D7F-3AD3D854D904}.Debug|Mixed Platforms.ActiveCfg = Debug|Any CPU
		{44B16BAA-6DF8-447C-9D7F-3AD3D854D904}.Debug|Mixed Platforms.Build.0 = Debug|Any CPU
		{44B16BAA-6DF8-447C-9D7F-3AD3D854D904}.Release|.NET.ActiveCfg = Release|Any CPU
		{44B16BAA-6DF8-447C-9D7F-3AD3D854D904}.Release|Any CPU.ActiveCfg = Release|Any CPU
		{44B16BAA-6DF8-447C-9D7F-3AD3D854D904}.Release|Any CPU.Build.0 = Release|Any CPU
		{44B16BAA-6DF8-447C-9D7F-3AD3D854D904}.Release|Mixed Platforms.ActiveCfg = Release|Any CPU
		{44B16BAA-6DF8-447C-9D7F-3AD3D854D904}.Release|Mixed Platforms.Build.0 = Release|Any CPU
	EndGlobalSection
	GlobalSection(SolutionProperties) = preSolution
		HideSolutionNode = FALSE
	EndGlobalSection
	GlobalSection(NestedProjects) = preSolution
		{710961A3-0DF4-49E4-A26E-F5B9C044AC84} = {438FE108-6F55-4C8A-8BF4-C85D0906D134}
		{3A3A4E65-45A6-4B20-B460-0BEDC302C02C} = {438FE108-6F55-4C8A-8BF4-C85D0906D134}
		{AE00E5AB-C39A-436F-86D2-33BFE33E2E40} = {438FE108-6F55-4C8A-8BF4-C85D0906D134}
		{E823D54C-CE82-4868-929F-5F95A999F61E} = {438FE108-6F55-4C8A-8BF4-C85D0906D134}
		{9FE720ED-2BD9-4FB9-89C8-FFFA4A491CB5} = {5ECE7B2B-6975-4800-982E-618794909499}
		{E4328F68-C3FC-43E2-9D63-30CEC55215B0} = {5ECE7B2B-6975-4800-982E-618794909499}
		{44B16BAA-6DF8-447C-9D7F-3AD3D854D904} = {5ECE7B2B-6975-4800-982E-618794909499}
	EndGlobalSection
	GlobalSection(ExtensibilityGlobals) = postSolution
		NAntAddinLastFileName = Spring.build
	EndGlobalSection
EndGlobal
