
Microsoft Visual Studio Solution File, Format Version 10.00
# Visual Studio 2008
Project("{FAE04EC0-301F-11D3-BF4B-00C04F79EFBC}") = "Spring.Core.2008", "..\..\src\Spring\Spring.Core\Spring.Core.2008.csproj", "{710961A3-0DF4-49E4-A26E-F5B9C044AC84}"
EndProject
Project("{FAE04EC0-301F-11D3-BF4B-00C04F79EFBC}") = "Spring.Core.Tests.2008", "..\..\test\Spring\Spring.Core.Tests\Spring.Core.Tests.2008.csproj", "{44B16BAA-6DF8-447C-9D7F-3AD3D854D904}"
EndProject
Project("{FAE04EC0-301F-11D3-BF4B-00C04F79EFBC}") = "Spring.Aop.2008", "..\..\src\Spring\Spring.Aop\Spring.Aop.2008.csproj", "{3A3A4E65-45A6-4B20-B460-0BEDC302C02C}"
EndProject
Project("{FAE04EC0-301F-11D3-BF4B-00C04F79EFBC}") = "Spring.Aop.Tests.2008", "..\..\test\Spring\Spring.Aop.Tests\Spring.Aop.Tests.2008.csproj", "{2111596A-0327-4C9D-8919-294FBD988A23}"
EndProject
Project("{FAE04EC0-301F-11D3-BF4B-00C04F79EFBC}") = "Spring.Data.2008", "..\..\src\Spring\Spring.Data\Spring.Data.2008.csproj", "{AE00E5AB-C39A-436F-86D2-33BFE33E2E40}"
EndProject
Project("{FAE04EC0-301F-11D3-BF4B-00C04F79EFBC}") = "Spring.Data.Tests.2008", "..\..\test\Spring\Spring.Data.Tests\Spring.Data.Tests.2008.csproj", "{ACD39D47-1811-40FA-9E7E-5DEA5B9CE6C0}"
EndProject
Project("{FAE04EC0-301F-11D3-BF4B-00C04F79EFBC}") = "Spring.Messaging.Nms.2008", "..\..\src\Spring\Spring.Messaging.Nms\Spring.Messaging.Nms.2008.csproj", "{AEB1578C-9018-4D49-B440-789F38DD2F29}"
EndProject
Project("{FAE04EC0-301F-11D3-BF4B-00C04F79EFBC}") = "Spring.Messaging.Nms.Tests.2008", "..\..\test\Spring\Spring.Messaging.Nms.Tests\Spring.Messaging.Nms.Tests.2008.csproj", "{FA7A6931-7DBE-4A32-A312-51FAD2E80332}"
EndProject
Project("{FAE04EC0-301F-11D3-BF4B-00C04F79EFBC}") = "Spring.Testing.NUnit.2008", "..\..\src\Spring\Spring.Testing.NUnit\Spring.Testing.NUnit.2008.csproj", "{ED204A7B-832F-44C7-BFE3-504AEBE1BCC8}"
EndProject
Project("{FAE04EC0-301F-11D3-BF4B-00C04F79EFBC}") = "Spring.Messaging.Nms.Integration.Tests", "..\..\test\Spring\Spring.Messaging.Nms.Integration.Tests\Spring.Messaging.Nms.Integration.Tests.csproj", "{E5323AC8-137E-4EF7-BC62-3BD6FC0576CD}"
EndProject
Global
	GlobalSection(SolutionConfigurationPlatforms) = preSolution
		Debug|.NET = Debug|.NET
		Debug|Any CPU = Debug|Any CPU
		Debug|Mixed Platforms = Debug|Mixed Platforms
		Release|.NET = Release|.NET
		Release|Any CPU = Release|Any CPU
		Release|Mixed Platforms = Release|Mixed Platforms
	EndGlobalSection
	GlobalSection(ProjectConfigurationPlatforms) = postSolution
		{710961A3-0DF4-49E4-A26E-F5B9C044AC84}.Debug|.NET.ActiveCfg = Debug|Any CPU
		{710961A3-0DF4-49E4-A26E-F5B9C044AC84}.Debug|Any CPU.ActiveCfg = Debug|Any CPU
		{710961A3-0DF4-49E4-A26E-F5B9C044AC84}.Debug|Any CPU.Build.0 = Debug|Any CPU
		{710961A3-0DF4-49E4-A26E-F5B9C044AC84}.Debug|Mixed Platforms.ActiveCfg = Debug|Any CPU
		{710961A3-0DF4-49E4-A26E-F5B9C044AC84}.Debug|Mixed Platforms.Build.0 = Debug|Any CPU
		{710961A3-0DF4-49E4-A26E-F5B9C044AC84}.Release|.NET.ActiveCfg = Release|Any CPU
		{710961A3-0DF4-49E4-A26E-F5B9C044AC84}.Release|Any CPU.ActiveCfg = Release|Any CPU
		{710961A3-0DF4-49E4-A26E-F5B9C044AC84}.Release|Any CPU.Build.0 = Release|Any CPU
		{710961A3-0DF4-49E4-A26E-F5B9C044AC84}.Release|Mixed Platforms.ActiveCfg = Release|Any CPU
		{710961A3-0DF4-49E4-A26E-F5B9C044AC84}.Release|Mixed Platforms.Build.0 = Release|Any CPU
		{44B16BAA-6DF8-447C-9D7F-3AD3D854D904}.Debug|.NET.ActiveCfg = Debug|Any CPU
		{44B16BAA-6DF8-447C-9D7F-3AD3D854D904}.Debug|Any CPU.ActiveCfg = Debug|Any CPU
		{44B16BAA-6DF8-447C-9D7F-3AD3D854D904}.Debug|Any CPU.Build.0 = Debug|Any CPU
		{44B16BAA-6DF8-447C-9D7F-3AD3D854D904}.Debug|Mixed Platforms.ActiveCfg = Debug|Any CPU
		{44B16BAA-6DF8-447C-9D7F-3AD3D854D904}.Debug|Mixed Platforms.Build.0 = Debug|Any CPU
		{44B16BAA-6DF8-447C-9D7F-3AD3D854D904}.Release|.NET.ActiveCfg = Release|Any CPU
		{44B16BAA-6DF8-447C-9D7F-3AD3D854D904}.Release|Any CPU.ActiveCfg = Release|Any CPU
		{44B16BAA-6DF8-447C-9D7F-3AD3D854D904}.Release|Any CPU.Build.0 = Release|Any CPU
		{44B16BAA-6DF8-447C-9D7F-3AD3D854D904}.Release|Mixed Platforms.ActiveCfg = Release|Any CPU
		{44B16BAA-6DF8-447C-9D7F-3AD3D854D904}.Release|Mixed Platforms.Build.0 = Release|Any CPU
		{3A3A4E65-45A6-4B20-B460-0BEDC302C02C}.Debug|.NET.ActiveCfg = Debug|Any CPU
		{3A3A4E65-45A6-4B20-B460-0BEDC302C02C}.Debug|Any CPU.ActiveCfg = Debug|Any CPU
		{3A3A4E65-45A6-4B20-B460-0BEDC302C02C}.Debug|Any CPU.Build.0 = Debug|Any CPU
		{3A3A4E65-45A6-4B20-B460-0BEDC302C02C}.Debug|Mixed Platforms.ActiveCfg = Debug|Any CPU
		{3A3A4E65-45A6-4B20-B460-0BEDC302C02C}.Debug|Mixed Platforms.Build.0 = Debug|Any CPU
		{3A3A4E65-45A6-4B20-B460-0BEDC302C02C}.Release|.NET.ActiveCfg = Release|Any CPU
		{3A3A4E65-45A6-4B20-B460-0BEDC302C02C}.Release|Any CPU.ActiveCfg = Release|Any CPU
		{3A3A4E65-45A6-4B20-B460-0BEDC302C02C}.Release|Any CPU.Build.0 = Release|Any CPU
		{3A3A4E65-45A6-4B20-B460-0BEDC302C02C}.Release|Mixed Platforms.ActiveCfg = Release|Any CPU
		{3A3A4E65-45A6-4B20-B460-0BEDC302C02C}.Release|Mixed Platforms.Build.0 = Release|Any CPU
		{2111596A-0327-4C9D-8919-294FBD988A23}.Debug|.NET.ActiveCfg = Debug|Any CPU
		{2111596A-0327-4C9D-8919-294FBD988A23}.Debug|Any CPU.ActiveCfg = Debug|Any CPU
		{2111596A-0327-4C9D-8919-294FBD988A23}.Debug|Any CPU.Build.0 = Debug|Any CPU
		{2111596A-0327-4C9D-8919-294FBD988A23}.Debug|Mixed Platforms.ActiveCfg = Debug|Any CPU
		{2111596A-0327-4C9D-8919-294FBD988A23}.Debug|Mixed Platforms.Build.0 = Debug|Any CPU
		{2111596A-0327-4C9D-8919-294FBD988A23}.Release|.NET.ActiveCfg = Release|Any CPU
		{2111596A-0327-4C9D-8919-294FBD988A23}.Release|Any CPU.ActiveCfg = Release|Any CPU
		{2111596A-0327-4C9D-8919-294FBD988A23}.Release|Any CPU.Build.0 = Release|Any CPU
		{2111596A-0327-4C9D-8919-294FBD988A23}.Release|Mixed Platforms.ActiveCfg = Release|Any CPU
		{2111596A-0327-4C9D-8919-294FBD988A23}.Release|Mixed Platforms.Build.0 = Release|Any CPU
		{AE00E5AB-C39A-436F-86D2-33BFE33E2E40}.Debug|.NET.ActiveCfg = Debug|Any CPU
		{AE00E5AB-C39A-436F-86D2-33BFE33E2E40}.Debug|Any CPU.ActiveCfg = Debug|Any CPU
		{AE00E5AB-C39A-436F-86D2-33BFE33E2E40}.Debug|Any CPU.Build.0 = Debug|Any CPU
		{AE00E5AB-C39A-436F-86D2-33BFE33E2E40}.Debug|Mixed Platforms.ActiveCfg = Debug|Any CPU
		{AE00E5AB-C39A-436F-86D2-33BFE33E2E40}.Debug|Mixed Platforms.Build.0 = Debug|Any CPU
		{AE00E5AB-C39A-436F-86D2-33BFE33E2E40}.Release|.NET.ActiveCfg = Release|Any CPU
		{AE00E5AB-C39A-436F-86D2-33BFE33E2E40}.Release|Any CPU.ActiveCfg = Release|Any CPU
		{AE00E5AB-C39A-436F-86D2-33BFE33E2E40}.Release|Any CPU.Build.0 = Release|Any CPU
		{AE00E5AB-C39A-436F-86D2-33BFE33E2E40}.Release|Mixed Platforms.ActiveCfg = Release|Any CPU
		{AE00E5AB-C39A-436F-86D2-33BFE33E2E40}.Release|Mixed Platforms.Build.0 = Release|Any CPU
		{ACD39D47-1811-40FA-9E7E-5DEA5B9CE6C0}.Debug|.NET.ActiveCfg = Debug|Any CPU
		{ACD39D47-1811-40FA-9E7E-5DEA5B9CE6C0}.Debug|Any CPU.ActiveCfg = Debug|Any CPU
		{ACD39D47-1811-40FA-9E7E-5DEA5B9CE6C0}.Debug|Any CPU.Build.0 = Debug|Any CPU
		{ACD39D47-1811-40FA-9E7E-5DEA5B9CE6C0}.Debug|Mixed Platforms.ActiveCfg = Debug|Any CPU
		{ACD39D47-1811-40FA-9E7E-5DEA5B9CE6C0}.Debug|Mixed Platforms.Build.0 = Debug|Any CPU
		{ACD39D47-1811-40FA-9E7E-5DEA5B9CE6C0}.Release|.NET.ActiveCfg = Release|Any CPU
		{ACD39D47-1811-40FA-9E7E-5DEA5B9CE6C0}.Release|Any CPU.ActiveCfg = Release|Any CPU
		{ACD39D47-1811-40FA-9E7E-5DEA5B9CE6C0}.Release|Any CPU.Build.0 = Release|Any CPU
		{ACD39D47-1811-40FA-9E7E-5DEA5B9CE6C0}.Release|Mixed Platforms.ActiveCfg = Release|Any CPU
		{ACD39D47-1811-40FA-9E7E-5DEA5B9CE6C0}.Release|Mixed Platforms.Build.0 = Release|Any CPU
		{AEB1578C-9018-4D49-B440-789F38DD2F29}.Debug|.NET.ActiveCfg = Debug|Any CPU
		{AEB1578C-9018-4D49-B440-789F38DD2F29}.Debug|Any CPU.ActiveCfg = Debug|Any CPU
		{AEB1578C-9018-4D49-B440-789F38DD2F29}.Debug|Any CPU.Build.0 = Debug|Any CPU
		{AEB1578C-9018-4D49-B440-789F38DD2F29}.Debug|Mixed Platforms.ActiveCfg = Debug|Any CPU
		{AEB1578C-9018-4D49-B440-789F38DD2F29}.Debug|Mixed Platforms.Build.0 = Debug|Any CPU
		{AEB1578C-9018-4D49-B440-789F38DD2F29}.Release|.NET.ActiveCfg = Release|Any CPU
		{AEB1578C-9018-4D49-B440-789F38DD2F29}.Release|Any CPU.ActiveCfg = Release|Any CPU
		{AEB1578C-9018-4D49-B440-789F38DD2F29}.Release|Any CPU.Build.0 = Release|Any CPU
		{AEB1578C-9018-4D49-B440-789F38DD2F29}.Release|Mixed Platforms.ActiveCfg = Release|Any CPU
		{AEB1578C-9018-4D49-B440-789F38DD2F29}.Release|Mixed Platforms.Build.0 = Release|Any CPU
		{FA7A6931-7DBE-4A32-A312-51FAD2E80332}.Debug|.NET.ActiveCfg = Debug|Any CPU
		{FA7A6931-7DBE-4A32-A312-51FAD2E80332}.Debug|Any CPU.ActiveCfg = Debug|Any CPU
		{FA7A6931-7DBE-4A32-A312-51FAD2E80332}.Debug|Any CPU.Build.0 = Debug|Any CPU
		{FA7A6931-7DBE-4A32-A312-51FAD2E80332}.Debug|Mixed Platforms.ActiveCfg = Debug|Any CPU
		{FA7A6931-7DBE-4A32-A312-51FAD2E80332}.Debug|Mixed Platforms.Build.0 = Debug|Any CPU
		{FA7A6931-7DBE-4A32-A312-51FAD2E80332}.Release|.NET.ActiveCfg = Release|Any CPU
		{FA7A6931-7DBE-4A32-A312-51FAD2E80332}.Release|Any CPU.ActiveCfg = Release|Any CPU
		{FA7A6931-7DBE-4A32-A312-51FAD2E80332}.Release|Any CPU.Build.0 = Release|Any CPU
		{FA7A6931-7DBE-4A32-A312-51FAD2E80332}.Release|Mixed Platforms.ActiveCfg = Release|Any CPU
		{FA7A6931-7DBE-4A32-A312-51FAD2E80332}.Release|Mixed Platforms.Build.0 = Release|Any CPU
		{ED204A7B-832F-44C7-BFE3-504AEBE1BCC8}.Debug|.NET.ActiveCfg = Debug|Any CPU
		{ED204A7B-832F-44C7-BFE3-504AEBE1BCC8}.Debug|Any CPU.ActiveCfg = Debug|Any CPU
		{ED204A7B-832F-44C7-BFE3-504AEBE1BCC8}.Debug|Any CPU.Build.0 = Debug|Any CPU
		{ED204A7B-832F-44C7-BFE3-504AEBE1BCC8}.Debug|Mixed Platforms.ActiveCfg = Debug|Any CPU
		{ED204A7B-832F-44C7-BFE3-504AEBE1BCC8}.Debug|Mixed Platforms.Build.0 = Debug|Any CPU
		{ED204A7B-832F-44C7-BFE3-504AEBE1BCC8}.Release|.NET.ActiveCfg = Release|Any CPU
		{ED204A7B-832F-44C7-BFE3-504AEBE1BCC8}.Release|Any CPU.ActiveCfg = Release|Any CPU
		{ED204A7B-832F-44C7-BFE3-504AEBE1BCC8}.Release|Any CPU.Build.0 = Release|Any CPU
		{ED204A7B-832F-44C7-BFE3-504AEBE1BCC8}.Release|Mixed Platforms.ActiveCfg = Release|Any CPU
		{ED204A7B-832F-44C7-BFE3-504AEBE1BCC8}.Release|Mixed Platforms.Build.0 = Release|Any CPU
		{E5323AC8-137E-4EF7-BC62-3BD6FC0576CD}.Debug|.NET.ActiveCfg = Debug|Any CPU
		{E5323AC8-137E-4EF7-BC62-3BD6FC0576CD}.Debug|Any CPU.ActiveCfg = Debug|Any CPU
		{E5323AC8-137E-4EF7-BC62-3BD6FC0576CD}.Debug|Any CPU.Build.0 = Debug|Any CPU
		{E5323AC8-137E-4EF7-BC62-3BD6FC0576CD}.Debug|Mixed Platforms.ActiveCfg = Debug|Any CPU
		{E5323AC8-137E-4EF7-BC62-3BD6FC0576CD}.Debug|Mixed Platforms.Build.0 = Debug|Any CPU
		{E5323AC8-137E-4EF7-BC62-3BD6FC0576CD}.Release|.NET.ActiveCfg = Release|Any CPU
		{E5323AC8-137E-4EF7-BC62-3BD6FC0576CD}.Release|Any CPU.ActiveCfg = Release|Any CPU
		{E5323AC8-137E-4EF7-BC62-3BD6FC0576CD}.Release|Any CPU.Build.0 = Release|Any CPU
		{E5323AC8-137E-4EF7-BC62-3BD6FC0576CD}.Release|Mixed Platforms.ActiveCfg = Release|Any CPU
		{E5323AC8-137E-4EF7-BC62-3BD6FC0576CD}.Release|Mixed Platforms.Build.0 = Release|Any CPU
	EndGlobalSection
	GlobalSection(SolutionProperties) = preSolution
		HideSolutionNode = FALSE
	EndGlobalSection
EndGlobal
