Microsoft Visual Studio Solution File, Format Version 12.00
# Visual Studio 11
Project("{2150E333-8FDC-42A3-9474-1A3956D46DE8}") = "Solution Items", "Solution Items", "{F04753EF-7A1B-4837-AB63-8C0821E8155D}"
	ProjectSection(SolutionItems) = preProject
		..\..\Spring.build = ..\..\Spring.build
	EndProjectSection
EndProject
Project("{FAE04EC0-301F-11D3-BF4B-00C04F79EFBC}") = "Spring.Core.2010", "..\..\src\Spring\Spring.Core\Spring.Core.2010.csproj", "{710961A3-0DF4-49E4-A26E-F5B9C044AC84}"
EndProject
Project("{FAE04EC0-301F-11D3-BF4B-00C04F79EFBC}") = "Spring.Aop.2010", "..\..\src\Spring\Spring.Aop\Spring.Aop.2010.csproj", "{3A3A4E65-45A6-4B20-B460-0BEDC302C02C}"
EndProject
Project("{FAE04EC0-301F-11D3-BF4B-00C04F79EFBC}") = "Spring.Data.2010", "..\..\src\Spring\Spring.Data\Spring.Data.2010.csproj", "{AE00E5AB-C39A-436F-86D2-33BFE33E2E40}"
EndProject
Project("{FAE04EC0-301F-11D3-BF4B-00C04F79EFBC}") = "Spring.Data.NHibernate32.Integration.Tests.2010", "..\..\test\Spring\Spring.Data.NHibernate32.Integration.Tests\Spring.Data.NHibernate32.Integration.Tests.2010.csproj", "{CD6A49DE-745C-4360-AADF-3539CFEC6639}"
EndProject
Project("{FAE04EC0-301F-11D3-BF4B-00C04F79EFBC}") = "Spring.Data.NHibernate32.Tests.2010", "..\..\test\Spring\Spring.Data.NHibernate32.Tests\Spring.Data.NHibernate32.Tests.2010.csproj", "{C33C6A06-885D-49D2-8029-422D38CBC6D7}"
EndProject
Project("{FAE04EC0-301F-11D3-BF4B-00C04F79EFBC}") = "Spring.Data.NHibernate32.2010", "..\..\src\Spring\Spring.Data.NHibernate32\Spring.Data.NHibernate32.2010.csproj", "{9F0F739C-876E-4C4B-AA55-9AC9242C25C8}"
EndProject
Project("{FAE04EC0-301F-11D3-BF4B-00C04F79EFBC}") = "Spring.Data.Tests.2010", "..\..\test\Spring\Spring.Data.Tests\Spring.Data.Tests.2010.csproj", "{ACD39D47-1811-40FA-9E7E-5DEA5B9CE6C0}"
EndProject
Project("{FAE04EC0-301F-11D3-BF4B-00C04F79EFBC}") = "Spring.Core.Tests.2010", "..\..\test\Spring\Spring.Core.Tests\Spring.Core.Tests.2010.csproj", "{44B16BAA-6DF8-447C-9D7F-3AD3D854D904}"
EndProject
Project("{FAE04EC0-301F-11D3-BF4B-00C04F79EFBC}") = "Spring.Data.NHibernate33.2010", "..\..\src\Spring\Spring.Data.NHibernate33\Spring.Data.NHibernate33.2010.csproj", "{D546EFB7-9F6C-4C11-B2F8-B85FAD135399}"
EndProject
Project("{FAE04EC0-301F-11D3-BF4B-00C04F79EFBC}") = "Spring.Data.NHibernate33.Integration.Tests.2010", "..\..\test\Spring\Spring.Data.NHibernate33.Integration.Tests\Spring.Data.NHibernate33.Integration.Tests.2010.csproj", "{6B7DA759-F46D-4860-AF03-E7AC7498E003}"
EndProject
Project("{FAE04EC0-301F-11D3-BF4B-00C04F79EFBC}") = "Spring.Data.NHibernate33.Tests.2010", "..\..\test\Spring\Spring.Data.NHibernate33.Tests\Spring.Data.NHibernate33.Tests.2010.csproj", "{9C86BC69-DD23-4DCC-B11F-8781BBC887CF}"
EndProject
Global
	GlobalSection(SolutionConfigurationPlatforms) = preSolution
		Debug|.NET = Debug|.NET
		Debug|Any CPU = Debug|Any CPU
		Debug|Mixed Platforms = Debug|Mixed Platforms
		Release|.NET = Release|.NET
		Release|Any CPU = Release|Any CPU
		Release|Mixed Platforms = Release|Mixed Platforms
	EndGlobalSection
	GlobalSection(ProjectConfigurationPlatforms) = postSolution
		{3A3A4E65-45A6-4B20-B460-0BEDC302C02C}.Debug|.NET.ActiveCfg = Debug|Any CPU
		{3A3A4E65-45A6-4B20-B460-0BEDC302C02C}.Debug|.NET.Build.0 = Debug|Any CPU
		{3A3A4E65-45A6-4B20-B460-0BEDC302C02C}.Debug|Any CPU.ActiveCfg = Debug|Any CPU
		{3A3A4E65-45A6-4B20-B460-0BEDC302C02C}.Debug|Any CPU.Build.0 = Debug|Any CPU
		{3A3A4E65-45A6-4B20-B460-0BEDC302C02C}.Debug|Mixed Platforms.ActiveCfg = Debug|Any CPU
		{3A3A4E65-45A6-4B20-B460-0BEDC302C02C}.Debug|Mixed Platforms.Build.0 = Debug|Any CPU
		{3A3A4E65-45A6-4B20-B460-0BEDC302C02C}.Release|.NET.ActiveCfg = Release|Any CPU
		{3A3A4E65-45A6-4B20-B460-0BEDC302C02C}.Release|.NET.Build.0 = Release|Any CPU
		{3A3A4E65-45A6-4B20-B460-0BEDC302C02C}.Release|Any CPU.ActiveCfg = Release|Any CPU
		{3A3A4E65-45A6-4B20-B460-0BEDC302C02C}.Release|Any CPU.Build.0 = Release|Any CPU
		{3A3A4E65-45A6-4B20-B460-0BEDC302C02C}.Release|Mixed Platforms.ActiveCfg = Release|Any CPU
		{3A3A4E65-45A6-4B20-B460-0BEDC302C02C}.Release|Mixed Platforms.Build.0 = Release|Any CPU
		{44B16BAA-6DF8-447C-9D7F-3AD3D854D904}.Debug|.NET.ActiveCfg = Debug|Any CPU
		{44B16BAA-6DF8-447C-9D7F-3AD3D854D904}.Debug|Any CPU.ActiveCfg = Debug|Any CPU
		{44B16BAA-6DF8-447C-9D7F-3AD3D854D904}.Debug|Any CPU.Build.0 = Debug|Any CPU
		{44B16BAA-6DF8-447C-9D7F-3AD3D854D904}.Debug|Mixed Platforms.ActiveCfg = Debug|Any CPU
		{44B16BAA-6DF8-447C-9D7F-3AD3D854D904}.Debug|Mixed Platforms.Build.0 = Debug|Any CPU
		{44B16BAA-6DF8-447C-9D7F-3AD3D854D904}.Release|.NET.ActiveCfg = Release|Any CPU
		{44B16BAA-6DF8-447C-9D7F-3AD3D854D904}.Release|Any CPU.ActiveCfg = Release|Any CPU
		{44B16BAA-6DF8-447C-9D7F-3AD3D854D904}.Release|Any CPU.Build.0 = Release|Any CPU
		{44B16BAA-6DF8-447C-9D7F-3AD3D854D904}.Release|Mixed Platforms.ActiveCfg = Release|Any CPU
		{44B16BAA-6DF8-447C-9D7F-3AD3D854D904}.Release|Mixed Platforms.Build.0 = Release|Any CPU
		{6B7DA759-F46D-4860-AF03-E7AC7498E003}.Debug|.NET.ActiveCfg = Debug|Any CPU
		{6B7DA759-F46D-4860-AF03-E7AC7498E003}.Debug|Any CPU.ActiveCfg = Debug|Any CPU
		{6B7DA759-F46D-4860-AF03-E7AC7498E003}.Debug|Any CPU.Build.0 = Debug|Any CPU
		{6B7DA759-F46D-4860-AF03-E7AC7498E003}.Debug|Mixed Platforms.ActiveCfg = Debug|Any CPU
		{6B7DA759-F46D-4860-AF03-E7AC7498E003}.Debug|Mixed Platforms.Build.0 = Debug|Any CPU
		{6B7DA759-F46D-4860-AF03-E7AC7498E003}.Release|.NET.ActiveCfg = Release|Any CPU
		{6B7DA759-F46D-4860-AF03-E7AC7498E003}.Release|Any CPU.ActiveCfg = Release|Any CPU
		{6B7DA759-F46D-4860-AF03-E7AC7498E003}.Release|Any CPU.Build.0 = Release|Any CPU
		{6B7DA759-F46D-4860-AF03-E7AC7498E003}.Release|Mixed Platforms.ActiveCfg = Release|Any CPU
		{6B7DA759-F46D-4860-AF03-E7AC7498E003}.Release|Mixed Platforms.Build.0 = Release|Any CPU
		{710961A3-0DF4-49E4-A26E-F5B9C044AC84}.Debug|.NET.ActiveCfg = Debug|Any CPU
		{710961A3-0DF4-49E4-A26E-F5B9C044AC84}.Debug|.NET.Build.0 = Debug|Any CPU
		{710961A3-0DF4-49E4-A26E-F5B9C044AC84}.Debug|Any CPU.ActiveCfg = Debug|Any CPU
		{710961A3-0DF4-49E4-A26E-F5B9C044AC84}.Debug|Any CPU.Build.0 = Debug|Any CPU
		{710961A3-0DF4-49E4-A26E-F5B9C044AC84}.Debug|Mixed Platforms.ActiveCfg = Debug|Any CPU
		{710961A3-0DF4-49E4-A26E-F5B9C044AC84}.Debug|Mixed Platforms.Build.0 = Debug|Any CPU
		{710961A3-0DF4-49E4-A26E-F5B9C044AC84}.Release|.NET.ActiveCfg = Release|Any CPU
		{710961A3-0DF4-49E4-A26E-F5B9C044AC84}.Release|.NET.Build.0 = Release|Any CPU
		{710961A3-0DF4-49E4-A26E-F5B9C044AC84}.Release|Any CPU.ActiveCfg = Release|Any CPU
		{710961A3-0DF4-49E4-A26E-F5B9C044AC84}.Release|Any CPU.Build.0 = Release|Any CPU
		{710961A3-0DF4-49E4-A26E-F5B9C044AC84}.Release|Mixed Platforms.ActiveCfg = Release|Any CPU
		{710961A3-0DF4-49E4-A26E-F5B9C044AC84}.Release|Mixed Platforms.Build.0 = Release|Any CPU
		{9C86BC69-DD23-4DCC-B11F-8781BBC887CF}.Debug|.NET.ActiveCfg = Debug|Any CPU
		{9C86BC69-DD23-4DCC-B11F-8781BBC887CF}.Debug|Any CPU.ActiveCfg = Debug|Any CPU
		{9C86BC69-DD23-4DCC-B11F-8781BBC887CF}.Debug|Any CPU.Build.0 = Debug|Any CPU
		{9C86BC69-DD23-4DCC-B11F-8781BBC887CF}.Debug|Mixed Platforms.ActiveCfg = Debug|Any CPU
		{9C86BC69-DD23-4DCC-B11F-8781BBC887CF}.Debug|Mixed Platforms.Build.0 = Debug|Any CPU
		{9C86BC69-DD23-4DCC-B11F-8781BBC887CF}.Release|.NET.ActiveCfg = Release|Any CPU
		{9C86BC69-DD23-4DCC-B11F-8781BBC887CF}.Release|Any CPU.ActiveCfg = Release|Any CPU
		{9C86BC69-DD23-4DCC-B11F-8781BBC887CF}.Release|Any CPU.Build.0 = Release|Any CPU
		{9C86BC69-DD23-4DCC-B11F-8781BBC887CF}.Release|Mixed Platforms.ActiveCfg = Release|Any CPU
		{9C86BC69-DD23-4DCC-B11F-8781BBC887CF}.Release|Mixed Platforms.Build.0 = Release|Any CPU
		{9F0F739C-876E-4C4B-AA55-9AC9242C25C8}.Debug|.NET.ActiveCfg = Debug|Any CPU
		{9F0F739C-876E-4C4B-AA55-9AC9242C25C8}.Debug|Any CPU.ActiveCfg = Debug|Any CPU
		{9F0F739C-876E-4C4B-AA55-9AC9242C25C8}.Debug|Mixed Platforms.ActiveCfg = Debug|Any CPU
		{9F0F739C-876E-4C4B-AA55-9AC9242C25C8}.Debug|Mixed Platforms.Build.0 = Debug|Any CPU
		{9F0F739C-876E-4C4B-AA55-9AC9242C25C8}.Release|.NET.ActiveCfg = Release|Any CPU
		{9F0F739C-876E-4C4B-AA55-9AC9242C25C8}.Release|Any CPU.ActiveCfg = Release|Any CPU
		{9F0F739C-876E-4C4B-AA55-9AC9242C25C8}.Release|Mixed Platforms.ActiveCfg = Release|Any CPU
		{ACD39D47-1811-40FA-9E7E-5DEA5B9CE6C0}.Debug|.NET.ActiveCfg = Debug|Any CPU
		{ACD39D47-1811-40FA-9E7E-5DEA5B9CE6C0}.Debug|Any CPU.ActiveCfg = Debug|Any CPU
		{ACD39D47-1811-40FA-9E7E-5DEA5B9CE6C0}.Debug|Any CPU.Build.0 = Debug|Any CPU
		{ACD39D47-1811-40FA-9E7E-5DEA5B9CE6C0}.Debug|Mixed Platforms.ActiveCfg = Debug|Any CPU
		{ACD39D47-1811-40FA-9E7E-5DEA5B9CE6C0}.Debug|Mixed Platforms.Build.0 = Debug|Any CPU
		{ACD39D47-1811-40FA-9E7E-5DEA5B9CE6C0}.Release|.NET.ActiveCfg = Release|Any CPU
		{ACD39D47-1811-40FA-9E7E-5DEA5B9CE6C0}.Release|Any CPU.ActiveCfg = Release|Any CPU
		{ACD39D47-1811-40FA-9E7E-5DEA5B9CE6C0}.Release|Any CPU.Build.0 = Release|Any CPU
		{ACD39D47-1811-40FA-9E7E-5DEA5B9CE6C0}.Release|Mixed Platforms.ActiveCfg = Release|Any CPU
		{ACD39D47-1811-40FA-9E7E-5DEA5B9CE6C0}.Release|Mixed Platforms.Build.0 = Release|Any CPU
		{AE00E5AB-C39A-436F-86D2-33BFE33E2E40}.Debug|.NET.ActiveCfg = Debug|Any CPU
		{AE00E5AB-C39A-436F-86D2-33BFE33E2E40}.Debug|.NET.Build.0 = Debug|Any CPU
		{AE00E5AB-C39A-436F-86D2-33BFE33E2E40}.Debug|Any CPU.ActiveCfg = Debug|Any CPU
		{AE00E5AB-C39A-436F-86D2-33BFE33E2E40}.Debug|Any CPU.Build.0 = Debug|Any CPU
		{AE00E5AB-C39A-436F-86D2-33BFE33E2E40}.Debug|Mixed Platforms.ActiveCfg = Debug|Any CPU
		{AE00E5AB-C39A-436F-86D2-33BFE33E2E40}.Debug|Mixed Platforms.Build.0 = Debug|Any CPU
		{AE00E5AB-C39A-436F-86D2-33BFE33E2E40}.Release|.NET.ActiveCfg = Release|Any CPU
		{AE00E5AB-C39A-436F-86D2-33BFE33E2E40}.Release|.NET.Build.0 = Release|Any CPU
		{AE00E5AB-C39A-436F-86D2-33BFE33E2E40}.Release|Any CPU.ActiveCfg = Release|Any CPU
		{AE00E5AB-C39A-436F-86D2-33BFE33E2E40}.Release|Any CPU.Build.0 = Release|Any CPU
		{AE00E5AB-C39A-436F-86D2-33BFE33E2E40}.Release|Mixed Platforms.ActiveCfg = Release|Any CPU
		{AE00E5AB-C39A-436F-86D2-33BFE33E2E40}.Release|Mixed Platforms.Build.0 = Release|Any CPU
		{C33C6A06-885D-49D2-8029-422D38CBC6D7}.Debug|.NET.ActiveCfg = Debug|Any CPU
		{C33C6A06-885D-49D2-8029-422D38CBC6D7}.Debug|Any CPU.ActiveCfg = Debug|Any CPU
		{C33C6A06-885D-49D2-8029-422D38CBC6D7}.Debug|Mixed Platforms.ActiveCfg = Debug|Any CPU
		{C33C6A06-885D-49D2-8029-422D38CBC6D7}.Debug|Mixed Platforms.Build.0 = Debug|Any CPU
		{C33C6A06-885D-49D2-8029-422D38CBC6D7}.Release|.NET.ActiveCfg = Release|Any CPU
		{C33C6A06-885D-49D2-8029-422D38CBC6D7}.Release|Any CPU.ActiveCfg = Release|Any CPU
		{C33C6A06-885D-49D2-8029-422D38CBC6D7}.Release|Mixed Platforms.ActiveCfg = Release|Any CPU
		{CD6A49DE-745C-4360-AADF-3539CFEC6639}.Debug|.NET.ActiveCfg = Debug|Any CPU
		{CD6A49DE-745C-4360-AADF-3539CFEC6639}.Debug|Any CPU.ActiveCfg = Debug|Any CPU
		{CD6A49DE-745C-4360-AADF-3539CFEC6639}.Debug|Mixed Platforms.ActiveCfg = Debug|Any CPU
		{CD6A49DE-745C-4360-AADF-3539CFEC6639}.Debug|Mixed Platforms.Build.0 = Debug|Any CPU
		{CD6A49DE-745C-4360-AADF-3539CFEC6639}.Release|.NET.ActiveCfg = Release|Any CPU
		{CD6A49DE-745C-4360-AADF-3539CFEC6639}.Release|Any CPU.ActiveCfg = Release|Any CPU
		{CD6A49DE-745C-4360-AADF-3539CFEC6639}.Release|Mixed Platforms.ActiveCfg = Release|Any CPU
		{D546EFB7-9F6C-4C11-B2F8-B85FAD135399}.Debug|.NET.ActiveCfg = Debug|Any CPU
		{D546EFB7-9F6C-4C11-B2F8-B85FAD135399}.Debug|Any CPU.ActiveCfg = Debug|Any CPU
		{D546EFB7-9F6C-4C11-B2F8-B85FAD135399}.Debug|Any CPU.Build.0 = Debug|Any CPU
		{D546EFB7-9F6C-4C11-B2F8-B85FAD135399}.Debug|Mixed Platforms.ActiveCfg = Debug|Any CPU
		{D546EFB7-9F6C-4C11-B2F8-B85FAD135399}.Debug|Mixed Platforms.Build.0 = Debug|Any CPU
		{D546EFB7-9F6C-4C11-B2F8-B85FAD135399}.Release|.NET.ActiveCfg = Release|Any CPU
		{D546EFB7-9F6C-4C11-B2F8-B85FAD135399}.Release|Any CPU.ActiveCfg = Release|Any CPU
		{D546EFB7-9F6C-4C11-B2F8-B85FAD135399}.Release|Any CPU.Build.0 = Release|Any CPU
		{D546EFB7-9F6C-4C11-B2F8-B85FAD135399}.Release|Mixed Platforms.ActiveCfg = Release|Any CPU
		{D546EFB7-9F6C-4C11-B2F8-B85FAD135399}.Release|Mixed Platforms.Build.0 = Release|Any CPU
	EndGlobalSection
	GlobalSection(SolutionProperties) = preSolution
		HideSolutionNode = FALSE
	EndGlobalSection
	GlobalSection(ExtensibilityGlobals) = postSolution
		NAntAddinLastFileName = Spring.build
	EndGlobalSection
EndGlobal
