
Microsoft Visual Studio Solution File, Format Version 10.00
# Visual Studio 2008
Project("{FAE04EC0-301F-11D3-BF4B-00C04F79EFBC}") = "App.DataAccess", "App.DataAccess\App.DataAccess.csproj", "{3E62A277-9A69-424D-B023-1C2010983E6F}"
EndProject
Project("{FAE04EC0-301F-11D3-BF4B-00C04F79EFBC}") = "App.Service", "App.Service\App.Service.csproj", "{91C1D05C-375F-429B-91F3-10C239040910}"
EndProject
Project("{FAE04EC0-301F-11D3-BF4B-00C04F79EFBC}") = "App.Tests", "App.Tests\App.Tests.csproj", "{EC681392-6EF8-490C-BDD5-8E6BFC736FAB}"
EndProject
Global
	GlobalSection(SolutionConfigurationPlatforms) = preSolution
		Debug|Any CPU = Debug|Any CPU
		Release|Any CPU = Release|Any CPU
	EndGlobalSection
	GlobalSection(ProjectConfigurationPlatforms) = postSolution
		{3E62A277-9A69-424D-B023-1C2010983E6F}.Debug|Any CPU.ActiveCfg = Debug|Any CPU
		{3E62A277-9A69-424D-B023-1C2010983E6F}.Debug|Any CPU.Build.0 = Debug|Any CPU
		{3E62A277-9A69-424D-B023-1C2010983E6F}.Release|Any CPU.ActiveCfg = Release|Any CPU
		{3E62A277-9A69-424D-B023-1C2010983E6F}.Release|Any CPU.Build.0 = Release|Any CPU
		{91C1D05C-375F-429B-91F3-10C239040910}.Debug|Any CPU.ActiveCfg = Debug|Any CPU
		{91C1D05C-375F-429B-91F3-10C239040910}.Debug|Any CPU.Build.0 = Debug|Any CPU
		{91C1D05C-375F-429B-91F3-10C239040910}.Release|Any CPU.ActiveCfg = Release|Any CPU
		{91C1D05C-375F-429B-91F3-10C239040910}.Release|Any CPU.Build.0 = Release|Any CPU
		{EC681392-6EF8-490C-BDD5-8E6BFC736FAB}.Debug|Any CPU.ActiveCfg = Debug|Any CPU
		{EC681392-6EF8-490C-BDD5-8E6BFC736FAB}.Debug|Any CPU.Build.0 = Debug|Any CPU
		{EC681392-6EF8-490C-BDD5-8E6BFC736FAB}.Release|Any CPU.ActiveCfg = Release|Any CPU
		{EC681392-6EF8-490C-BDD5-8E6BFC736FAB}.Release|Any CPU.Build.0 = Release|Any CPU
	EndGlobalSection
	GlobalSection(SolutionProperties) = preSolution
		HideSolutionNode = FALSE
	EndGlobalSection
EndGlobal
