
Microsoft Visual Studio Solution File, Format Version 12.00
# Visual Studio 2013
VisualStudioVersion = 12.0.21005.1
MinimumVisualStudioVersion = 10.0.40219.1
Project("{FAE04EC0-301F-11D3-BF4B-00C04F79EFBC}") = "Spring.TxQuickStart.2010", "src\Spring\Spring.TxQuickStart\Spring.TxQuickStart.2010.csproj", "{EDDC48D5-4F25-4476-9BA3-12F2E8BB5A8C}"
EndProject
Project("{FAE04EC0-301F-11D3-BF4B-00C04F79EFBC}") = "Spring.TxQuickStart.Tests.2010", "test\Spring\Spring.TxQuickStart.Tests\Spring.TxQuickStart.Tests.2010.csproj", "{94E4E1B4-D424-4EB9-BF34-2EE8CC3D7048}"
EndProject
Project("{2150E333-8FDC-42A3-9474-1A3956D46DE8}") = ".nuget", ".nuget", "{8030060A-35D1-4B8B-8737-93A535073CFE}"
	ProjectSection(SolutionItems) = preProject
		.nuget\NuGet.Config = .nuget\NuGet.Config
		.nuget\NuGet.exe = .nuget\NuGet.exe
		.nuget\NuGet.targets = .nuget\NuGet.targets
	EndProjectSection
EndProject
Global
	GlobalSection(SolutionConfigurationPlatforms) = preSolution
		Debug|Any CPU = Debug|Any CPU
		Release|Any CPU = Release|Any CPU
	EndGlobalSection
	GlobalSection(ProjectConfigurationPlatforms) = postSolution
		{EDDC48D5-4F25-4476-9BA3-12F2E8BB5A8C}.Debug|Any CPU.ActiveCfg = Debug|Any CPU
		{EDDC48D5-4F25-4476-9BA3-12F2E8BB5A8C}.Debug|Any CPU.Build.0 = Debug|Any CPU
		{EDDC48D5-4F25-4476-9BA3-12F2E8BB5A8C}.Release|Any CPU.ActiveCfg = Release|Any CPU
		{EDDC48D5-4F25-4476-9BA3-12F2E8BB5A8C}.Release|Any CPU.Build.0 = Release|Any CPU
		{94E4E1B4-D424-4EB9-BF34-2EE8CC3D7048}.Debug|Any CPU.ActiveCfg = Debug|Any CPU
		{94E4E1B4-D424-4EB9-BF34-2EE8CC3D7048}.Debug|Any CPU.Build.0 = Debug|Any CPU
		{94E4E1B4-D424-4EB9-BF34-2EE8CC3D7048}.Release|Any CPU.ActiveCfg = Release|Any CPU
		{94E4E1B4-D424-4EB9-BF34-2EE8CC3D7048}.Release|Any CPU.Build.0 = Release|Any CPU
	EndGlobalSection
	GlobalSection(SolutionProperties) = preSolution
		HideSolutionNode = FALSE
	EndGlobalSection
EndGlobal
