
Microsoft Visual Studio Solution File, Format Version 11.00
# Visual Studio 2010 Express for Windows Phone
Project("{FAE04EC0-301F-11D3-BF4B-00C04F79EFBC}") = "Spring.RestWindowsPhoneQuickStart.2010", "src\Spring.RestWindowsPhoneQuickStart.2010.csproj", "{0D706C31-4D8C-468A-A49F-073AC3E23D3F}"
EndProject
Project("{FAE04EC0-301F-11D3-BF4B-00C04F79EFBC}") = "Spring.Http.2010-WP", "..\..\..\src\Spring\Spring.Http\Spring.Http.2010-WP.csproj", "{36227431-B822-461E-A7AF-651E34F23A8C}"
EndProject
Project("{FAE04EC0-301F-11D3-BF4B-00C04F79EFBC}") = "Spring.Http.Tests.2010-WP", "..\..\..\test\Spring\Spring.Http.Tests\Spring.Http.Tests.2010-WP.csproj", "{83D8AF31-6DF1-4D2F-BFD2-865E91E6976E}"
EndProject
Global
	GlobalSection(SolutionConfigurationPlatforms) = preSolution
		Debug|Any CPU = Debug|Any CPU
		Release|Any CPU = Release|Any CPU
	EndGlobalSection
	GlobalSection(ProjectConfigurationPlatforms) = postSolution
		{0D706C31-4D8C-468A-A49F-073AC3E23D3F}.Debug|Any CPU.ActiveCfg = Debug|Any CPU
		{0D706C31-4D8C-468A-A49F-073AC3E23D3F}.Debug|Any CPU.Build.0 = Debug|Any CPU
		{0D706C31-4D8C-468A-A49F-073AC3E23D3F}.Debug|Any CPU.Deploy.0 = Debug|Any CPU
		{0D706C31-4D8C-468A-A49F-073AC3E23D3F}.Release|Any CPU.ActiveCfg = Release|Any CPU
		{0D706C31-4D8C-468A-A49F-073AC3E23D3F}.Release|Any CPU.Build.0 = Release|Any CPU
		{0D706C31-4D8C-468A-A49F-073AC3E23D3F}.Release|Any CPU.Deploy.0 = Release|Any CPU
		{36227431-B822-461E-A7AF-651E34F23A8C}.Debug|Any CPU.ActiveCfg = Debug|Any CPU
		{36227431-B822-461E-A7AF-651E34F23A8C}.Debug|Any CPU.Build.0 = Debug|Any CPU
		{36227431-B822-461E-A7AF-651E34F23A8C}.Release|Any CPU.ActiveCfg = Release|Any CPU
		{36227431-B822-461E-A7AF-651E34F23A8C}.Release|Any CPU.Build.0 = Release|Any CPU
		{83D8AF31-6DF1-4D2F-BFD2-865E91E6976E}.Debug|Any CPU.ActiveCfg = Debug|Any CPU
		{83D8AF31-6DF1-4D2F-BFD2-865E91E6976E}.Debug|Any CPU.Build.0 = Debug|Any CPU
		{83D8AF31-6DF1-4D2F-BFD2-865E91E6976E}.Release|Any CPU.ActiveCfg = Release|Any CPU
		{83D8AF31-6DF1-4D2F-BFD2-865E91E6976E}.Release|Any CPU.Build.0 = Release|Any CPU
	EndGlobalSection
	GlobalSection(SolutionProperties) = preSolution
		HideSolutionNode = FALSE
	EndGlobalSection
EndGlobal
