Microsoft Visual Studio Solution File, Format Version 11.00
# Visual Studio 2010
Project("{FAE04EC0-301F-11D3-BF4B-00C04F79EFBC}") = "Spring.IocQuickStart.AppContext.2010", "src\Spring.IocQuickStart.AppContext.csproj", "{880EA873-E951-465A-AC5B-BA899A2C744E}"
EndProject
Global
	GlobalSection(SolutionConfigurationPlatforms) = preSolution
		Debug|Any CPU = Debug|Any CPU
		Release|Any CPU = Release|Any CPU
	EndGlobalSection
	GlobalSection(ProjectConfigurationPlatforms) = postSolution
		{880EA873-E951-465A-AC5B-BA899A2C744E}.Debug|Any CPU.ActiveCfg = Debug|Any CPU
		{880EA873-E951-465A-AC5B-BA899A2C744E}.Debug|Any CPU.Build.0 = Debug|Any CPU
		{880EA873-E951-465A-AC5B-BA899A2C744E}.Release|Any CPU.ActiveCfg = Release|Any CPU
		{880EA873-E951-465A-AC5B-BA899A2C744E}.Release|Any CPU.Build.0 = Release|Any CPU
	EndGlobalSection
	GlobalSection(SolutionProperties) = preSolution
		HideSolutionNode = FALSE
	EndGlobalSection
EndGlobal
