Microsoft Visual Studio Solution File, Format Version 8.00
Project("{FAE04EC0-301F-11D3-BF4B-00C04F79EFBC}") = "Spring.Scheduling.Quartz.Example.2003", "src\Spring.Scheduling.Quartz.Example.2003.csproj", "{0C0D8C65-90DE-4914-9940-4C684C54971B}"
	ProjectSection(ProjectDependencies) = postProject
	EndProjectSection
EndProject
Global
	GlobalSection(SolutionConfiguration) = preSolution
		Debug = Debug
		Release = Release
	EndGlobalSection
	GlobalSection(ProjectDependencies) = postSolution
	EndGlobalSection
	GlobalSection(ProjectConfiguration) = postSolution
		{0C0D8C65-90DE-4914-9940-4C684C54971B}.Debug.ActiveCfg = Debug|.NET
		{0C0D8C65-90DE-4914-9940-4C684C54971B}.Debug.Build.0 = Debug|.NET
		{0C0D8C65-90DE-4914-9940-4C684C54971B}.Release.ActiveCfg = Release|.NET
		{0C0D8C65-90DE-4914-9940-4C684C54971B}.Release.Build.0 = Release|.NET
	EndGlobalSection
	GlobalSection(ExtensibilityGlobals) = postSolution
	EndGlobalSection
	GlobalSection(ExtensibilityAddIns) = postSolution
	EndGlobalSection
EndGlobal
