
Microsoft Visual Studio Solution File, Format Version 9.00
# Visual Studio 2005
Project("{FAE04EC0-301F-11D3-BF4B-00C04F79EFBC}") = "Spring.Northwind.Service", "src\Spring.Northwind.Service\Spring.Northwind.Service.csproj", "{9E15876F-E9E0-43B7-9874-B54F163757D6}"
	ProjectSection(WebsiteProperties) = preProject
		Debug.AspNetCompiler.Debug = "True"
		Release.AspNetCompiler.Debug = "False"
	EndProjectSection
EndProject
Project("{FAE04EC0-301F-11D3-BF4B-00C04F79EFBC}") = "Spring.Northwind.Dao", "src\Spring.Northwind.Dao\Spring.Northwind.Dao.csproj", "{7F45EEA2-50AC-44E2-85A6-2FFB02E38C44}"
	ProjectSection(WebsiteProperties) = preProject
		Debug.AspNetCompiler.Debug = "True"
		Release.AspNetCompiler.Debug = "False"
	EndProjectSection
EndProject
Project("{FAE04EC0-301F-11D3-BF4B-00C04F79EFBC}") = "Spring.Northwind.Dao.NHibernate", "src\Spring.Northwind.Dao.NHibernate\Spring.Northwind.Dao.NHibernate.csproj", "{6E4F55A0-C281-4706-A08B-BDEC2D2FBDA4}"
	ProjectSection(WebsiteProperties) = preProject
		Debug.AspNetCompiler.Debug = "True"
		Release.AspNetCompiler.Debug = "False"
	EndProjectSection
EndProject
Project("{FAE04EC0-301F-11D3-BF4B-00C04F79EFBC}") = "Spring.Northwind.IntegrationTests", "test\Spring.Northwind.IntegrationTests\Spring.Northwind.IntegrationTests.csproj", "{2D0C5DF7-3BDB-44FB-BC1B-58E60B170BAD}"
	ProjectSection(WebsiteProperties) = preProject
		Debug.AspNetCompiler.Debug = "True"
		Release.AspNetCompiler.Debug = "False"
	EndProjectSection
EndProject
Project("{FAE04EC0-301F-11D3-BF4B-00C04F79EFBC}") = "Spring.Core.2005", "..\..\..\src\Spring\Spring.Core\Spring.Core.2005.csproj", "{710961A3-0DF4-49E4-A26E-F5B9C044AC84}"
	ProjectSection(WebsiteProperties) = preProject
		Debug.AspNetCompiler.Debug = "True"
		Release.AspNetCompiler.Debug = "False"
	EndProjectSection
EndProject
Project("{2150E333-8FDC-42A3-9474-1A3956D46DE8}") = "Solution Items", "Solution Items", "{6F8CFB7E-8CC9-477B-83D1-2FADD070EEE0}"
	ProjectSection(WebsiteProperties) = preProject
		Debug.AspNetCompiler.Debug = "True"
		Release.AspNetCompiler.Debug = "False"
	EndProjectSection
EndProject
Project("{FAE04EC0-301F-11D3-BF4B-00C04F79EFBC}") = "Spring.Aop.2005", "..\..\..\src\Spring\Spring.Aop\Spring.Aop.2005.csproj", "{3A3A4E65-45A6-4B20-B460-0BEDC302C02C}"
	ProjectSection(WebsiteProperties) = preProject
		Debug.AspNetCompiler.Debug = "True"
		Release.AspNetCompiler.Debug = "False"
	EndProjectSection
EndProject
Project("{FAE04EC0-301F-11D3-BF4B-00C04F79EFBC}") = "Spring.Data.2005", "..\..\..\src\Spring\Spring.Data\Spring.Data.2005.csproj", "{AE00E5AB-C39A-436F-86D2-33BFE33E2E40}"
	ProjectSection(WebsiteProperties) = preProject
		Debug.AspNetCompiler.Debug = "True"
		Release.AspNetCompiler.Debug = "False"
	EndProjectSection
EndProject
Project("{FAE04EC0-301F-11D3-BF4B-00C04F79EFBC}") = "Spring.Web.2005", "..\..\..\src\Spring\Spring.Web\Spring.Web.2005.csproj", "{BA4789EB-281A-48EA-8763-28B9F0596A18}"
	ProjectSection(WebsiteProperties) = preProject
		Debug.AspNetCompiler.Debug = "True"
		Release.AspNetCompiler.Debug = "False"
	EndProjectSection
EndProject
Project("{FAE04EC0-301F-11D3-BF4B-00C04F79EFBC}") = "Spring.Data.NHibernate21.2005", "..\..\..\src\Spring\Spring.Data.NHibernate21\Spring.Data.NHibernate21.2005.csproj", "{E57B4652-0231-49CB-B058-87E10EFE540D}"
	ProjectSection(WebsiteProperties) = preProject
		Debug.AspNetCompiler.Debug = "True"
		Release.AspNetCompiler.Debug = "False"
	EndProjectSection
EndProject
Global
	GlobalSection(SolutionConfigurationPlatforms) = preSolution
		Debug|.NET = Debug|.NET
		Debug|Any CPU = Debug|Any CPU
		Debug|Mixed Platforms = Debug|Mixed Platforms
		Release|.NET = Release|.NET
		Release|Any CPU = Release|Any CPU
		Release|Mixed Platforms = Release|Mixed Platforms
	EndGlobalSection
	GlobalSection(ProjectConfigurationPlatforms) = postSolution
		{9E15876F-E9E0-43B7-9874-B54F163757D6}.Debug|.NET.ActiveCfg = Debug|Any CPU
		{9E15876F-E9E0-43B7-9874-B54F163757D6}.Debug|Any CPU.ActiveCfg = Debug|Any CPU
		{9E15876F-E9E0-43B7-9874-B54F163757D6}.Debug|Any CPU.Build.0 = Debug|Any CPU
		{9E15876F-E9E0-43B7-9874-B54F163757D6}.Debug|Mixed Platforms.ActiveCfg = Debug|Any CPU
		{9E15876F-E9E0-43B7-9874-B54F163757D6}.Debug|Mixed Platforms.Build.0 = Debug|Any CPU
		{9E15876F-E9E0-43B7-9874-B54F163757D6}.Release|.NET.ActiveCfg = Release|Any CPU
		{9E15876F-E9E0-43B7-9874-B54F163757D6}.Release|Any CPU.ActiveCfg = Release|Any CPU
		{9E15876F-E9E0-43B7-9874-B54F163757D6}.Release|Any CPU.Build.0 = Release|Any CPU
		{9E15876F-E9E0-43B7-9874-B54F163757D6}.Release|Mixed Platforms.ActiveCfg = Release|Any CPU
		{9E15876F-E9E0-43B7-9874-B54F163757D6}.Release|Mixed Platforms.Build.0 = Release|Any CPU
		{7F45EEA2-50AC-44E2-85A6-2FFB02E38C44}.Debug|.NET.ActiveCfg = Debug|Any CPU
		{7F45EEA2-50AC-44E2-85A6-2FFB02E38C44}.Debug|Any CPU.ActiveCfg = Debug|Any CPU
		{7F45EEA2-50AC-44E2-85A6-2FFB02E38C44}.Debug|Any CPU.Build.0 = Debug|Any CPU
		{7F45EEA2-50AC-44E2-85A6-2FFB02E38C44}.Debug|Mixed Platforms.ActiveCfg = Debug|Any CPU
		{7F45EEA2-50AC-44E2-85A6-2FFB02E38C44}.Debug|Mixed Platforms.Build.0 = Debug|Any CPU
		{7F45EEA2-50AC-44E2-85A6-2FFB02E38C44}.Release|.NET.ActiveCfg = Release|Any CPU
		{7F45EEA2-50AC-44E2-85A6-2FFB02E38C44}.Release|Any CPU.ActiveCfg = Release|Any CPU
		{7F45EEA2-50AC-44E2-85A6-2FFB02E38C44}.Release|Any CPU.Build.0 = Release|Any CPU
		{7F45EEA2-50AC-44E2-85A6-2FFB02E38C44}.Release|Mixed Platforms.ActiveCfg = Release|Any CPU
		{7F45EEA2-50AC-44E2-85A6-2FFB02E38C44}.Release|Mixed Platforms.Build.0 = Release|Any CPU
		{6E4F55A0-C281-4706-A08B-BDEC2D2FBDA4}.Debug|.NET.ActiveCfg = Debug|Any CPU
		{6E4F55A0-C281-4706-A08B-BDEC2D2FBDA4}.Debug|Any CPU.ActiveCfg = Debug|Any CPU
		{6E4F55A0-C281-4706-A08B-BDEC2D2FBDA4}.Debug|Any CPU.Build.0 = Debug|Any CPU
		{6E4F55A0-C281-4706-A08B-BDEC2D2FBDA4}.Debug|Mixed Platforms.ActiveCfg = Debug|Any CPU
		{6E4F55A0-C281-4706-A08B-BDEC2D2FBDA4}.Debug|Mixed Platforms.Build.0 = Debug|Any CPU
		{6E4F55A0-C281-4706-A08B-BDEC2D2FBDA4}.Release|.NET.ActiveCfg = Release|Any CPU
		{6E4F55A0-C281-4706-A08B-BDEC2D2FBDA4}.Release|Any CPU.ActiveCfg = Release|Any CPU
		{6E4F55A0-C281-4706-A08B-BDEC2D2FBDA4}.Release|Any CPU.Build.0 = Release|Any CPU
		{6E4F55A0-C281-4706-A08B-BDEC2D2FBDA4}.Release|Mixed Platforms.ActiveCfg = Release|Any CPU
		{6E4F55A0-C281-4706-A08B-BDEC2D2FBDA4}.Release|Mixed Platforms.Build.0 = Release|Any CPU
		{2D0C5DF7-3BDB-44FB-BC1B-58E60B170BAD}.Debug|.NET.ActiveCfg = Debug|Any CPU
		{2D0C5DF7-3BDB-44FB-BC1B-58E60B170BAD}.Debug|Any CPU.ActiveCfg = Debug|Any CPU
		{2D0C5DF7-3BDB-44FB-BC1B-58E60B170BAD}.Debug|Any CPU.Build.0 = Debug|Any CPU
		{2D0C5DF7-3BDB-44FB-BC1B-58E60B170BAD}.Debug|Mixed Platforms.ActiveCfg = Debug|Any CPU
		{2D0C5DF7-3BDB-44FB-BC1B-58E60B170BAD}.Debug|Mixed Platforms.Build.0 = Debug|Any CPU
		{2D0C5DF7-3BDB-44FB-BC1B-58E60B170BAD}.Release|.NET.ActiveCfg = Release|Any CPU
		{2D0C5DF7-3BDB-44FB-BC1B-58E60B170BAD}.Release|Any CPU.ActiveCfg = Release|Any CPU
		{2D0C5DF7-3BDB-44FB-BC1B-58E60B170BAD}.Release|Any CPU.Build.0 = Release|Any CPU
		{2D0C5DF7-3BDB-44FB-BC1B-58E60B170BAD}.Release|Mixed Platforms.ActiveCfg = Release|Any CPU
		{2D0C5DF7-3BDB-44FB-BC1B-58E60B170BAD}.Release|Mixed Platforms.Build.0 = Release|Any CPU
		{710961A3-0DF4-49E4-A26E-F5B9C044AC84}.Debug|.NET.ActiveCfg = Debug|Any CPU
		{710961A3-0DF4-49E4-A26E-F5B9C044AC84}.Debug|Any CPU.ActiveCfg = Debug|Any CPU
		{710961A3-0DF4-49E4-A26E-F5B9C044AC84}.Debug|Any CPU.Build.0 = Debug|Any CPU
		{710961A3-0DF4-49E4-A26E-F5B9C044AC84}.Debug|Mixed Platforms.ActiveCfg = Debug|Any CPU
		{710961A3-0DF4-49E4-A26E-F5B9C044AC84}.Debug|Mixed Platforms.Build.0 = Debug|Any CPU
		{710961A3-0DF4-49E4-A26E-F5B9C044AC84}.Release|.NET.ActiveCfg = Release|Any CPU
		{710961A3-0DF4-49E4-A26E-F5B9C044AC84}.Release|Any CPU.ActiveCfg = Release|Any CPU
		{710961A3-0DF4-49E4-A26E-F5B9C044AC84}.Release|Any CPU.Build.0 = Release|Any CPU
		{710961A3-0DF4-49E4-A26E-F5B9C044AC84}.Release|Mixed Platforms.ActiveCfg = Release|Any CPU
		{710961A3-0DF4-49E4-A26E-F5B9C044AC84}.Release|Mixed Platforms.Build.0 = Release|Any CPU
		{3A3A4E65-45A6-4B20-B460-0BEDC302C02C}.Debug|.NET.ActiveCfg = Debug|Any CPU
		{3A3A4E65-45A6-4B20-B460-0BEDC302C02C}.Debug|Any CPU.ActiveCfg = Debug|Any CPU
		{3A3A4E65-45A6-4B20-B460-0BEDC302C02C}.Debug|Any CPU.Build.0 = Debug|Any CPU
		{3A3A4E65-45A6-4B20-B460-0BEDC302C02C}.Debug|Mixed Platforms.ActiveCfg = Debug|Any CPU
		{3A3A4E65-45A6-4B20-B460-0BEDC302C02C}.Debug|Mixed Platforms.Build.0 = Debug|Any CPU
		{3A3A4E65-45A6-4B20-B460-0BEDC302C02C}.Release|.NET.ActiveCfg = Release|Any CPU
		{3A3A4E65-45A6-4B20-B460-0BEDC302C02C}.Release|Any CPU.ActiveCfg = Release|Any CPU
		{3A3A4E65-45A6-4B20-B460-0BEDC302C02C}.Release|Any CPU.Build.0 = Release|Any CPU
		{3A3A4E65-45A6-4B20-B460-0BEDC302C02C}.Release|Mixed Platforms.ActiveCfg = Release|Any CPU
		{3A3A4E65-45A6-4B20-B460-0BEDC302C02C}.Release|Mixed Platforms.Build.0 = Release|Any CPU
		{AE00E5AB-C39A-436F-86D2-33BFE33E2E40}.Debug|.NET.ActiveCfg = Debug|Any CPU
		{AE00E5AB-C39A-436F-86D2-33BFE33E2E40}.Debug|Any CPU.ActiveCfg = Debug|Any CPU
		{AE00E5AB-C39A-436F-86D2-33BFE33E2E40}.Debug|Any CPU.Build.0 = Debug|Any CPU
		{AE00E5AB-C39A-436F-86D2-33BFE33E2E40}.Debug|Mixed Platforms.ActiveCfg = Debug|Any CPU
		{AE00E5AB-C39A-436F-86D2-33BFE33E2E40}.Debug|Mixed Platforms.Build.0 = Debug|Any CPU
		{AE00E5AB-C39A-436F-86D2-33BFE33E2E40}.Release|.NET.ActiveCfg = Release|Any CPU
		{AE00E5AB-C39A-436F-86D2-33BFE33E2E40}.Release|Any CPU.ActiveCfg = Release|Any CPU
		{AE00E5AB-C39A-436F-86D2-33BFE33E2E40}.Release|Any CPU.Build.0 = Release|Any CPU
		{AE00E5AB-C39A-436F-86D2-33BFE33E2E40}.Release|Mixed Platforms.ActiveCfg = Release|Any CPU
		{AE00E5AB-C39A-436F-86D2-33BFE33E2E40}.Release|Mixed Platforms.Build.0 = Release|Any CPU
		{BA4789EB-281A-48EA-8763-28B9F0596A18}.Debug|.NET.ActiveCfg = Debug|Any CPU
		{BA4789EB-281A-48EA-8763-28B9F0596A18}.Debug|Any CPU.ActiveCfg = Debug|Any CPU
		{BA4789EB-281A-48EA-8763-28B9F0596A18}.Debug|Any CPU.Build.0 = Debug|Any CPU
		{BA4789EB-281A-48EA-8763-28B9F0596A18}.Debug|Mixed Platforms.ActiveCfg = Debug|Any CPU
		{BA4789EB-281A-48EA-8763-28B9F0596A18}.Debug|Mixed Platforms.Build.0 = Debug|Any CPU
		{BA4789EB-281A-48EA-8763-28B9F0596A18}.Release|.NET.ActiveCfg = Release|Any CPU
		{BA4789EB-281A-48EA-8763-28B9F0596A18}.Release|Any CPU.ActiveCfg = Release|Any CPU
		{BA4789EB-281A-48EA-8763-28B9F0596A18}.Release|Any CPU.Build.0 = Release|Any CPU
		{BA4789EB-281A-48EA-8763-28B9F0596A18}.Release|Mixed Platforms.ActiveCfg = Release|Any CPU
		{BA4789EB-281A-48EA-8763-28B9F0596A18}.Release|Mixed Platforms.Build.0 = Release|Any CPU
		{E57B4652-0231-49CB-B058-87E10EFE540D}.Debug|.NET.ActiveCfg = Debug|Any CPU
		{E57B4652-0231-49CB-B058-87E10EFE540D}.Debug|Any CPU.ActiveCfg = Debug|Any CPU
		{E57B4652-0231-49CB-B058-87E10EFE540D}.Debug|Any CPU.Build.0 = Debug|Any CPU
		{E57B4652-0231-49CB-B058-87E10EFE540D}.Debug|Mixed Platforms.ActiveCfg = Debug|Any CPU
		{E57B4652-0231-49CB-B058-87E10EFE540D}.Debug|Mixed Platforms.Build.0 = Debug|Any CPU
		{E57B4652-0231-49CB-B058-87E10EFE540D}.Release|.NET.ActiveCfg = Release|Any CPU
		{E57B4652-0231-49CB-B058-87E10EFE540D}.Release|Any CPU.ActiveCfg = Release|Any CPU
		{E57B4652-0231-49CB-B058-87E10EFE540D}.Release|Any CPU.Build.0 = Release|Any CPU
		{E57B4652-0231-49CB-B058-87E10EFE540D}.Release|Mixed Platforms.ActiveCfg = Release|Any CPU
		{E57B4652-0231-49CB-B058-87E10EFE540D}.Release|Mixed Platforms.Build.0 = Release|Any CPU
	EndGlobalSection
	GlobalSection(SolutionProperties) = preSolution
		HideSolutionNode = FALSE
	EndGlobalSection
EndGlobal
