
Microsoft Visual Studio Solution File, Format Version 12.00
# Visual Studio 2013
VisualStudioVersion = 12.0.21005.1
MinimumVisualStudioVersion = 10.0.40219.1
Project("{FAE04EC0-301F-11D3-BF4B-00C04F79EFBC}") = "Spring.Northwind.Service.2010", "src\Spring.Northwind.Service\Spring.Northwind.Service.2010.csproj", "{9E15876F-E9E0-43B7-9874-B54F163757D6}"
EndProject
Project("{FAE04EC0-301F-11D3-BF4B-00C04F79EFBC}") = "Spring.Northwind.Dao.2010", "src\Spring.Northwind.Dao\Spring.Northwind.Dao.2010.csproj", "{7F45EEA2-50AC-44E2-85A6-2FFB02E38C44}"
EndProject
Project("{FAE04EC0-301F-11D3-BF4B-00C04F79EFBC}") = "Spring.Northwind.Dao.NHibernate.2010", "src\Spring.Northwind.Dao.NHibernate\Spring.Northwind.Dao.NHibernate.2010.csproj", "{6E4F55A0-C281-4706-A08B-BDEC2D2FBDA4}"
EndProject
Project("{FAE04EC0-301F-11D3-BF4B-00C04F79EFBC}") = "Spring.Northwind.IntegrationTests.2010", "test\Spring.Northwind.IntegrationTests\Spring.Northwind.IntegrationTests.2010.csproj", "{2D0C5DF7-3BDB-44FB-BC1B-58E60B170BAD}"
EndProject
Project("{FAE04EC0-301F-11D3-BF4B-00C04F79EFBC}") = "Spring.Northwind.Web.2010", "src\Spring.Northwind.Web\Spring.Northwind.Web.2010.csproj", "{2967CA64-7352-46E3-89C0-6BB3A0A13FC1}"
EndProject
Project("{FAE04EC0-301F-11D3-BF4B-00C04F79EFBC}") = "Spring.Northwind.Web.Conversation.2010", "src\Spring.Northwind.Web.Conversation\Spring.Northwind.Web.Conversation.2010.csproj", "{8EEAB62E-DBAF-4C5F-9906-77B2A817F945}"
EndProject
Project("{2150E333-8FDC-42A3-9474-1A3956D46DE8}") = ".nuget", ".nuget", "{9856AC2A-F30F-45D5-B411-A048030AED00}"
	ProjectSection(SolutionItems) = preProject
		.nuget\NuGet.Config = .nuget\NuGet.Config
	EndProjectSection
EndProject
Global
	GlobalSection(SolutionConfigurationPlatforms) = preSolution
		Debug|.NET = Debug|.NET
		Debug|Any CPU = Debug|Any CPU
		Debug|Mixed Platforms = Debug|Mixed Platforms
		Release|.NET = Release|.NET
		Release|Any CPU = Release|Any CPU
		Release|Mixed Platforms = Release|Mixed Platforms
	EndGlobalSection
	GlobalSection(ProjectConfigurationPlatforms) = postSolution
		{9E15876F-E9E0-43B7-9874-B54F163757D6}.Debug|.NET.ActiveCfg = Debug|Any CPU
		{9E15876F-E9E0-43B7-9874-B54F163757D6}.Debug|Any CPU.ActiveCfg = Debug|Any CPU
		{9E15876F-E9E0-43B7-9874-B54F163757D6}.Debug|Any CPU.Build.0 = Debug|Any CPU
		{9E15876F-E9E0-43B7-9874-B54F163757D6}.Debug|Mixed Platforms.ActiveCfg = Debug|Any CPU
		{9E15876F-E9E0-43B7-9874-B54F163757D6}.Debug|Mixed Platforms.Build.0 = Debug|Any CPU
		{9E15876F-E9E0-43B7-9874-B54F163757D6}.Release|.NET.ActiveCfg = Release|Any CPU
		{9E15876F-E9E0-43B7-9874-B54F163757D6}.Release|Any CPU.ActiveCfg = Release|Any CPU
		{9E15876F-E9E0-43B7-9874-B54F163757D6}.Release|Any CPU.Build.0 = Release|Any CPU
		{9E15876F-E9E0-43B7-9874-B54F163757D6}.Release|Mixed Platforms.ActiveCfg = Release|Any CPU
		{9E15876F-E9E0-43B7-9874-B54F163757D6}.Release|Mixed Platforms.Build.0 = Release|Any CPU
		{7F45EEA2-50AC-44E2-85A6-2FFB02E38C44}.Debug|.NET.ActiveCfg = Debug|Any CPU
		{7F45EEA2-50AC-44E2-85A6-2FFB02E38C44}.Debug|Any CPU.ActiveCfg = Debug|Any CPU
		{7F45EEA2-50AC-44E2-85A6-2FFB02E38C44}.Debug|Any CPU.Build.0 = Debug|Any CPU
		{7F45EEA2-50AC-44E2-85A6-2FFB02E38C44}.Debug|Mixed Platforms.ActiveCfg = Debug|Any CPU
		{7F45EEA2-50AC-44E2-85A6-2FFB02E38C44}.Debug|Mixed Platforms.Build.0 = Debug|Any CPU
		{7F45EEA2-50AC-44E2-85A6-2FFB02E38C44}.Release|.NET.ActiveCfg = Release|Any CPU
		{7F45EEA2-50AC-44E2-85A6-2FFB02E38C44}.Release|Any CPU.ActiveCfg = Release|Any CPU
		{7F45EEA2-50AC-44E2-85A6-2FFB02E38C44}.Release|Any CPU.Build.0 = Release|Any CPU
		{7F45EEA2-50AC-44E2-85A6-2FFB02E38C44}.Release|Mixed Platforms.ActiveCfg = Release|Any CPU
		{7F45EEA2-50AC-44E2-85A6-2FFB02E38C44}.Release|Mixed Platforms.Build.0 = Release|Any CPU
		{6E4F55A0-C281-4706-A08B-BDEC2D2FBDA4}.Debug|.NET.ActiveCfg = Debug|Any CPU
		{6E4F55A0-C281-4706-A08B-BDEC2D2FBDA4}.Debug|Any CPU.ActiveCfg = Debug|Any CPU
		{6E4F55A0-C281-4706-A08B-BDEC2D2FBDA4}.Debug|Any CPU.Build.0 = Debug|Any CPU
		{6E4F55A0-C281-4706-A08B-BDEC2D2FBDA4}.Debug|Mixed Platforms.ActiveCfg = Debug|Any CPU
		{6E4F55A0-C281-4706-A08B-BDEC2D2FBDA4}.Debug|Mixed Platforms.Build.0 = Debug|Any CPU
		{6E4F55A0-C281-4706-A08B-BDEC2D2FBDA4}.Release|.NET.ActiveCfg = Release|Any CPU
		{6E4F55A0-C281-4706-A08B-BDEC2D2FBDA4}.Release|Any CPU.ActiveCfg = Release|Any CPU
		{6E4F55A0-C281-4706-A08B-BDEC2D2FBDA4}.Release|Any CPU.Build.0 = Release|Any CPU
		{6E4F55A0-C281-4706-A08B-BDEC2D2FBDA4}.Release|Mixed Platforms.ActiveCfg = Release|Any CPU
		{6E4F55A0-C281-4706-A08B-BDEC2D2FBDA4}.Release|Mixed Platforms.Build.0 = Release|Any CPU
		{2D0C5DF7-3BDB-44FB-BC1B-58E60B170BAD}.Debug|.NET.ActiveCfg = Debug|Any CPU
		{2D0C5DF7-3BDB-44FB-BC1B-58E60B170BAD}.Debug|Any CPU.ActiveCfg = Debug|Any CPU
		{2D0C5DF7-3BDB-44FB-BC1B-58E60B170BAD}.Debug|Any CPU.Build.0 = Debug|Any CPU
		{2D0C5DF7-3BDB-44FB-BC1B-58E60B170BAD}.Debug|Mixed Platforms.ActiveCfg = Debug|Any CPU
		{2D0C5DF7-3BDB-44FB-BC1B-58E60B170BAD}.Debug|Mixed Platforms.Build.0 = Debug|Any CPU
		{2D0C5DF7-3BDB-44FB-BC1B-58E60B170BAD}.Release|.NET.ActiveCfg = Release|Any CPU
		{2D0C5DF7-3BDB-44FB-BC1B-58E60B170BAD}.Release|Any CPU.ActiveCfg = Release|Any CPU
		{2D0C5DF7-3BDB-44FB-BC1B-58E60B170BAD}.Release|Any CPU.Build.0 = Release|Any CPU
		{2D0C5DF7-3BDB-44FB-BC1B-58E60B170BAD}.Release|Mixed Platforms.ActiveCfg = Release|Any CPU
		{2D0C5DF7-3BDB-44FB-BC1B-58E60B170BAD}.Release|Mixed Platforms.Build.0 = Release|Any CPU
		{2967CA64-7352-46E3-89C0-6BB3A0A13FC1}.Debug|.NET.ActiveCfg = Debug|Any CPU
		{2967CA64-7352-46E3-89C0-6BB3A0A13FC1}.Debug|Any CPU.ActiveCfg = Debug|Any CPU
		{2967CA64-7352-46E3-89C0-6BB3A0A13FC1}.Debug|Any CPU.Build.0 = Debug|Any CPU
		{2967CA64-7352-46E3-89C0-6BB3A0A13FC1}.Debug|Mixed Platforms.ActiveCfg = Debug|Any CPU
		{2967CA64-7352-46E3-89C0-6BB3A0A13FC1}.Debug|Mixed Platforms.Build.0 = Debug|Any CPU
		{2967CA64-7352-46E3-89C0-6BB3A0A13FC1}.Release|.NET.ActiveCfg = Release|Any CPU
		{2967CA64-7352-46E3-89C0-6BB3A0A13FC1}.Release|Any CPU.ActiveCfg = Release|Any CPU
		{2967CA64-7352-46E3-89C0-6BB3A0A13FC1}.Release|Any CPU.Build.0 = Release|Any CPU
		{2967CA64-7352-46E3-89C0-6BB3A0A13FC1}.Release|Mixed Platforms.ActiveCfg = Release|Any CPU
		{2967CA64-7352-46E3-89C0-6BB3A0A13FC1}.Release|Mixed Platforms.Build.0 = Release|Any CPU
		{8EEAB62E-DBAF-4C5F-9906-77B2A817F945}.Debug|.NET.ActiveCfg = Debug|Any CPU
		{8EEAB62E-DBAF-4C5F-9906-77B2A817F945}.Debug|Any CPU.ActiveCfg = Debug|Any CPU
		{8EEAB62E-DBAF-4C5F-9906-77B2A817F945}.Debug|Any CPU.Build.0 = Debug|Any CPU
		{8EEAB62E-DBAF-4C5F-9906-77B2A817F945}.Debug|Mixed Platforms.ActiveCfg = Debug|Any CPU
		{8EEAB62E-DBAF-4C5F-9906-77B2A817F945}.Debug|Mixed Platforms.Build.0 = Debug|Any CPU
		{8EEAB62E-DBAF-4C5F-9906-77B2A817F945}.Release|.NET.ActiveCfg = Release|Any CPU
		{8EEAB62E-DBAF-4C5F-9906-77B2A817F945}.Release|Any CPU.ActiveCfg = Release|Any CPU
		{8EEAB62E-DBAF-4C5F-9906-77B2A817F945}.Release|Any CPU.Build.0 = Release|Any CPU
		{8EEAB62E-DBAF-4C5F-9906-77B2A817F945}.Release|Mixed Platforms.ActiveCfg = Release|Any CPU
		{8EEAB62E-DBAF-4C5F-9906-77B2A817F945}.Release|Mixed Platforms.Build.0 = Release|Any CPU
	EndGlobalSection
	GlobalSection(SolutionProperties) = preSolution
		HideSolutionNode = FALSE
	EndGlobalSection
	GlobalSection(ExtensibilityGlobals) = postSolution
		NAntAddinLastFileName = 
	EndGlobalSection
EndGlobal

