
Microsoft Visual Studio Solution File, Format Version 10.00
# Visual Studio 2008
Project("{E24C65DC-7377-472B-9ABA-BC803B73C61A}") = "Spring.WebQuickStart.2005", "src\Spring.WebQuickStart.2005\", "{B4F56253-6425-4065-8A93-EF88F8730E57}"
	ProjectSection(WebsiteProperties) = preProject
		TargetFramework = "3.5"
		ProjectReferences = ""
		Debug.AspNetCompiler.VirtualPath = "/Spring.WebQuickStart.2005"
		Debug.AspNetCompiler.PhysicalPath = "src\Spring.WebQuickStart.2005\"
		Debug.AspNetCompiler.TargetPath = "PrecompiledWeb\Spring.WebQuickStart.2005\"
		Debug.AspNetCompiler.Updateable = "true"
		Debug.AspNetCompiler.ForceOverwrite = "true"
		Debug.AspNetCompiler.FixedNames = "false"
		Debug.AspNetCompiler.Debug = "True"
		Release.AspNetCompiler.VirtualPath = "/Spring.WebQuickStart.2005"
		Release.AspNetCompiler.PhysicalPath = "src\Spring.WebQuickStart.2005\"
		Release.AspNetCompiler.TargetPath = "PrecompiledWeb\Spring.WebQuickStart.2005\"
		Release.AspNetCompiler.Updateable = "true"
		Release.AspNetCompiler.ForceOverwrite = "true"
		Release.AspNetCompiler.FixedNames = "false"
		Release.AspNetCompiler.Debug = "False"
		VWDPort = "4724"
		DefaultWebSiteLanguage = "Visual C#"
	EndProjectSection
EndProject
Project("{E24C65DC-7377-472B-9ABA-BC803B73C61A}") = "Spring.WebQuickStart.Providers", "src\Spring.WebQuickStart.Providers\", "{F42A333D-D305-4649-8B5A-6F5862F0F62A}"
	ProjectSection(WebsiteProperties) = preProject
		TargetFramework = "3.5"
		ProjectReferences = ""
		Debug.AspNetCompiler.VirtualPath = "/Spring.WebQuickStart.Providers"
		Debug.AspNetCompiler.PhysicalPath = "src\Spring.WebQuickStart.Providers\"
		Debug.AspNetCompiler.TargetPath = "PrecompiledWeb\Spring.WebQuickStart.Providers\"
		Debug.AspNetCompiler.Updateable = "true"
		Debug.AspNetCompiler.ForceOverwrite = "true"
		Debug.AspNetCompiler.FixedNames = "false"
		Debug.AspNetCompiler.Debug = "True"
		Release.AspNetCompiler.VirtualPath = "/Spring.WebQuickStart.Providers"
		Release.AspNetCompiler.PhysicalPath = "src\Spring.WebQuickStart.Providers\"
		Release.AspNetCompiler.TargetPath = "PrecompiledWeb\Spring.WebQuickStart.Providers\"
		Release.AspNetCompiler.Updateable = "true"
		Release.AspNetCompiler.ForceOverwrite = "true"
		Release.AspNetCompiler.FixedNames = "false"
		Release.AspNetCompiler.Debug = "False"
		VWDPort = "1343"
		DefaultWebSiteLanguage = "Visual C#"
	EndProjectSection
EndProject
Global
	GlobalSection(SolutionConfigurationPlatforms) = preSolution
		Debug|.NET = Debug|.NET
		Debug|Any CPU = Debug|Any CPU
		Debug|Mixed Platforms = Debug|Mixed Platforms
		Release|.NET = Release|.NET
		Release|Any CPU = Release|Any CPU
		Release|Mixed Platforms = Release|Mixed Platforms
	EndGlobalSection
	GlobalSection(ProjectConfigurationPlatforms) = postSolution
		{B4F56253-6425-4065-8A93-EF88F8730E57}.Debug|.NET.ActiveCfg = Debug|.NET
		{B4F56253-6425-4065-8A93-EF88F8730E57}.Debug|.NET.Build.0 = Debug|.NET
		{B4F56253-6425-4065-8A93-EF88F8730E57}.Debug|Any CPU.ActiveCfg = Debug|.NET
		{B4F56253-6425-4065-8A93-EF88F8730E57}.Debug|Mixed Platforms.ActiveCfg = Debug|.NET
		{B4F56253-6425-4065-8A93-EF88F8730E57}.Debug|Mixed Platforms.Build.0 = Debug|.NET
		{B4F56253-6425-4065-8A93-EF88F8730E57}.Release|.NET.ActiveCfg = Debug|.NET
		{B4F56253-6425-4065-8A93-EF88F8730E57}.Release|.NET.Build.0 = Debug|.NET
		{B4F56253-6425-4065-8A93-EF88F8730E57}.Release|Any CPU.ActiveCfg = Debug|.NET
		{B4F56253-6425-4065-8A93-EF88F8730E57}.Release|Mixed Platforms.ActiveCfg = Debug|.NET
		{B4F56253-6425-4065-8A93-EF88F8730E57}.Release|Mixed Platforms.Build.0 = Debug|.NET
		{F42A333D-D305-4649-8B5A-6F5862F0F62A}.Debug|.NET.ActiveCfg = Debug|.NET
		{F42A333D-D305-4649-8B5A-6F5862F0F62A}.Debug|.NET.Build.0 = Debug|.NET
		{F42A333D-D305-4649-8B5A-6F5862F0F62A}.Debug|Any CPU.ActiveCfg = Debug|.NET
		{F42A333D-D305-4649-8B5A-6F5862F0F62A}.Debug|Mixed Platforms.ActiveCfg = Debug|.NET
		{F42A333D-D305-4649-8B5A-6F5862F0F62A}.Debug|Mixed Platforms.Build.0 = Debug|.NET
		{F42A333D-D305-4649-8B5A-6F5862F0F62A}.Release|.NET.ActiveCfg = Debug|.NET
		{F42A333D-D305-4649-8B5A-6F5862F0F62A}.Release|.NET.Build.0 = Debug|.NET
		{F42A333D-D305-4649-8B5A-6F5862F0F62A}.Release|Any CPU.ActiveCfg = Debug|.NET
		{F42A333D-D305-4649-8B5A-6F5862F0F62A}.Release|Mixed Platforms.ActiveCfg = Debug|.NET
		{F42A333D-D305-4649-8B5A-6F5862F0F62A}.Release|Mixed Platforms.Build.0 = Debug|.NET
	EndGlobalSection
	GlobalSection(SolutionProperties) = preSolution
		HideSolutionNode = FALSE
	EndGlobalSection
EndGlobal
