
Microsoft Visual Studio Solution File, Format Version 12.00
# Visual Studio 15
VisualStudioVersion = 15.0.27703.2035
MinimumVisualStudioVersion = 10.0.40219.1
Project("{E24C65DC-7377-472B-9ABA-BC803B73C61A}") = "Spring.WebQuickStart.2005", "src\Spring.WebQuickStart.2005\", "{B4F56253-6425-4065-8A93-EF88F8730E57}"
	ProjectSection(WebsiteProperties) = preProject
		TargetFrameworkMoniker = ".NETFramework,Version%3Dv4.6.1"
		ProjectReferences = "{BA4789EB-281A-48EA-8763-28B9F0596A18}|Spring.Web.dll;{710961A3-0DF4-49E4-A26E-F5B9C044AC84}|Spring.Core.dll;"
		Debug.AspNetCompiler.VirtualPath = "/Spring.WebQuickStart.2005"
		Debug.AspNetCompiler.PhysicalPath = "src\Spring.WebQuickStart.2005\"
		Debug.AspNetCompiler.TargetPath = "PrecompiledWeb\Spring.WebQuickStart.2005\"
		Debug.AspNetCompiler.Updateable = "true"
		Debug.AspNetCompiler.ForceOverwrite = "true"
		Debug.AspNetCompiler.FixedNames = "false"
		Debug.AspNetCompiler.Debug = "True"
		Release.AspNetCompiler.VirtualPath = "/Spring.WebQuickStart.2005"
		Release.AspNetCompiler.PhysicalPath = "src\Spring.WebQuickStart.2005\"
		Release.AspNetCompiler.TargetPath = "PrecompiledWeb\Spring.WebQuickStart.2005\"
		Release.AspNetCompiler.Updateable = "true"
		Release.AspNetCompiler.ForceOverwrite = "true"
		Release.AspNetCompiler.FixedNames = "false"
		Release.AspNetCompiler.Debug = "False"
		VWDPort = "4724"
		SlnRelativePath = "src\Spring.WebQuickStart.2005\"
		DefaultWebSiteLanguage = "Visual C#"
	EndProjectSection
EndProject
Project("{E24C65DC-7377-472B-9ABA-BC803B73C61A}") = "Spring.WebQuickStart.Providers", "src\Spring.WebQuickStart.Providers\", "{F42A333D-D305-4649-8B5A-6F5862F0F62A}"
	ProjectSection(WebsiteProperties) = preProject
		TargetFrameworkMoniker = ".NETFramework,Version%3Dv4.6.1"
		ProjectReferences = "{710961A3-0DF4-49E4-A26E-F5B9C044AC84}|Spring.Core.dll;{BA4789EB-281A-48EA-8763-28B9F0596A18}|Spring.Web.dll;"
		Debug.AspNetCompiler.VirtualPath = "/Spring.WebQuickStart.Providers"
		Debug.AspNetCompiler.PhysicalPath = "src\Spring.WebQuickStart.Providers\"
		Debug.AspNetCompiler.TargetPath = "PrecompiledWeb\Spring.WebQuickStart.Providers\"
		Debug.AspNetCompiler.Updateable = "true"
		Debug.AspNetCompiler.ForceOverwrite = "true"
		Debug.AspNetCompiler.FixedNames = "false"
		Debug.AspNetCompiler.Debug = "True"
		Release.AspNetCompiler.VirtualPath = "/Spring.WebQuickStart.Providers"
		Release.AspNetCompiler.PhysicalPath = "src\Spring.WebQuickStart.Providers\"
		Release.AspNetCompiler.TargetPath = "PrecompiledWeb\Spring.WebQuickStart.Providers\"
		Release.AspNetCompiler.Updateable = "true"
		Release.AspNetCompiler.ForceOverwrite = "true"
		Release.AspNetCompiler.FixedNames = "false"
		Release.AspNetCompiler.Debug = "False"
		VWDPort = "1343"
		SlnRelativePath = "src\Spring.WebQuickStart.Providers\"
		DefaultWebSiteLanguage = "Visual C#"
	EndProjectSection
EndProject
Project("{9A19103F-16F7-4668-BE54-9A1E7A4F7556}") = "Spring.Core.2010", "..\..\..\src\Spring\Spring.Core\Spring.Core.csproj", "{710961A3-0DF4-49E4-A26E-F5B9C044AC84}"
EndProject
Project("{9A19103F-16F7-4668-BE54-9A1E7A4F7556}") = "Spring.Core.Tests.2010", "..\..\..\test\Spring\Spring.Core.Tests\Spring.Core.Tests.csproj", "{44B16BAA-6DF8-447C-9D7F-3AD3D854D904}"
EndProject
Project("{9A19103F-16F7-4668-BE54-9A1E7A4F7556}") = "Spring.Web.2010", "..\..\..\src\Spring\Spring.Web\Spring.Web.csproj", "{BA4789EB-281A-48EA-8763-28B9F0596A18}"
EndProject
Project("{9A19103F-16F7-4668-BE54-9A1E7A4F7556}") = "Spring.Web.Tests.2010", "..\..\..\test\Spring\Spring.Web.Tests\Spring.Web.Tests.csproj", "{C67E47AA-1ACD-41B4-A465-4D336A2319CA}"
EndProject
Project("{9A19103F-16F7-4668-BE54-9A1E7A4F7556}") = "Spring.Aop.2010", "..\..\..\src\Spring\Spring.Aop\Spring.Aop.csproj", "{3A3A4E65-45A6-4B20-B460-0BEDC302C02C}"
EndProject
Project("{9A19103F-16F7-4668-BE54-9A1E7A4F7556}") = "Spring.Data.2010", "..\..\..\src\Spring\Spring.Data\Spring.Data.csproj", "{AE00E5AB-C39A-436F-86D2-33BFE33E2E40}"
EndProject
Project("{9A19103F-16F7-4668-BE54-9A1E7A4F7556}") = "Spring.Template.Velocity.2010", "..\..\..\src\Spring\Spring.Template.Velocity\Spring.Template.Velocity.csproj", "{6630B5A3-5471-40F7-B058-4C1D17B219EF}"
EndProject
Project("{9A19103F-16F7-4668-BE54-9A1E7A4F7556}") = "Spring.Services.2010", "..\..\..\src\Spring\Spring.Services\Spring.Services.csproj", "{88601B69-E2E6-44CA-A2B4-82CD635A16AA}"
EndProject
Project("{9A19103F-16F7-4668-BE54-9A1E7A4F7556}") = "Spring.Messaging.Nms.2010", "..\..\..\src\Spring\Spring.Messaging.Nms\Spring.Messaging.Nms.csproj", "{E2B834B9-9476-470B-9D5D-97183124A31F}"
EndProject
Global
	GlobalSection(SolutionConfigurationPlatforms) = preSolution
		Debug|.NET = Debug|.NET
		Debug|Any CPU = Debug|Any CPU
		Debug|Mixed Platforms = Debug|Mixed Platforms
		Release|.NET = Release|.NET
		Release|Any CPU = Release|Any CPU
		Release|Mixed Platforms = Release|Mixed Platforms
	EndGlobalSection
	GlobalSection(ProjectConfigurationPlatforms) = postSolution
		{B4F56253-6425-4065-8A93-EF88F8730E57}.Debug|.NET.ActiveCfg = Debug|Any CPU
		{B4F56253-6425-4065-8A93-EF88F8730E57}.Debug|Any CPU.ActiveCfg = Debug|Any CPU
		{B4F56253-6425-4065-8A93-EF88F8730E57}.Debug|Any CPU.Build.0 = Debug|Any CPU
		{B4F56253-6425-4065-8A93-EF88F8730E57}.Debug|Mixed Platforms.ActiveCfg = Debug|Any CPU
		{B4F56253-6425-4065-8A93-EF88F8730E57}.Debug|Mixed Platforms.Build.0 = Debug|Any CPU
		{B4F56253-6425-4065-8A93-EF88F8730E57}.Release|.NET.ActiveCfg = Debug|Any CPU
		{B4F56253-6425-4065-8A93-EF88F8730E57}.Release|Any CPU.ActiveCfg = Debug|Any CPU
		{B4F56253-6425-4065-8A93-EF88F8730E57}.Release|Any CPU.Build.0 = Debug|Any CPU
		{B4F56253-6425-4065-8A93-EF88F8730E57}.Release|Mixed Platforms.ActiveCfg = Debug|Any CPU
		{B4F56253-6425-4065-8A93-EF88F8730E57}.Release|Mixed Platforms.Build.0 = Debug|Any CPU
		{F42A333D-D305-4649-8B5A-6F5862F0F62A}.Debug|.NET.ActiveCfg = Debug|Any CPU
		{F42A333D-D305-4649-8B5A-6F5862F0F62A}.Debug|Any CPU.ActiveCfg = Debug|Any CPU
		{F42A333D-D305-4649-8B5A-6F5862F0F62A}.Debug|Any CPU.Build.0 = Debug|Any CPU
		{F42A333D-D305-4649-8B5A-6F5862F0F62A}.Debug|Mixed Platforms.ActiveCfg = Debug|Any CPU
		{F42A333D-D305-4649-8B5A-6F5862F0F62A}.Debug|Mixed Platforms.Build.0 = Debug|Any CPU
		{F42A333D-D305-4649-8B5A-6F5862F0F62A}.Release|.NET.ActiveCfg = Debug|Any CPU
		{F42A333D-D305-4649-8B5A-6F5862F0F62A}.Release|Any CPU.ActiveCfg = Debug|Any CPU
		{F42A333D-D305-4649-8B5A-6F5862F0F62A}.Release|Any CPU.Build.0 = Debug|Any CPU
		{F42A333D-D305-4649-8B5A-6F5862F0F62A}.Release|Mixed Platforms.ActiveCfg = Debug|Any CPU
		{F42A333D-D305-4649-8B5A-6F5862F0F62A}.Release|Mixed Platforms.Build.0 = Debug|Any CPU
		{710961A3-0DF4-49E4-A26E-F5B9C044AC84}.Debug|.NET.ActiveCfg = Debug|Any CPU
		{710961A3-0DF4-49E4-A26E-F5B9C044AC84}.Debug|Any CPU.ActiveCfg = Debug|Any CPU
		{710961A3-0DF4-49E4-A26E-F5B9C044AC84}.Debug|Any CPU.Build.0 = Debug|Any CPU
		{710961A3-0DF4-49E4-A26E-F5B9C044AC84}.Debug|Mixed Platforms.ActiveCfg = Debug|Any CPU
		{710961A3-0DF4-49E4-A26E-F5B9C044AC84}.Debug|Mixed Platforms.Build.0 = Debug|Any CPU
		{710961A3-0DF4-49E4-A26E-F5B9C044AC84}.Release|.NET.ActiveCfg = Release|Any CPU
		{710961A3-0DF4-49E4-A26E-F5B9C044AC84}.Release|Any CPU.ActiveCfg = Release|Any CPU
		{710961A3-0DF4-49E4-A26E-F5B9C044AC84}.Release|Any CPU.Build.0 = Release|Any CPU
		{710961A3-0DF4-49E4-A26E-F5B9C044AC84}.Release|Mixed Platforms.ActiveCfg = Release|Any CPU
		{710961A3-0DF4-49E4-A26E-F5B9C044AC84}.Release|Mixed Platforms.Build.0 = Release|Any CPU
		{44B16BAA-6DF8-447C-9D7F-3AD3D854D904}.Debug|.NET.ActiveCfg = Debug|Any CPU
		{44B16BAA-6DF8-447C-9D7F-3AD3D854D904}.Debug|Any CPU.ActiveCfg = Debug|Any CPU
		{44B16BAA-6DF8-447C-9D7F-3AD3D854D904}.Debug|Any CPU.Build.0 = Debug|Any CPU
		{44B16BAA-6DF8-447C-9D7F-3AD3D854D904}.Debug|Mixed Platforms.ActiveCfg = Debug|Any CPU
		{44B16BAA-6DF8-447C-9D7F-3AD3D854D904}.Debug|Mixed Platforms.Build.0 = Debug|Any CPU
		{44B16BAA-6DF8-447C-9D7F-3AD3D854D904}.Release|.NET.ActiveCfg = Release|Any CPU
		{44B16BAA-6DF8-447C-9D7F-3AD3D854D904}.Release|Any CPU.ActiveCfg = Release|Any CPU
		{44B16BAA-6DF8-447C-9D7F-3AD3D854D904}.Release|Any CPU.Build.0 = Release|Any CPU
		{44B16BAA-6DF8-447C-9D7F-3AD3D854D904}.Release|Mixed Platforms.ActiveCfg = Release|Any CPU
		{44B16BAA-6DF8-447C-9D7F-3AD3D854D904}.Release|Mixed Platforms.Build.0 = Release|Any CPU
		{BA4789EB-281A-48EA-8763-28B9F0596A18}.Debug|.NET.ActiveCfg = Debug|Any CPU
		{BA4789EB-281A-48EA-8763-28B9F0596A18}.Debug|Any CPU.ActiveCfg = Debug|Any CPU
		{BA4789EB-281A-48EA-8763-28B9F0596A18}.Debug|Any CPU.Build.0 = Debug|Any CPU
		{BA4789EB-281A-48EA-8763-28B9F0596A18}.Debug|Mixed Platforms.ActiveCfg = Debug|Any CPU
		{BA4789EB-281A-48EA-8763-28B9F0596A18}.Debug|Mixed Platforms.Build.0 = Debug|Any CPU
		{BA4789EB-281A-48EA-8763-28B9F0596A18}.Release|.NET.ActiveCfg = Release|Any CPU
		{BA4789EB-281A-48EA-8763-28B9F0596A18}.Release|Any CPU.ActiveCfg = Release|Any CPU
		{BA4789EB-281A-48EA-8763-28B9F0596A18}.Release|Any CPU.Build.0 = Release|Any CPU
		{BA4789EB-281A-48EA-8763-28B9F0596A18}.Release|Mixed Platforms.ActiveCfg = Release|Any CPU
		{BA4789EB-281A-48EA-8763-28B9F0596A18}.Release|Mixed Platforms.Build.0 = Release|Any CPU
		{C67E47AA-1ACD-41B4-A465-4D336A2319CA}.Debug|.NET.ActiveCfg = Debug|Any CPU
		{C67E47AA-1ACD-41B4-A465-4D336A2319CA}.Debug|Any CPU.ActiveCfg = Debug|Any CPU
		{C67E47AA-1ACD-41B4-A465-4D336A2319CA}.Debug|Any CPU.Build.0 = Debug|Any CPU
		{C67E47AA-1ACD-41B4-A465-4D336A2319CA}.Debug|Mixed Platforms.ActiveCfg = Debug|Any CPU
		{C67E47AA-1ACD-41B4-A465-4D336A2319CA}.Debug|Mixed Platforms.Build.0 = Debug|Any CPU
		{C67E47AA-1ACD-41B4-A465-4D336A2319CA}.Release|.NET.ActiveCfg = Release|Any CPU
		{C67E47AA-1ACD-41B4-A465-4D336A2319CA}.Release|Any CPU.ActiveCfg = Release|Any CPU
		{C67E47AA-1ACD-41B4-A465-4D336A2319CA}.Release|Any CPU.Build.0 = Release|Any CPU
		{C67E47AA-1ACD-41B4-A465-4D336A2319CA}.Release|Mixed Platforms.ActiveCfg = Release|Any CPU
		{C67E47AA-1ACD-41B4-A465-4D336A2319CA}.Release|Mixed Platforms.Build.0 = Release|Any CPU
		{3A3A4E65-45A6-4B20-B460-0BEDC302C02C}.Debug|.NET.ActiveCfg = Debug|Any CPU
		{3A3A4E65-45A6-4B20-B460-0BEDC302C02C}.Debug|Any CPU.ActiveCfg = Debug|Any CPU
		{3A3A4E65-45A6-4B20-B460-0BEDC302C02C}.Debug|Any CPU.Build.0 = Debug|Any CPU
		{3A3A4E65-45A6-4B20-B460-0BEDC302C02C}.Debug|Mixed Platforms.ActiveCfg = Debug|Any CPU
		{3A3A4E65-45A6-4B20-B460-0BEDC302C02C}.Debug|Mixed Platforms.Build.0 = Debug|Any CPU
		{3A3A4E65-45A6-4B20-B460-0BEDC302C02C}.Release|.NET.ActiveCfg = Release|Any CPU
		{3A3A4E65-45A6-4B20-B460-0BEDC302C02C}.Release|Any CPU.ActiveCfg = Release|Any CPU
		{3A3A4E65-45A6-4B20-B460-0BEDC302C02C}.Release|Any CPU.Build.0 = Release|Any CPU
		{3A3A4E65-45A6-4B20-B460-0BEDC302C02C}.Release|Mixed Platforms.ActiveCfg = Release|Any CPU
		{3A3A4E65-45A6-4B20-B460-0BEDC302C02C}.Release|Mixed Platforms.Build.0 = Release|Any CPU
		{AE00E5AB-C39A-436F-86D2-33BFE33E2E40}.Debug|.NET.ActiveCfg = Debug|Any CPU
		{AE00E5AB-C39A-436F-86D2-33BFE33E2E40}.Debug|Any CPU.ActiveCfg = Debug|Any CPU
		{AE00E5AB-C39A-436F-86D2-33BFE33E2E40}.Debug|Any CPU.Build.0 = Debug|Any CPU
		{AE00E5AB-C39A-436F-86D2-33BFE33E2E40}.Debug|Mixed Platforms.ActiveCfg = Debug|Any CPU
		{AE00E5AB-C39A-436F-86D2-33BFE33E2E40}.Debug|Mixed Platforms.Build.0 = Debug|Any CPU
		{AE00E5AB-C39A-436F-86D2-33BFE33E2E40}.Release|.NET.ActiveCfg = Release|Any CPU
		{AE00E5AB-C39A-436F-86D2-33BFE33E2E40}.Release|Any CPU.ActiveCfg = Release|Any CPU
		{AE00E5AB-C39A-436F-86D2-33BFE33E2E40}.Release|Any CPU.Build.0 = Release|Any CPU
		{AE00E5AB-C39A-436F-86D2-33BFE33E2E40}.Release|Mixed Platforms.ActiveCfg = Release|Any CPU
		{AE00E5AB-C39A-436F-86D2-33BFE33E2E40}.Release|Mixed Platforms.Build.0 = Release|Any CPU
		{6630B5A3-5471-40F7-B058-4C1D17B219EF}.Debug|.NET.ActiveCfg = Debug|Any CPU
		{6630B5A3-5471-40F7-B058-4C1D17B219EF}.Debug|.NET.Build.0 = Debug|Any CPU
		{6630B5A3-5471-40F7-B058-4C1D17B219EF}.Debug|Any CPU.ActiveCfg = Debug|Any CPU
		{6630B5A3-5471-40F7-B058-4C1D17B219EF}.Debug|Any CPU.Build.0 = Debug|Any CPU
		{6630B5A3-5471-40F7-B058-4C1D17B219EF}.Debug|Mixed Platforms.ActiveCfg = Debug|Any CPU
		{6630B5A3-5471-40F7-B058-4C1D17B219EF}.Debug|Mixed Platforms.Build.0 = Debug|Any CPU
		{6630B5A3-5471-40F7-B058-4C1D17B219EF}.Release|.NET.ActiveCfg = Release|Any CPU
		{6630B5A3-5471-40F7-B058-4C1D17B219EF}.Release|.NET.Build.0 = Release|Any CPU
		{6630B5A3-5471-40F7-B058-4C1D17B219EF}.Release|Any CPU.ActiveCfg = Release|Any CPU
		{6630B5A3-5471-40F7-B058-4C1D17B219EF}.Release|Any CPU.Build.0 = Release|Any CPU
		{6630B5A3-5471-40F7-B058-4C1D17B219EF}.Release|Mixed Platforms.ActiveCfg = Release|Any CPU
		{6630B5A3-5471-40F7-B058-4C1D17B219EF}.Release|Mixed Platforms.Build.0 = Release|Any CPU
		{88601B69-E2E6-44CA-A2B4-82CD635A16AA}.Debug|.NET.ActiveCfg = Debug|Any CPU
		{88601B69-E2E6-44CA-A2B4-82CD635A16AA}.Debug|.NET.Build.0 = Debug|Any CPU
		{88601B69-E2E6-44CA-A2B4-82CD635A16AA}.Debug|Any CPU.ActiveCfg = Debug|Any CPU
		{88601B69-E2E6-44CA-A2B4-82CD635A16AA}.Debug|Any CPU.Build.0 = Debug|Any CPU
		{88601B69-E2E6-44CA-A2B4-82CD635A16AA}.Debug|Mixed Platforms.ActiveCfg = Debug|Any CPU
		{88601B69-E2E6-44CA-A2B4-82CD635A16AA}.Debug|Mixed Platforms.Build.0 = Debug|Any CPU
		{88601B69-E2E6-44CA-A2B4-82CD635A16AA}.Release|.NET.ActiveCfg = Release|Any CPU
		{88601B69-E2E6-44CA-A2B4-82CD635A16AA}.Release|.NET.Build.0 = Release|Any CPU
		{88601B69-E2E6-44CA-A2B4-82CD635A16AA}.Release|Any CPU.ActiveCfg = Release|Any CPU
		{88601B69-E2E6-44CA-A2B4-82CD635A16AA}.Release|Any CPU.Build.0 = Release|Any CPU
		{88601B69-E2E6-44CA-A2B4-82CD635A16AA}.Release|Mixed Platforms.ActiveCfg = Release|Any CPU
		{88601B69-E2E6-44CA-A2B4-82CD635A16AA}.Release|Mixed Platforms.Build.0 = Release|Any CPU
		{E2B834B9-9476-470B-9D5D-97183124A31F}.Debug|.NET.ActiveCfg = Debug|Any CPU
		{E2B834B9-9476-470B-9D5D-97183124A31F}.Debug|.NET.Build.0 = Debug|Any CPU
		{E2B834B9-9476-470B-9D5D-97183124A31F}.Debug|Any CPU.ActiveCfg = Debug|Any CPU
		{E2B834B9-9476-470B-9D5D-97183124A31F}.Debug|Any CPU.Build.0 = Debug|Any CPU
		{E2B834B9-9476-470B-9D5D-97183124A31F}.Debug|Mixed Platforms.ActiveCfg = Debug|Any CPU
		{E2B834B9-9476-470B-9D5D-97183124A31F}.Debug|Mixed Platforms.Build.0 = Debug|Any CPU
		{E2B834B9-9476-470B-9D5D-97183124A31F}.Release|.NET.ActiveCfg = Release|Any CPU
		{E2B834B9-9476-470B-9D5D-97183124A31F}.Release|.NET.Build.0 = Release|Any CPU
		{E2B834B9-9476-470B-9D5D-97183124A31F}.Release|Any CPU.ActiveCfg = Release|Any CPU
		{E2B834B9-9476-470B-9D5D-97183124A31F}.Release|Any CPU.Build.0 = Release|Any CPU
		{E2B834B9-9476-470B-9D5D-97183124A31F}.Release|Mixed Platforms.ActiveCfg = Release|Any CPU
		{E2B834B9-9476-470B-9D5D-97183124A31F}.Release|Mixed Platforms.Build.0 = Release|Any CPU
	EndGlobalSection
	GlobalSection(SolutionProperties) = preSolution
		HideSolutionNode = FALSE
	EndGlobalSection
	GlobalSection(ExtensibilityGlobals) = postSolution
		SolutionGuid = {FCE7DAD6-0825-438B-A579-EB142A7F4628}
	EndGlobalSection
EndGlobal
