
Microsoft Visual Studio Solution File, Format Version 12.00
# Visual Studio 15
VisualStudioVersion = 15.0.25807.0
MinimumVisualStudioVersion = 10.0.40219.1
Project("{E24C65DC-7377-472B-9ABA-BC803B73C61A}") = "SpringAir.Web.2010", "src\SpringAir.Web.2010\", "{839602F5-8077-497D-9CCB-C9F02741CA55}"
	ProjectSection(WebsiteProperties) = preProject
		TargetFrameworkMoniker = ".NETFramework,Version%3Dv4.6.1"
		ProjectReferences = "{5E3427D8-62FC-483F-A86B-B44A79A46BCC}|SpringAir.Core.dll;{78B285FE-27F3-44F4-84B1-7A589AB48EF3}|SpringAir.Data.Ado.dll;{0925F8C7-B2AB-4DD7-AF6D-10DD028C5910}|SpringAir.Web.2010.References.dll;"
		Debug.AspNetCompiler.VirtualPath = "/SpringAir.Web.2010"
		Debug.AspNetCompiler.PhysicalPath = "src\SpringAir.Web.2010\"
		Debug.AspNetCompiler.TargetPath = "PrecompiledWeb\SpringAir.Web.2010\"
		Debug.AspNetCompiler.Updateable = "true"
		Debug.AspNetCompiler.ForceOverwrite = "true"
		Debug.AspNetCompiler.FixedNames = "false"
		Debug.AspNetCompiler.Debug = "True"
		Release.AspNetCompiler.VirtualPath = "/SpringAir.Web.2010"
		Release.AspNetCompiler.PhysicalPath = "src\SpringAir.Web.2010\"
		Release.AspNetCompiler.TargetPath = "PrecompiledWeb\SpringAir.Web.2010\"
		Release.AspNetCompiler.Updateable = "true"
		Release.AspNetCompiler.ForceOverwrite = "true"
		Release.AspNetCompiler.FixedNames = "false"
		Release.AspNetCompiler.Debug = "False"
		VWDPort = "4816"
		SlnRelativePath = "src\SpringAir.Web.2010\"
		DefaultWebSiteLanguage = "Visual C#"
	EndProjectSection
EndProject
Project("{9A19103F-16F7-4668-BE54-9A1E7A4F7556}") = "SpringAir.Core.2010", "src\SpringAir.Core\SpringAir.Core.csproj", "{5E3427D8-62FC-483F-A86B-B44A79A46BCC}"
EndProject
Project("{9A19103F-16F7-4668-BE54-9A1E7A4F7556}") = "SpringAir.Core.Tests.2010", "test\SpringAir.Core.Tests\SpringAir.Core.Tests.csproj", "{BB9AFE5E-7785-43AC-86ED-CF0A073F006E}"
EndProject
Project("{9A19103F-16F7-4668-BE54-9A1E7A4F7556}") = "SpringAir.Data.Ado.2010", "src\SpringAir.Data.Ado\SpringAir.Data.Ado.csproj", "{78B285FE-27F3-44F4-84B1-7A589AB48EF3}"
EndProject
Project("{9A19103F-16F7-4668-BE54-9A1E7A4F7556}") = "SpringAir.Data.Ado.Tests.2010", "test\SpringAir.Data.Ado.Tests\SpringAir.Data.Ado.Tests.csproj", "{B0A6F98E-5363-4575-BB6B-A84E91895468}"
EndProject
Project("{9A19103F-16F7-4668-BE54-9A1E7A4F7556}") = "SpringAir.Web.2010.References", "src\SpringAir.Web.2005.References\SpringAir.Web.2010.References.csproj", "{0925F8C7-B2AB-4DD7-AF6D-10DD028C5910}"
EndProject
Project("{9A19103F-16F7-4668-BE54-9A1E7A4F7556}") = "Spring.Web.2010", "..\..\..\src\Spring\Spring.Web\Spring.Web.csproj", "{A0FEC2A6-6B6A-40B5-959C-97195C4CBF87}"
EndProject
Project("{9A19103F-16F7-4668-BE54-9A1E7A4F7556}") = "Spring.Core.2010", "..\..\..\src\Spring\Spring.Core\Spring.Core.csproj", "{1B1FACC5-ECBA-4569-8D68-49E5AEC5B2E3}"
EndProject
Project("{9A19103F-16F7-4668-BE54-9A1E7A4F7556}") = "Spring.Data.2010", "..\..\..\src\Spring\Spring.Data\Spring.Data.csproj", "{9539D4A2-2EB5-4425-9E2E-5D01C6099A55}"
EndProject
Project("{9A19103F-16F7-4668-BE54-9A1E7A4F7556}") = "Spring.Aop.2010", "..\..\..\src\Spring\Spring.Aop\Spring.Aop.csproj", "{57379674-B969-4D3A-BFF7-D9520C4D37C9}"
EndProject
Global
	GlobalSection(SolutionConfigurationPlatforms) = preSolution
		Debug|.NET = Debug|.NET
		Debug|Any CPU = Debug|Any CPU
		Debug|Mixed Platforms = Debug|Mixed Platforms
		Release|.NET = Release|.NET
		Release|Any CPU = Release|Any CPU
		Release|Mixed Platforms = Release|Mixed Platforms
	EndGlobalSection
	GlobalSection(ProjectConfigurationPlatforms) = postSolution
		{839602F5-8077-497D-9CCB-C9F02741CA55}.Debug|.NET.ActiveCfg = Debug|Any CPU
		{839602F5-8077-497D-9CCB-C9F02741CA55}.Debug|Any CPU.ActiveCfg = Debug|Any CPU
		{839602F5-8077-497D-9CCB-C9F02741CA55}.Debug|Any CPU.Build.0 = Debug|Any CPU
		{839602F5-8077-497D-9CCB-C9F02741CA55}.Debug|Mixed Platforms.ActiveCfg = Debug|Any CPU
		{839602F5-8077-497D-9CCB-C9F02741CA55}.Debug|Mixed Platforms.Build.0 = Debug|Any CPU
		{839602F5-8077-497D-9CCB-C9F02741CA55}.Release|.NET.ActiveCfg = Debug|Any CPU
		{839602F5-8077-497D-9CCB-C9F02741CA55}.Release|Any CPU.ActiveCfg = Debug|Any CPU
		{839602F5-8077-497D-9CCB-C9F02741CA55}.Release|Any CPU.Build.0 = Debug|Any CPU
		{839602F5-8077-497D-9CCB-C9F02741CA55}.Release|Mixed Platforms.ActiveCfg = Debug|Any CPU
		{839602F5-8077-497D-9CCB-C9F02741CA55}.Release|Mixed Platforms.Build.0 = Debug|Any CPU
		{5E3427D8-62FC-483F-A86B-B44A79A46BCC}.Debug|.NET.ActiveCfg = Debug|Any CPU
		{5E3427D8-62FC-483F-A86B-B44A79A46BCC}.Debug|Any CPU.ActiveCfg = Debug|Any CPU
		{5E3427D8-62FC-483F-A86B-B44A79A46BCC}.Debug|Any CPU.Build.0 = Debug|Any CPU
		{5E3427D8-62FC-483F-A86B-B44A79A46BCC}.Debug|Mixed Platforms.ActiveCfg = Debug|Any CPU
		{5E3427D8-62FC-483F-A86B-B44A79A46BCC}.Debug|Mixed Platforms.Build.0 = Debug|Any CPU
		{5E3427D8-62FC-483F-A86B-B44A79A46BCC}.Release|.NET.ActiveCfg = Release|Any CPU
		{5E3427D8-62FC-483F-A86B-B44A79A46BCC}.Release|Any CPU.ActiveCfg = Release|Any CPU
		{5E3427D8-62FC-483F-A86B-B44A79A46BCC}.Release|Any CPU.Build.0 = Release|Any CPU
		{5E3427D8-62FC-483F-A86B-B44A79A46BCC}.Release|Mixed Platforms.ActiveCfg = Release|Any CPU
		{5E3427D8-62FC-483F-A86B-B44A79A46BCC}.Release|Mixed Platforms.Build.0 = Release|Any CPU
		{BB9AFE5E-7785-43AC-86ED-CF0A073F006E}.Debug|.NET.ActiveCfg = Debug|Any CPU
		{BB9AFE5E-7785-43AC-86ED-CF0A073F006E}.Debug|Any CPU.ActiveCfg = Debug|Any CPU
		{BB9AFE5E-7785-43AC-86ED-CF0A073F006E}.Debug|Any CPU.Build.0 = Debug|Any CPU
		{BB9AFE5E-7785-43AC-86ED-CF0A073F006E}.Debug|Mixed Platforms.ActiveCfg = Debug|Any CPU
		{BB9AFE5E-7785-43AC-86ED-CF0A073F006E}.Debug|Mixed Platforms.Build.0 = Debug|Any CPU
		{BB9AFE5E-7785-43AC-86ED-CF0A073F006E}.Release|.NET.ActiveCfg = Release|Any CPU
		{BB9AFE5E-7785-43AC-86ED-CF0A073F006E}.Release|Any CPU.ActiveCfg = Release|Any CPU
		{BB9AFE5E-7785-43AC-86ED-CF0A073F006E}.Release|Any CPU.Build.0 = Release|Any CPU
		{BB9AFE5E-7785-43AC-86ED-CF0A073F006E}.Release|Mixed Platforms.ActiveCfg = Release|Any CPU
		{BB9AFE5E-7785-43AC-86ED-CF0A073F006E}.Release|Mixed Platforms.Build.0 = Release|Any CPU
		{78B285FE-27F3-44F4-84B1-7A589AB48EF3}.Debug|.NET.ActiveCfg = Debug|Any CPU
		{78B285FE-27F3-44F4-84B1-7A589AB48EF3}.Debug|Any CPU.ActiveCfg = Debug|Any CPU
		{78B285FE-27F3-44F4-84B1-7A589AB48EF3}.Debug|Any CPU.Build.0 = Debug|Any CPU
		{78B285FE-27F3-44F4-84B1-7A589AB48EF3}.Debug|Mixed Platforms.ActiveCfg = Debug|Any CPU
		{78B285FE-27F3-44F4-84B1-7A589AB48EF3}.Debug|Mixed Platforms.Build.0 = Debug|Any CPU
		{78B285FE-27F3-44F4-84B1-7A589AB48EF3}.Release|.NET.ActiveCfg = Release|Any CPU
		{78B285FE-27F3-44F4-84B1-7A589AB48EF3}.Release|Any CPU.ActiveCfg = Release|Any CPU
		{78B285FE-27F3-44F4-84B1-7A589AB48EF3}.Release|Any CPU.Build.0 = Release|Any CPU
		{78B285FE-27F3-44F4-84B1-7A589AB48EF3}.Release|Mixed Platforms.ActiveCfg = Release|Any CPU
		{78B285FE-27F3-44F4-84B1-7A589AB48EF3}.Release|Mixed Platforms.Build.0 = Release|Any CPU
		{B0A6F98E-5363-4575-BB6B-A84E91895468}.Debug|.NET.ActiveCfg = Debug|Any CPU
		{B0A6F98E-5363-4575-BB6B-A84E91895468}.Debug|Any CPU.ActiveCfg = Debug|Any CPU
		{B0A6F98E-5363-4575-BB6B-A84E91895468}.Debug|Any CPU.Build.0 = Debug|Any CPU
		{B0A6F98E-5363-4575-BB6B-A84E91895468}.Debug|Mixed Platforms.ActiveCfg = Debug|Any CPU
		{B0A6F98E-5363-4575-BB6B-A84E91895468}.Debug|Mixed Platforms.Build.0 = Debug|Any CPU
		{B0A6F98E-5363-4575-BB6B-A84E91895468}.Release|.NET.ActiveCfg = Release|Any CPU
		{B0A6F98E-5363-4575-BB6B-A84E91895468}.Release|Any CPU.ActiveCfg = Release|Any CPU
		{B0A6F98E-5363-4575-BB6B-A84E91895468}.Release|Any CPU.Build.0 = Release|Any CPU
		{B0A6F98E-5363-4575-BB6B-A84E91895468}.Release|Mixed Platforms.ActiveCfg = Release|Any CPU
		{B0A6F98E-5363-4575-BB6B-A84E91895468}.Release|Mixed Platforms.Build.0 = Release|Any CPU
		{0925F8C7-B2AB-4DD7-AF6D-10DD028C5910}.Debug|.NET.ActiveCfg = Debug|Any CPU
		{0925F8C7-B2AB-4DD7-AF6D-10DD028C5910}.Debug|Any CPU.ActiveCfg = Debug|Any CPU
		{0925F8C7-B2AB-4DD7-AF6D-10DD028C5910}.Debug|Any CPU.Build.0 = Debug|Any CPU
		{0925F8C7-B2AB-4DD7-AF6D-10DD028C5910}.Debug|Mixed Platforms.ActiveCfg = Debug|Any CPU
		{0925F8C7-B2AB-4DD7-AF6D-10DD028C5910}.Debug|Mixed Platforms.Build.0 = Debug|Any CPU
		{0925F8C7-B2AB-4DD7-AF6D-10DD028C5910}.Release|.NET.ActiveCfg = Release|Any CPU
		{0925F8C7-B2AB-4DD7-AF6D-10DD028C5910}.Release|Any CPU.ActiveCfg = Release|Any CPU
		{0925F8C7-B2AB-4DD7-AF6D-10DD028C5910}.Release|Any CPU.Build.0 = Release|Any CPU
		{0925F8C7-B2AB-4DD7-AF6D-10DD028C5910}.Release|Mixed Platforms.ActiveCfg = Release|Any CPU
		{0925F8C7-B2AB-4DD7-AF6D-10DD028C5910}.Release|Mixed Platforms.Build.0 = Release|Any CPU
		{A0FEC2A6-6B6A-40B5-959C-97195C4CBF87}.Debug|.NET.ActiveCfg = Debug|Any CPU
		{A0FEC2A6-6B6A-40B5-959C-97195C4CBF87}.Debug|.NET.Build.0 = Debug|Any CPU
		{A0FEC2A6-6B6A-40B5-959C-97195C4CBF87}.Debug|Any CPU.ActiveCfg = Debug|Any CPU
		{A0FEC2A6-6B6A-40B5-959C-97195C4CBF87}.Debug|Any CPU.Build.0 = Debug|Any CPU
		{A0FEC2A6-6B6A-40B5-959C-97195C4CBF87}.Debug|Mixed Platforms.ActiveCfg = Debug|Any CPU
		{A0FEC2A6-6B6A-40B5-959C-97195C4CBF87}.Debug|Mixed Platforms.Build.0 = Debug|Any CPU
		{A0FEC2A6-6B6A-40B5-959C-97195C4CBF87}.Release|.NET.ActiveCfg = Release|Any CPU
		{A0FEC2A6-6B6A-40B5-959C-97195C4CBF87}.Release|.NET.Build.0 = Release|Any CPU
		{A0FEC2A6-6B6A-40B5-959C-97195C4CBF87}.Release|Any CPU.ActiveCfg = Release|Any CPU
		{A0FEC2A6-6B6A-40B5-959C-97195C4CBF87}.Release|Any CPU.Build.0 = Release|Any CPU
		{A0FEC2A6-6B6A-40B5-959C-97195C4CBF87}.Release|Mixed Platforms.ActiveCfg = Release|Any CPU
		{A0FEC2A6-6B6A-40B5-959C-97195C4CBF87}.Release|Mixed Platforms.Build.0 = Release|Any CPU
		{1B1FACC5-ECBA-4569-8D68-49E5AEC5B2E3}.Debug|.NET.ActiveCfg = Debug|Any CPU
		{1B1FACC5-ECBA-4569-8D68-49E5AEC5B2E3}.Debug|.NET.Build.0 = Debug|Any CPU
		{1B1FACC5-ECBA-4569-8D68-49E5AEC5B2E3}.Debug|Any CPU.ActiveCfg = Debug|Any CPU
		{1B1FACC5-ECBA-4569-8D68-49E5AEC5B2E3}.Debug|Any CPU.Build.0 = Debug|Any CPU
		{1B1FACC5-ECBA-4569-8D68-49E5AEC5B2E3}.Debug|Mixed Platforms.ActiveCfg = Debug|Any CPU
		{1B1FACC5-ECBA-4569-8D68-49E5AEC5B2E3}.Debug|Mixed Platforms.Build.0 = Debug|Any CPU
		{1B1FACC5-ECBA-4569-8D68-49E5AEC5B2E3}.Release|.NET.ActiveCfg = Release|Any CPU
		{1B1FACC5-ECBA-4569-8D68-49E5AEC5B2E3}.Release|.NET.Build.0 = Release|Any CPU
		{1B1FACC5-ECBA-4569-8D68-49E5AEC5B2E3}.Release|Any CPU.ActiveCfg = Release|Any CPU
		{1B1FACC5-ECBA-4569-8D68-49E5AEC5B2E3}.Release|Any CPU.Build.0 = Release|Any CPU
		{1B1FACC5-ECBA-4569-8D68-49E5AEC5B2E3}.Release|Mixed Platforms.ActiveCfg = Release|Any CPU
		{1B1FACC5-ECBA-4569-8D68-49E5AEC5B2E3}.Release|Mixed Platforms.Build.0 = Release|Any CPU
		{9539D4A2-2EB5-4425-9E2E-5D01C6099A55}.Debug|.NET.ActiveCfg = Debug|Any CPU
		{9539D4A2-2EB5-4425-9E2E-5D01C6099A55}.Debug|.NET.Build.0 = Debug|Any CPU
		{9539D4A2-2EB5-4425-9E2E-5D01C6099A55}.Debug|Any CPU.ActiveCfg = Debug|Any CPU
		{9539D4A2-2EB5-4425-9E2E-5D01C6099A55}.Debug|Any CPU.Build.0 = Debug|Any CPU
		{9539D4A2-2EB5-4425-9E2E-5D01C6099A55}.Debug|Mixed Platforms.ActiveCfg = Debug|Any CPU
		{9539D4A2-2EB5-4425-9E2E-5D01C6099A55}.Debug|Mixed Platforms.Build.0 = Debug|Any CPU
		{9539D4A2-2EB5-4425-9E2E-5D01C6099A55}.Release|.NET.ActiveCfg = Release|Any CPU
		{9539D4A2-2EB5-4425-9E2E-5D01C6099A55}.Release|.NET.Build.0 = Release|Any CPU
		{9539D4A2-2EB5-4425-9E2E-5D01C6099A55}.Release|Any CPU.ActiveCfg = Release|Any CPU
		{9539D4A2-2EB5-4425-9E2E-5D01C6099A55}.Release|Any CPU.Build.0 = Release|Any CPU
		{9539D4A2-2EB5-4425-9E2E-5D01C6099A55}.Release|Mixed Platforms.ActiveCfg = Release|Any CPU
		{9539D4A2-2EB5-4425-9E2E-5D01C6099A55}.Release|Mixed Platforms.Build.0 = Release|Any CPU
		{57379674-B969-4D3A-BFF7-D9520C4D37C9}.Debug|.NET.ActiveCfg = Debug|Any CPU
		{57379674-B969-4D3A-BFF7-D9520C4D37C9}.Debug|.NET.Build.0 = Debug|Any CPU
		{57379674-B969-4D3A-BFF7-D9520C4D37C9}.Debug|Any CPU.ActiveCfg = Debug|Any CPU
		{57379674-B969-4D3A-BFF7-D9520C4D37C9}.Debug|Any CPU.Build.0 = Debug|Any CPU
		{57379674-B969-4D3A-BFF7-D9520C4D37C9}.Debug|Mixed Platforms.ActiveCfg = Debug|Any CPU
		{57379674-B969-4D3A-BFF7-D9520C4D37C9}.Debug|Mixed Platforms.Build.0 = Debug|Any CPU
		{57379674-B969-4D3A-BFF7-D9520C4D37C9}.Release|.NET.ActiveCfg = Release|Any CPU
		{57379674-B969-4D3A-BFF7-D9520C4D37C9}.Release|.NET.Build.0 = Release|Any CPU
		{57379674-B969-4D3A-BFF7-D9520C4D37C9}.Release|Any CPU.ActiveCfg = Release|Any CPU
		{57379674-B969-4D3A-BFF7-D9520C4D37C9}.Release|Any CPU.Build.0 = Release|Any CPU
		{57379674-B969-4D3A-BFF7-D9520C4D37C9}.Release|Mixed Platforms.ActiveCfg = Release|Any CPU
		{57379674-B969-4D3A-BFF7-D9520C4D37C9}.Release|Mixed Platforms.Build.0 = Release|Any CPU
	EndGlobalSection
	GlobalSection(SolutionProperties) = preSolution
		HideSolutionNode = FALSE
	EndGlobalSection
	GlobalSection(ExtensibilityGlobals) = postSolution
		SolutionGuid = {59B5AD7C-24F8-4048-9E93-1B5D061970E0}
	EndGlobalSection
EndGlobal
