Microsoft Visual Studio Solution File, Format Version 9.00
# Visual Studio 2005
Project("{FAE04EC0-301F-11D3-BF4B-00C04F79EFBC}") = "Spring.Http.2005", "..\..\..\src\Spring\Spring.Http\Spring.Http.2005.csproj", "{EE04EC0F-4B1F-1D13-B30F-00FAC04F79BC}"
EndProject
Project("{FAE04EC0-301F-11D3-BF4B-00C04F79EFBC}") = "Spring.Http.Tests.2005", "..\..\..\test\Spring\Spring.Http.Tests\Spring.Http.Tests.2005.csproj", "{9437475B-3897-A399-46BF-45F04CEE1821}"
EndProject
Project("{FAE04EC0-301F-11D3-BF4B-00C04F79EFBC}") = "Spring.RestQuickStart.2005", "src\Spring.RestQuickStart\Spring.RestQuickStart.2005.csproj", "{5B47D309-31C9-4282-86E2-11FC63DFF55B}"
EndProject
Global
	GlobalSection(SolutionConfigurationPlatforms) = preSolution
		Debug|Any CPU = Debug|Any CPU
		Release|Any CPU = Release|Any CPU
	EndGlobalSection
	GlobalSection(ProjectConfigurationPlatforms) = postSolution
		{EE04EC0F-4B1F-1D13-B30F-00FAC04F79BC}.Debug|Any CPU.ActiveCfg = Debug|Any CPU
		{EE04EC0F-4B1F-1D13-B30F-00FAC04F79BC}.Debug|Any CPU.Build.0 = Debug|Any CPU
		{EE04EC0F-4B1F-1D13-B30F-00FAC04F79BC}.Release|Any CPU.ActiveCfg = Release|Any CPU
		{EE04EC0F-4B1F-1D13-B30F-00FAC04F79BC}.Release|Any CPU.Build.0 = Release|Any CPU
		{9437475B-3897-A399-46BF-45F04CEE1821}.Debug|Any CPU.ActiveCfg = Debug|Any CPU
		{9437475B-3897-A399-46BF-45F04CEE1821}.Debug|Any CPU.Build.0 = Debug|Any CPU
		{9437475B-3897-A399-46BF-45F04CEE1821}.Release|Any CPU.ActiveCfg = Release|Any CPU
		{9437475B-3897-A399-46BF-45F04CEE1821}.Release|Any CPU.Build.0 = Release|Any CPU
		{5B47D309-31C9-4282-86E2-11FC63DFF55B}.Debug|Any CPU.ActiveCfg = Debug|Any CPU
		{5B47D309-31C9-4282-86E2-11FC63DFF55B}.Debug|Any CPU.Build.0 = Debug|Any CPU
		{5B47D309-31C9-4282-86E2-11FC63DFF55B}.Release|Any CPU.ActiveCfg = Release|Any CPU
		{5B47D309-31C9-4282-86E2-11FC63DFF55B}.Release|Any CPU.Build.0 = Release|Any CPU
	EndGlobalSection
	GlobalSection(SolutionProperties) = preSolution
		HideSolutionNode = FALSE
	EndGlobalSection
	GlobalSection(ExtensibilityGlobals) = postSolution
		NAntAddinLastFileName = Spring.build
	EndGlobalSection
EndGlobal
