
Microsoft Visual Studio Solution File, Format Version 11.00
# Visual Studio 2010
Project("{FAE04EC0-301F-11D3-BF4B-00C04F79EFBC}") = "Spring.NmsQuickStart.Integration.Tests.2010", "test\Spring\Spring.NmsQuickStart.Integration.Tests\Spring.NmsQuickStart.Integration.Tests.csproj", "{E641F51F-1B51-4B94-B419-F902EABCE4D4}"
EndProject
Project("{FAE04EC0-301F-11D3-BF4B-00C04F79EFBC}") = "Spring.NmsQuickStart.Tests.2010", "test\Spring\Spring.NmsQuickStart.Tests\Spring.NmsQuickStart.Tests.csproj", "{94E4E1B4-D424-4EB9-BF34-2EE8CC3D7048}"
EndProject
Project("{FAE04EC0-301F-11D3-BF4B-00C04F79EFBC}") = "Spring.NmsQuickStart.Common.2010", "src\Spring\Spring.NmsQuickStart.Common\Spring.NmsQuickStart.Common.csproj", "{AC5A3035-75DD-48E5-ABCA-38FBC8193F22}"
EndProject
Project("{FAE04EC0-301F-11D3-BF4B-00C04F79EFBC}") = "Spring.NmsQuickStart.Server.2010", "src\Spring\Spring.NmsQuickStart.Server\Spring.NmsQuickStart.Server.csproj", "{85E7B947-8153-45E4-B572-BEDB191F1FB2}"
EndProject
Project("{FAE04EC0-301F-11D3-BF4B-00C04F79EFBC}") = "Spring.NmsQuickStart.Client.2010", "src\Spring\Spring.NmsQuickStart.Client\Spring.NmsQuickStart.Client.csproj", "{87D0B725-A652-4A6B-A95F-197F7155769F}"
EndProject
Global
	GlobalSection(SolutionConfigurationPlatforms) = preSolution
		Debug|Any CPU = Debug|Any CPU
		Release|Any CPU = Release|Any CPU
	EndGlobalSection
	GlobalSection(ProjectConfigurationPlatforms) = postSolution
		{E641F51F-1B51-4B94-B419-F902EABCE4D4}.Debug|Any CPU.ActiveCfg = Debug|Any CPU
		{E641F51F-1B51-4B94-B419-F902EABCE4D4}.Debug|Any CPU.Build.0 = Debug|Any CPU
		{E641F51F-1B51-4B94-B419-F902EABCE4D4}.Release|Any CPU.ActiveCfg = Release|Any CPU
		{E641F51F-1B51-4B94-B419-F902EABCE4D4}.Release|Any CPU.Build.0 = Release|Any CPU
		{94E4E1B4-D424-4EB9-BF34-2EE8CC3D7048}.Debug|Any CPU.ActiveCfg = Debug|Any CPU
		{94E4E1B4-D424-4EB9-BF34-2EE8CC3D7048}.Debug|Any CPU.Build.0 = Debug|Any CPU
		{94E4E1B4-D424-4EB9-BF34-2EE8CC3D7048}.Release|Any CPU.ActiveCfg = Release|Any CPU
		{94E4E1B4-D424-4EB9-BF34-2EE8CC3D7048}.Release|Any CPU.Build.0 = Release|Any CPU
		{AC5A3035-75DD-48E5-ABCA-38FBC8193F22}.Debug|Any CPU.ActiveCfg = Debug|Any CPU
		{AC5A3035-75DD-48E5-ABCA-38FBC8193F22}.Debug|Any CPU.Build.0 = Debug|Any CPU
		{AC5A3035-75DD-48E5-ABCA-38FBC8193F22}.Release|Any CPU.ActiveCfg = Release|Any CPU
		{AC5A3035-75DD-48E5-ABCA-38FBC8193F22}.Release|Any CPU.Build.0 = Release|Any CPU
		{85E7B947-8153-45E4-B572-BEDB191F1FB2}.Debug|Any CPU.ActiveCfg = Debug|Any CPU
		{85E7B947-8153-45E4-B572-BEDB191F1FB2}.Debug|Any CPU.Build.0 = Debug|Any CPU
		{85E7B947-8153-45E4-B572-BEDB191F1FB2}.Release|Any CPU.ActiveCfg = Release|Any CPU
		{85E7B947-8153-45E4-B572-BEDB191F1FB2}.Release|Any CPU.Build.0 = Release|Any CPU
		{87D0B725-A652-4A6B-A95F-197F7155769F}.Debug|Any CPU.ActiveCfg = Debug|Any CPU
		{87D0B725-A652-4A6B-A95F-197F7155769F}.Debug|Any CPU.Build.0 = Debug|Any CPU
		{87D0B725-A652-4A6B-A95F-197F7155769F}.Release|Any CPU.ActiveCfg = Release|Any CPU
		{87D0B725-A652-4A6B-A95F-197F7155769F}.Release|Any CPU.Build.0 = Release|Any CPU
	EndGlobalSection
	GlobalSection(SolutionProperties) = preSolution
		HideSolutionNode = FALSE
	EndGlobalSection
EndGlobal
